// !$*UTF8*$!
{
	archiveVersion = 1;
	classes = {
	};
	objectVersion = 55;
	objects = {

/* Begin PBXBuildFile section */
		100556F727C948200094582D /* ShiftFilterButton.swift in Sources */ = {isa = PBXBuildFile; fileRef = 100556F627C948200094582D /* ShiftFilterButton.swift */; };
		100556F927C948E90094582D /* ShiftDisplayMode.swift in Sources */ = {isa = PBXBuildFile; fileRef = 100556F827C948E90094582D /* ShiftDisplayMode.swift */; };
		100556FB27C9888D0094582D /* ShiftStatsView.swift in Sources */ = {isa = PBXBuildFile; fileRef = 100556FA27C9888D0094582D /* ShiftStatsView.swift */; };
		100556FE27C98B3D0094582D /* StatsCard.swift in Sources */ = {isa = PBXBuildFile; fileRef = 100556FD27C98B3D0094582D /* StatsCard.swift */; };
		100E93D627E2143A00901682 /* GoogleService-Info.plist in Resources */ = {isa = PBXBuildFile; fileRef = 101AEB8727E20EDA004F42F9 /* GoogleService-Info.plist */; };
		101141B2278477060088DF4C /* UserStatsModel.swift in Sources */ = {isa = PBXBuildFile; fileRef = 101141B1278477060088DF4C /* UserStatsModel.swift */; };
		10162F8827C7B2CA00ACFD4D /* SettingView+Appearance.swift in Sources */ = {isa = PBXBuildFile; fileRef = 10162F8727C7B2CA00ACFD4D /* SettingView+Appearance.swift */; };
		10162F8A27C7B34D00ACFD4D /* SettingView_Application.swift in Sources */ = {isa = PBXBuildFile; fileRef = 10162F8927C7B34D00ACFD4D /* SettingView_Application.swift */; };
		10162F8C27C7B3EC00ACFD4D /* SettingView_SplatNet2.swift in Sources */ = {isa = PBXBuildFile; fileRef = 10162F8B27C7B3EC00ACFD4D /* SettingView_SplatNet2.swift */; };
		10162F8E27C7B4A200ACFD4D /* SettingView+SalmonStats.swift in Sources */ = {isa = PBXBuildFile; fileRef = 10162F8D27C7B4A100ACFD4D /* SettingView+SalmonStats.swift */; };
		10162F9027C7BCEC00ACFD4D /* ProgressModel.swift in Sources */ = {isa = PBXBuildFile; fileRef = 10162F8F27C7BCEC00ACFD4D /* ProgressModel.swift */; };
		10196D4227D2120B009CD55E /* StatsWave.swift in Sources */ = {isa = PBXBuildFile; fileRef = 10196D4127D2120B009CD55E /* StatsWave.swift */; };
		10196D4427D30BAA009CD55E /* Triangle.swift in Sources */ = {isa = PBXBuildFile; fileRef = 10196D4327D30BA9009CD55E /* Triangle.swift */; };
		101AED11271E3109009556B2 /* Salmonia3App.swift in Sources */ = {isa = PBXBuildFile; fileRef = 101AED10271E3109009556B2 /* Salmonia3App.swift */; };
		101AED13271E3109009556B2 /* ContentView.swift in Sources */ = {isa = PBXBuildFile; fileRef = 101AED12271E3109009556B2 /* ContentView.swift */; };
		101AED15271E310B009556B2 /* Assets.xcassets in Resources */ = {isa = PBXBuildFile; fileRef = 101AED14271E310B009556B2 /* Assets.xcassets */; };
		101AED18271E310B009556B2 /* Preview Assets.xcassets in Resources */ = {isa = PBXBuildFile; fileRef = 101AED17271E310B009556B2 /* Preview Assets.xcassets */; };
		101AED22271E310B009556B2 /* Salmonia3Tests.swift in Sources */ = {isa = PBXBuildFile; fileRef = 101AED21271E310B009556B2 /* Salmonia3Tests.swift */; };
		101AED2C271E310B009556B2 /* Salmonia3UITests.swift in Sources */ = {isa = PBXBuildFile; fileRef = 101AED2B271E310B009556B2 /* Salmonia3UITests.swift */; };
		101AED2E271E310B009556B2 /* Salmonia3UITestsLaunchTests.swift in Sources */ = {isa = PBXBuildFile; fileRef = 101AED2D271E310B009556B2 /* Salmonia3UITestsLaunchTests.swift */; };
		101AED3D271E3192009556B2 /* Wave.swift in Sources */ = {isa = PBXBuildFile; fileRef = 101AED3C271E3192009556B2 /* Wave.swift */; };
		101AED4B271E33EB009556B2 /* Splatfont1.ttf in Resources */ = {isa = PBXBuildFile; fileRef = 101AED48271E33EB009556B2 /* Splatfont1.ttf */; };
		101AED4C271E33EB009556B2 /* Splatfont2.ttf in Resources */ = {isa = PBXBuildFile; fileRef = 101AED49271E33EB009556B2 /* Splatfont2.ttf */; };
		101AED57271E367D009556B2 /* Color.swift in Sources */ = {isa = PBXBuildFile; fileRef = 101AED56271E367D009556B2 /* Color.swift */; };
		101AED5A271E3946009556B2 /* SettingView.swift in Sources */ = {isa = PBXBuildFile; fileRef = 101AED59271E3946009556B2 /* SettingView.swift */; };
		101AED61271E3F2B009556B2 /* Icon.swift in Sources */ = {isa = PBXBuildFile; fileRef = 101AED60271E3F2B009556B2 /* Icon.swift */; };
		1027057C27D48B5600326B32 /* WeaponCollectionView.swift in Sources */ = {isa = PBXBuildFile; fileRef = 1027057B27D48B5600326B32 /* WeaponCollectionView.swift */; };
		1027057E27D48E4200326B32 /* WeaponShiftStats.swift in Sources */ = {isa = PBXBuildFile; fileRef = 1027057D27D48E4200326B32 /* WeaponShiftStats.swift */; };
		1027058027D4A34E00326B32 /* StatsWeaponDetail.swift in Sources */ = {isa = PBXBuildFile; fileRef = 1027057F27D4A34E00326B32 /* StatsWeaponDetail.swift */; };
		1027058327D4ABF700326B32 /* WeaponOverview.swift in Sources */ = {isa = PBXBuildFile; fileRef = 1027058227D4ABF700326B32 /* WeaponOverview.swift */; };
		1027058527D6248700326B32 /* ShiftType.swift in Sources */ = {isa = PBXBuildFile; fileRef = 1027058427D6248700326B32 /* ShiftType.swift */; };
		102AD300277CE95A00C1E181 /* UserView.swift in Sources */ = {isa = PBXBuildFile; fileRef = 102AD2FF277CE95A00C1E181 /* UserView.swift */; };
		102C9DDF277DFA49004822C1 /* ResultDefeat.swift in Sources */ = {isa = PBXBuildFile; fileRef = 102C9DDE277DFA49004822C1 /* ResultDefeat.swift */; };
		102C9DE1277E002A004822C1 /* ResultStats.swift in Sources */ = {isa = PBXBuildFile; fileRef = 102C9DE0277E002A004822C1 /* ResultStats.swift */; };
		102C9DE3277E0D8E004822C1 /* HSContent.swift in Sources */ = {isa = PBXBuildFile; fileRef = 102C9DE2277E0D8E004822C1 /* HSContent.swift */; };
		103168672750E3D10009070C /* ShiftView.swift in Sources */ = {isa = PBXBuildFile; fileRef = 103168662750E3D10009070C /* ShiftView.swift */; };
		1032849027E7C6D7008964EB /* SalmonStats in Frameworks */ = {isa = PBXBuildFile; productRef = 1032848F27E7C6D7008964EB /* SalmonStats */; };
		1032849227E7C6DA008964EB /* SplatNet2 in Frameworks */ = {isa = PBXBuildFile; productRef = 1032849127E7C6DA008964EB /* SplatNet2 */; };
		1032849427E7C6DF008964EB /* GoogleMobileAds in Frameworks */ = {isa = PBXBuildFile; productRef = 1032849327E7C6DF008964EB /* GoogleMobileAds */; };
		1032849727E7C6FD008964EB /* StoreKit.framework in Frameworks */ = {isa = PBXBuildFile; fileRef = 101AEB8527E20E5B004F42F9 /* StoreKit.framework */; };
		1032849A27E7C78F008964EB /* SwiftyStoreKit in Frameworks */ = {isa = PBXBuildFile; productRef = 1032849927E7C78F008964EB /* SwiftyStoreKit */; };
		1032849D27E7C7C1008964EB /* FirebaseAnalytics in Frameworks */ = {isa = PBXBuildFile; productRef = 1032849C27E7C7C1008964EB /* FirebaseAnalytics */; };
		1032849F27E7C7C1008964EB /* FirebaseAuth in Frameworks */ = {isa = PBXBuildFile; productRef = 1032849E27E7C7C1008964EB /* FirebaseAuth */; };
		103284A127E7C7C1008964EB /* FirebaseAuthCombine-Community in Frameworks */ = {isa = PBXBuildFile; productRef = 103284A027E7C7C1008964EB /* FirebaseAuthCombine-Community */; };
		103284A327E7C7C1008964EB /* FirebaseFirestore in Frameworks */ = {isa = PBXBuildFile; productRef = 103284A227E7C7C1008964EB /* FirebaseFirestore */; };
		103284A527E7C7C1008964EB /* FirebaseFirestoreSwift-Beta in Frameworks */ = {isa = PBXBuildFile; productRef = 103284A427E7C7C1008964EB /* FirebaseFirestoreSwift-Beta */; };
		103284AB27E7C89C008964EB /* Surge in Frameworks */ = {isa = PBXBuildFile; productRef = 103284AA27E7C89C008964EB /* Surge */; };
		1033700627DF62600090C6E8 /* SalmonStats+New.swift in Sources */ = {isa = PBXBuildFile; fileRef = 1033700527DF62600090C6E8 /* SalmonStats+New.swift */; };
		1041BC07277DAB36008B27F1 /* ResultPlayer.swift in Sources */ = {isa = PBXBuildFile; fileRef = 1041BC06277DAB36008B27F1 /* ResultPlayer.swift */; };
		1041BC09277DAFFE008B27F1 /* ResultWave.swift in Sources */ = {isa = PBXBuildFile; fileRef = 1041BC08277DAFFE008B27F1 /* ResultWave.swift */; };
		1041BC0B277DB9C0008B27F1 /* ResultEgg.swift in Sources */ = {isa = PBXBuildFile; fileRef = 1041BC0A277DB9C0008B27F1 /* ResultEgg.swift */; };
		1041BC0D277DBCD5008B27F1 /* ResultStatus.swift in Sources */ = {isa = PBXBuildFile; fileRef = 1041BC0C277DBCD5008B27F1 /* ResultStatus.swift */; };
		1041BC0F277DC695008B27F1 /* ResultWeapon.swift in Sources */ = {isa = PBXBuildFile; fileRef = 1041BC0E277DC695008B27F1 /* ResultWeapon.swift */; };
		104BCEC327D117C400507A50 /* RankingCollection.swift in Sources */ = {isa = PBXBuildFile; fileRef = 104BCEC227D117C400507A50 /* RankingCollection.swift */; };
		104BCEC527D117DC00507A50 /* RankingView.swift in Sources */ = {isa = PBXBuildFile; fileRef = 104BCEC427D117DC00507A50 /* RankingView.swift */; };
		105E868627E4B3BB0015A4F2 /* FSCoopResult.swift in Sources */ = {isa = PBXBuildFile; fileRef = 105E868527E4B3BB0015A4F2 /* FSCoopResult.swift */; };
		105E868827E4B42D0015A4F2 /* FSCoopPlayer.swift in Sources */ = {isa = PBXBuildFile; fileRef = 105E868727E4B42D0015A4F2 /* FSCoopPlayer.swift */; };
		105E868A27E4B4920015A4F2 /* FSCoopWave.swift in Sources */ = {isa = PBXBuildFile; fileRef = 105E868927E4B4920015A4F2 /* FSCoopWave.swift */; };
		10635094274E2B1F00529930 /* RealmCoopShift.swift in Sources */ = {isa = PBXBuildFile; fileRef = 10635093274E2B1F00529930 /* RealmCoopShift.swift */; };
		10635096274E2E4D00529930 /* ShiftCollectionView.swift in Sources */ = {isa = PBXBuildFile; fileRef = 10635095274E2E4D00529930 /* ShiftCollectionView.swift */; };
		106B7F8F27D3231900E6B528 /* RankId.swift in Sources */ = {isa = PBXBuildFile; fileRef = 106B7F8E27D3231800E6B528 /* RankId.swift */; };
		107B687727B6CE9D00238B9D /* AppService+SplatNet2SessionDelegate.swift in Sources */ = {isa = PBXBuildFile; fileRef = 107B687627B6CE9D00238B9D /* AppService+SplatNet2SessionDelegate.swift */; };
		107B687927B6FAD900238B9D /* CircleProgressView.swift in Sources */ = {isa = PBXBuildFile; fileRef = 107B687827B6FAD900238B9D /* CircleProgressView.swift */; };
		107B687B27B7362000238B9D /* AppService+Network.swift in Sources */ = {isa = PBXBuildFile; fileRef = 107B687A27B7362000238B9D /* AppService+Network.swift */; };
		10805B2A27E7CB92001A8B68 /* RealmSwift in Frameworks */ = {isa = PBXBuildFile; productRef = 10805B2927E7CB92001A8B68 /* RealmSwift */; };
		10805B2E27E7CBE7001A8B68 /* SwiftyUI in Frameworks */ = {isa = PBXBuildFile; productRef = 10805B2D27E7CBE7001A8B68 /* SwiftyUI */; };
		10805B3027E7CD77001A8B68 /* SwiftyChart in Frameworks */ = {isa = PBXBuildFile; productRef = 10805B2F27E7CD77001A8B68 /* SwiftyChart */; };
		1082F77B27D072A000044581 /* ResultShiftView.swift in Sources */ = {isa = PBXBuildFile; fileRef = 1082F77A27D072A000044581 /* ResultShiftView.swift */; };
		109A255127D44EC700674AA5 /* RankShiftStats.swift in Sources */ = {isa = PBXBuildFile; fileRef = 109A255027D44EC700674AA5 /* RankShiftStats.swift */; };
		109B545B27CB8F8300FACC1A /* WaveCollectionView.swift in Sources */ = {isa = PBXBuildFile; fileRef = 109B545A27CB8F8300FACC1A /* WaveCollectionView.swift */; };
		109B545D27CB90DB00FACC1A /* WaveView.swift in Sources */ = {isa = PBXBuildFile; fileRef = 109B545C27CB90DB00FACC1A /* WaveView.swift */; };
		109B545F27CD60E800FACC1A /* SettingView+Support.swift in Sources */ = {isa = PBXBuildFile; fileRef = 109B545E27CD60E800FACC1A /* SettingView+Support.swift */; };
		109B546127CD64B000FACC1A /* SupportView.swift in Sources */ = {isa = PBXBuildFile; fileRef = 109B546027CD64B000FACC1A /* SupportView.swift */; };
		109B546327CD688600FACC1A /* Configuration.storekit in Resources */ = {isa = PBXBuildFile; fileRef = 109B546227CD688100FACC1A /* Configuration.storekit */; };
		109B546827CD6C2300FACC1A /* AppService+StoreKit.swift in Sources */ = {isa = PBXBuildFile; fileRef = 109B546727CD6C2300FACC1A /* AppService+StoreKit.swift */; };
		109B546A27CD705200FACC1A /* SettingView+Debug.swift in Sources */ = {isa = PBXBuildFile; fileRef = 109B546927CD705100FACC1A /* SettingView+Debug.swift */; };
		109B546C27CDC04400FACC1A /* StatsWeapon.swift in Sources */ = {isa = PBXBuildFile; fileRef = 109B546B27CDC04400FACC1A /* StatsWeapon.swift */; };
		109F97E6272490C600AB1FA3 /* LoggingThread.swift in Sources */ = {isa = PBXBuildFile; fileRef = 109F97E5272490C600AB1FA3 /* LoggingThread.swift */; };
		109F97E8272490CE00AB1FA3 /* LoadingView.swift in Sources */ = {isa = PBXBuildFile; fileRef = 109F97E7272490CE00AB1FA3 /* LoadingView.swift */; };
		109F97EB272491E600AB1FA3 /* ResultCollectionView.swift in Sources */ = {isa = PBXBuildFile; fileRef = 109F97EA272491E500AB1FA3 /* ResultCollectionView.swift */; };
		109F97F02724A11900AB1FA3 /* GrowingButtonStyle.swift in Sources */ = {isa = PBXBuildFile; fileRef = 109F97EF2724A11900AB1FA3 /* GrowingButtonStyle.swift */; };
		109F97F62724AD7800AB1FA3 /* ResultView.swift in Sources */ = {isa = PBXBuildFile; fileRef = 109F97F52724AD7800AB1FA3 /* ResultView.swift */; };
		109F97F82724ADB600AB1FA3 /* ResultOverview.swift in Sources */ = {isa = PBXBuildFile; fileRef = 109F97F72724ADB600AB1FA3 /* ResultOverview.swift */; };
		109F97FA2724CF0C00AB1FA3 /* ResultType.swift in Sources */ = {isa = PBXBuildFile; fileRef = 109F97F92724CF0C00AB1FA3 /* ResultType.swift */; };
		109F97FC2724D44100AB1FA3 /* Text.swift in Sources */ = {isa = PBXBuildFile; fileRef = 109F97FB2724D44100AB1FA3 /* Text.swift */; };
		109F98052724EC9400AB1FA3 /* Rainbow.swift in Sources */ = {isa = PBXBuildFile; fileRef = 109F98042724EC9400AB1FA3 /* Rainbow.swift */; };
		10AAE04627CA764200E8E3D4 /* StatsCardHalf.swift in Sources */ = {isa = PBXBuildFile; fileRef = 10AAE04527CA764200E8E3D4 /* StatsCardHalf.swift */; };
		10AAE04A27CAC35600E8E3D4 /* StatsSpecial.swift in Sources */ = {isa = PBXBuildFile; fileRef = 10AAE04927CAC35600E8E3D4 /* StatsSpecial.swift */; };
		10AE389E27C99D170084D8E6 /* UserShiftStats.swift in Sources */ = {isa = PBXBuildFile; fileRef = 10AE389D27C99D170084D8E6 /* UserShiftStats.swift */; };
		10BA13F327201AF300348DD3 /* RealmCoopResult.swift in Sources */ = {isa = PBXBuildFile; fileRef = 10BA13F227201AF300348DD3 /* RealmCoopResult.swift */; };
		10BA13F527201B1400348DD3 /* RealmCoopWave.swift in Sources */ = {isa = PBXBuildFile; fileRef = 10BA13F427201B1400348DD3 /* RealmCoopWave.swift */; };
		10BA13F727201B4700348DD3 /* RealmCoopPlayer.swift in Sources */ = {isa = PBXBuildFile; fileRef = 10BA13F627201B4700348DD3 /* RealmCoopPlayer.swift */; };
		10C000DC274CE3F400870DED /* Image.swift in Sources */ = {isa = PBXBuildFile; fileRef = 10C000DB274CE3F400870DED /* Image.swift */; };
		10C7C46C277ED8330015ECBB /* Localized.swift in Sources */ = {isa = PBXBuildFile; fileRef = 10C7C46B277ED8330015ECBB /* Localized.swift */; };
		10C7C46E277F00260015ECBB /* AppService+Realm.swift in Sources */ = {isa = PBXBuildFile; fileRef = 10C7C46D277F00260015ECBB /* AppService+Realm.swift */; };
		10C7D68E27CF6CDA002C1F37 /* Firecode.swift in Sources */ = {isa = PBXBuildFile; fileRef = 10C7D68D27CF6CDA002C1F37 /* Firecode.swift */; };
		10C7D69227CF6EDE002C1F37 /* AppService+Firestore.swift in Sources */ = {isa = PBXBuildFile; fileRef = 10C7D69127CF6EDE002C1F37 /* AppService+Firestore.swift */; };
		10C7D69427CF8DCD002C1F37 /* SettingView+Firebase.swift in Sources */ = {isa = PBXBuildFile; fileRef = 10C7D69327CF8DCD002C1F37 /* SettingView+Firebase.swift */; };
		10C7D69727CF92E1002C1F37 /* StatsType.swift in Sources */ = {isa = PBXBuildFile; fileRef = 10C7D69627CF92E1002C1F37 /* StatsType.swift */; };
		10C7D69927CF92FC002C1F37 /* Comparison.swift in Sources */ = {isa = PBXBuildFile; fileRef = 10C7D69827CF92FC002C1F37 /* Comparison.swift */; };
		10C7D69B27CF93E0002C1F37 /* Defeated.swift in Sources */ = {isa = PBXBuildFile; fileRef = 10C7D69A27CF93E0002C1F37 /* Defeated.swift */; };
		10C7D69D27CF9400002C1F37 /* Overview.swift in Sources */ = {isa = PBXBuildFile; fileRef = 10C7D69C27CF93FF002C1F37 /* Overview.swift */; };
		10C7D69F27CF941D002C1F37 /* WeaponProb.swift in Sources */ = {isa = PBXBuildFile; fileRef = 10C7D69E27CF941D002C1F37 /* WeaponProb.swift */; };
		10C7D6A127CF9431002C1F37 /* SpecialProb.swift in Sources */ = {isa = PBXBuildFile; fileRef = 10C7D6A027CF9431002C1F37 /* SpecialProb.swift */; };
		10C7D6A327CF96C0002C1F37 /* UserShiftStats+Firebase.swift in Sources */ = {isa = PBXBuildFile; fileRef = 10C7D6A227CF96C0002C1F37 /* UserShiftStats+Firebase.swift */; };
		10E0C8A827CA6908002F4506 /* StatsCardSmall.swift in Sources */ = {isa = PBXBuildFile; fileRef = 10E0C8A727CA6908002F4506 /* StatsCardSmall.swift */; };
		10E74E8027B6B8B700D0E962 /* SignInView.swift in Sources */ = {isa = PBXBuildFile; fileRef = 10E74E7F27B6B8B700D0E962 /* SignInView.swift */; };
		10E74E8227B6C42E00D0E962 /* AccountView.swift in Sources */ = {isa = PBXBuildFile; fileRef = 10E74E8127B6C42E00D0E962 /* AccountView.swift */; };
		10F38E87277E1E9900CD945F /* InfoPlist.strings in Resources */ = {isa = PBXBuildFile; fileRef = 10F38E89277E1E9900CD945F /* InfoPlist.strings */; };
		10FDD4AF271EE36C00C9C178 /* AppService.swift in Sources */ = {isa = PBXBuildFile; fileRef = 10FDD4AE271EE36C00C9C178 /* AppService.swift */; };
/* End PBXBuildFile section */

/* Begin PBXContainerItemProxy section */
		101AED1E271E310B009556B2 /* PBXContainerItemProxy */ = {
			isa = PBXContainerItemProxy;
			containerPortal = 101AED05271E3109009556B2 /* Project object */;
			proxyType = 1;
			remoteGlobalIDString = 101AED0C271E3109009556B2;
			remoteInfo = Salmonia3;
		};
		101AED28271E310B009556B2 /* PBXContainerItemProxy */ = {
			isa = PBXContainerItemProxy;
			containerPortal = 101AED05271E3109009556B2 /* Project object */;
			proxyType = 1;
			remoteGlobalIDString = 101AED0C271E3109009556B2;
			remoteInfo = Salmonia3;
		};
/* End PBXContainerItemProxy section */

/* Begin PBXFileReference section */
		100556BF27C91AEC0094582D /* Flexibility.swift */ = {isa = PBXFileReference; fileEncoding = 4; lastKnownFileType = sourcecode.swift; name = Flexibility.swift; path = ../../../../../Downloads/Param/WeaponBullet/swift/Flexibility.swift; sourceTree = "<group>"; };
		100556C027C91AEC0094582D /* Goldieseeking.swift */ = {isa = PBXFileReference; fileEncoding = 4; lastKnownFileType = sourcecode.swift; name = Goldieseeking.swift; path = ../../../../../Downloads/Param/WeaponBullet/swift/Goldieseeking.swift; sourceTree = "<group>"; };
		100556C127C91AEC0094582D /* Chargeable.swift */ = {isa = PBXFileReference; fileEncoding = 4; lastKnownFileType = sourcecode.swift; name = Chargeable.swift; path = ../../../../../Downloads/Param/WeaponBullet/swift/Chargeable.swift; sourceTree = "<group>"; };
		100556C227C91AEC0094582D /* PowerInWinning.swift */ = {isa = PBXFileReference; fileEncoding = 4; lastKnownFileType = sourcecode.swift; name = PowerInWinning.swift; path = ../../../../../Downloads/Param/WeaponBullet/swift/PowerInWinning.swift; sourceTree = "<group>"; };
		100556C327C91AEC0094582D /* Penetrable.swift */ = {isa = PBXFileReference; fileEncoding = 4; lastKnownFileType = sourcecode.swift; name = Penetrable.swift; path = ../../../../../Downloads/Param/WeaponBullet/swift/Penetrable.swift; sourceTree = "<group>"; };
		100556C427C91AEC0094582D /* Smalls.swift */ = {isa = PBXFileReference; fileEncoding = 4; lastKnownFileType = sourcecode.swift; name = Smalls.swift; path = ../../../../../Downloads/Param/WeaponBullet/swift/Smalls.swift; sourceTree = "<group>"; };
		100556C527C91AEC0094582D /* Mothership.swift */ = {isa = PBXFileReference; fileEncoding = 4; lastKnownFileType = sourcecode.swift; name = Mothership.swift; path = ../../../../../Downloads/Param/WeaponBullet/swift/Mothership.swift; sourceTree = "<group>"; };
		100556C827C91AEC0094582D /* Rush.swift */ = {isa = PBXFileReference; fileEncoding = 4; lastKnownFileType = sourcecode.swift; name = Rush.swift; path = ../../../../../Downloads/Param/WeaponBullet/swift/Rush.swift; sourceTree = "<group>"; };
		100556C927C91AED0094582D /* Steelheads.swift */ = {isa = PBXFileReference; fileEncoding = 4; lastKnownFileType = sourcecode.swift; name = Steelheads.swift; path = ../../../../../Downloads/Param/WeaponBullet/swift/Steelheads.swift; sourceTree = "<group>"; };
		100556CA27C91AED0094582D /* Drizzlers.swift */ = {isa = PBXFileReference; fileEncoding = 4; lastKnownFileType = sourcecode.swift; name = Drizzlers.swift; path = ../../../../../Downloads/Param/WeaponBullet/swift/Drizzlers.swift; sourceTree = "<group>"; };
		100556CB27C91AED0094582D /* Scrappers.swift */ = {isa = PBXFileReference; fileEncoding = 4; lastKnownFileType = sourcecode.swift; name = Scrappers.swift; path = ../../../../../Downloads/Param/WeaponBullet/swift/Scrappers.swift; sourceTree = "<group>"; };
		100556CC27C91AED0094582D /* PaintabilityFloor.swift */ = {isa = PBXFileReference; fileEncoding = 4; lastKnownFileType = sourcecode.swift; name = PaintabilityFloor.swift; path = ../../../../../Downloads/Param/WeaponBullet/swift/PaintabilityFloor.swift; sourceTree = "<group>"; };
		100556CD27C91AED0094582D /* Grillers.swift */ = {isa = PBXFileReference; fileEncoding = 4; lastKnownFileType = sourcecode.swift; name = Grillers.swift; path = ../../../../../Downloads/Param/WeaponBullet/swift/Grillers.swift; sourceTree = "<group>"; };
		100556CE27C91AED0094582D /* Fats.swift */ = {isa = PBXFileReference; fileEncoding = 4; lastKnownFileType = sourcecode.swift; name = Fats.swift; path = ../../../../../Downloads/Param/WeaponBullet/swift/Fats.swift; sourceTree = "<group>"; };
		100556CF27C91AED0094582D /* PaintabilityWall.swift */ = {isa = PBXFileReference; fileEncoding = 4; lastKnownFileType = sourcecode.swift; name = PaintabilityWall.swift; path = ../../../../../Downloads/Param/WeaponBullet/swift/PaintabilityWall.swift; sourceTree = "<group>"; };
		100556D027C91AED0094582D /* Handling.swift */ = {isa = PBXFileReference; fileEncoding = 4; lastKnownFileType = sourcecode.swift; name = Handling.swift; path = ../../../../../Downloads/Param/WeaponBullet/swift/Handling.swift; sourceTree = "<group>"; };
		100556D127C91AED0094582D /* Rank.swift */ = {isa = PBXFileReference; fileEncoding = 4; lastKnownFileType = sourcecode.swift; name = Rank.swift; path = ../../../../../Downloads/Param/WeaponBullet/swift/Rank.swift; sourceTree = "<group>"; };
		100556D227C91AED0094582D /* PowerInLosing.swift */ = {isa = PBXFileReference; fileEncoding = 4; lastKnownFileType = sourcecode.swift; name = PowerInLosing.swift; path = ../../../../../Downloads/Param/WeaponBullet/swift/PowerInLosing.swift; sourceTree = "<group>"; };
		100556D327C91AED0094582D /* Mobility.swift */ = {isa = PBXFileReference; fileEncoding = 4; lastKnownFileType = sourcecode.swift; name = Mobility.swift; path = ../../../../../Downloads/Param/WeaponBullet/swift/Mobility.swift; sourceTree = "<group>"; };
		100556D427C91AED0094582D /* Stability.swift */ = {isa = PBXFileReference; fileEncoding = 4; lastKnownFileType = sourcecode.swift; name = Stability.swift; path = ../../../../../Downloads/Param/WeaponBullet/swift/Stability.swift; sourceTree = "<group>"; };
		100556D527C91AED0094582D /* Range.swift */ = {isa = PBXFileReference; fileEncoding = 4; lastKnownFileType = sourcecode.swift; name = Range.swift; path = ../../../../../Downloads/Param/WeaponBullet/swift/Range.swift; sourceTree = "<group>"; };
		100556D727C91AED0094582D /* FirePower.swift */ = {isa = PBXFileReference; fileEncoding = 4; lastKnownFileType = sourcecode.swift; name = FirePower.swift; path = ../../../../../Downloads/Param/WeaponBullet/swift/FirePower.swift; sourceTree = "<group>"; };
		100556D827C91AED0094582D /* Stingers.swift */ = {isa = PBXFileReference; fileEncoding = 4; lastKnownFileType = sourcecode.swift; name = Stingers.swift; path = ../../../../../Downloads/Param/WeaponBullet/swift/Stingers.swift; sourceTree = "<group>"; };
		100556F627C948200094582D /* ShiftFilterButton.swift */ = {isa = PBXFileReference; lastKnownFileType = sourcecode.swift; path = ShiftFilterButton.swift; sourceTree = "<group>"; };
		100556F827C948E90094582D /* ShiftDisplayMode.swift */ = {isa = PBXFileReference; lastKnownFileType = sourcecode.swift; path = ShiftDisplayMode.swift; sourceTree = "<group>"; };
		100556FA27C9888D0094582D /* ShiftStatsView.swift */ = {isa = PBXFileReference; lastKnownFileType = sourcecode.swift; path = ShiftStatsView.swift; sourceTree = "<group>"; };
		100556FD27C98B3D0094582D /* StatsCard.swift */ = {isa = PBXFileReference; lastKnownFileType = sourcecode.swift; path = StatsCard.swift; sourceTree = "<group>"; };
		101141B1278477060088DF4C /* UserStatsModel.swift */ = {isa = PBXFileReference; lastKnownFileType = sourcecode.swift; path = UserStatsModel.swift; sourceTree = "<group>"; };
		10162F8727C7B2CA00ACFD4D /* SettingView+Appearance.swift */ = {isa = PBXFileReference; lastKnownFileType = sourcecode.swift; path = "SettingView+Appearance.swift"; sourceTree = "<group>"; };
		10162F8927C7B34D00ACFD4D /* SettingView_Application.swift */ = {isa = PBXFileReference; lastKnownFileType = sourcecode.swift; path = SettingView_Application.swift; sourceTree = "<group>"; };
		10162F8B27C7B3EC00ACFD4D /* SettingView_SplatNet2.swift */ = {isa = PBXFileReference; lastKnownFileType = sourcecode.swift; path = SettingView_SplatNet2.swift; sourceTree = "<group>"; };
		10162F8D27C7B4A100ACFD4D /* SettingView+SalmonStats.swift */ = {isa = PBXFileReference; lastKnownFileType = sourcecode.swift; path = "SettingView+SalmonStats.swift"; sourceTree = "<group>"; };
		10162F8F27C7BCEC00ACFD4D /* ProgressModel.swift */ = {isa = PBXFileReference; lastKnownFileType = sourcecode.swift; path = ProgressModel.swift; sourceTree = "<group>"; };
		10196D4127D2120B009CD55E /* StatsWave.swift */ = {isa = PBXFileReference; lastKnownFileType = sourcecode.swift; path = StatsWave.swift; sourceTree = "<group>"; };
		10196D4327D30BA9009CD55E /* Triangle.swift */ = {isa = PBXFileReference; lastKnownFileType = sourcecode.swift; path = Triangle.swift; sourceTree = "<group>"; };
		101AEB8527E20E5B004F42F9 /* StoreKit.framework */ = {isa = PBXFileReference; lastKnownFileType = wrapper.framework; name = StoreKit.framework; path = System/Library/Frameworks/StoreKit.framework; sourceTree = SDKROOT; };
		101AEB8727E20EDA004F42F9 /* GoogleService-Info.plist */ = {isa = PBXFileReference; lastKnownFileType = text.plist.xml; path = "GoogleService-Info.plist"; sourceTree = "<group>"; };
		101AED0D271E3109009556B2 /* Salmonia3.app */ = {isa = PBXFileReference; explicitFileType = wrapper.application; includeInIndex = 0; path = Salmonia3.app; sourceTree = BUILT_PRODUCTS_DIR; };
		101AED10271E3109009556B2 /* Salmonia3App.swift */ = {isa = PBXFileReference; lastKnownFileType = sourcecode.swift; path = Salmonia3App.swift; sourceTree = "<group>"; };
		101AED12271E3109009556B2 /* ContentView.swift */ = {isa = PBXFileReference; lastKnownFileType = sourcecode.swift; path = ContentView.swift; sourceTree = "<group>"; };
		101AED14271E310B009556B2 /* Assets.xcassets */ = {isa = PBXFileReference; lastKnownFileType = folder.assetcatalog; path = Assets.xcassets; sourceTree = "<group>"; };
		101AED17271E310B009556B2 /* Preview Assets.xcassets */ = {isa = PBXFileReference; lastKnownFileType = folder.assetcatalog; path = "Preview Assets.xcassets"; sourceTree = "<group>"; };
		101AED1D271E310B009556B2 /* Salmonia3Tests.xctest */ = {isa = PBXFileReference; explicitFileType = wrapper.cfbundle; includeInIndex = 0; path = Salmonia3Tests.xctest; sourceTree = BUILT_PRODUCTS_DIR; };
		101AED21271E310B009556B2 /* Salmonia3Tests.swift */ = {isa = PBXFileReference; lastKnownFileType = sourcecode.swift; path = Salmonia3Tests.swift; sourceTree = "<group>"; };
		101AED27271E310B009556B2 /* Salmonia3UITests.xctest */ = {isa = PBXFileReference; explicitFileType = wrapper.cfbundle; includeInIndex = 0; path = Salmonia3UITests.xctest; sourceTree = BUILT_PRODUCTS_DIR; };
		101AED2B271E310B009556B2 /* Salmonia3UITests.swift */ = {isa = PBXFileReference; lastKnownFileType = sourcecode.swift; path = Salmonia3UITests.swift; sourceTree = "<group>"; };
		101AED2D271E310B009556B2 /* Salmonia3UITestsLaunchTests.swift */ = {isa = PBXFileReference; lastKnownFileType = sourcecode.swift; path = Salmonia3UITestsLaunchTests.swift; sourceTree = "<group>"; };
		101AED3C271E3192009556B2 /* Wave.swift */ = {isa = PBXFileReference; lastKnownFileType = sourcecode.swift; path = Wave.swift; sourceTree = "<group>"; };
		101AED48271E33EB009556B2 /* Splatfont1.ttf */ = {isa = PBXFileReference; lastKnownFileType = file; path = Splatfont1.ttf; sourceTree = "<group>"; };
		101AED49271E33EB009556B2 /* Splatfont2.ttf */ = {isa = PBXFileReference; lastKnownFileType = file; path = Splatfont2.ttf; sourceTree = "<group>"; };
		101AED56271E367D009556B2 /* Color.swift */ = {isa = PBXFileReference; lastKnownFileType = sourcecode.swift; path = Color.swift; sourceTree = "<group>"; };
		101AED59271E3946009556B2 /* SettingView.swift */ = {isa = PBXFileReference; lastKnownFileType = sourcecode.swift; path = SettingView.swift; sourceTree = "<group>"; };
		101AED60271E3F2B009556B2 /* Icon.swift */ = {isa = PBXFileReference; lastKnownFileType = sourcecode.swift; path = Icon.swift; sourceTree = "<group>"; };
		1027057B27D48B5600326B32 /* WeaponCollectionView.swift */ = {isa = PBXFileReference; lastKnownFileType = sourcecode.swift; path = WeaponCollectionView.swift; sourceTree = "<group>"; };
		1027057D27D48E4200326B32 /* WeaponShiftStats.swift */ = {isa = PBXFileReference; lastKnownFileType = sourcecode.swift; path = WeaponShiftStats.swift; sourceTree = "<group>"; };
		1027057F27D4A34E00326B32 /* StatsWeaponDetail.swift */ = {isa = PBXFileReference; lastKnownFileType = sourcecode.swift; name = StatsWeaponDetail.swift; path = ../../StatsWeaponDetail.swift; sourceTree = "<group>"; };
		1027058227D4ABF700326B32 /* WeaponOverview.swift */ = {isa = PBXFileReference; lastKnownFileType = sourcecode.swift; path = WeaponOverview.swift; sourceTree = "<group>"; };
		1027058427D6248700326B32 /* ShiftType.swift */ = {isa = PBXFileReference; lastKnownFileType = sourcecode.swift; path = ShiftType.swift; sourceTree = "<group>"; };
		102AD2FF277CE95A00C1E181 /* UserView.swift */ = {isa = PBXFileReference; lastKnownFileType = sourcecode.swift; path = UserView.swift; sourceTree = "<group>"; };
		102C9DDE277DFA49004822C1 /* ResultDefeat.swift */ = {isa = PBXFileReference; lastKnownFileType = sourcecode.swift; path = ResultDefeat.swift; sourceTree = "<group>"; };
		102C9DE0277E002A004822C1 /* ResultStats.swift */ = {isa = PBXFileReference; lastKnownFileType = sourcecode.swift; path = ResultStats.swift; sourceTree = "<group>"; };
		102C9DE2277E0D8E004822C1 /* HSContent.swift */ = {isa = PBXFileReference; lastKnownFileType = sourcecode.swift; path = HSContent.swift; sourceTree = "<group>"; };
		103168662750E3D10009070C /* ShiftView.swift */ = {isa = PBXFileReference; lastKnownFileType = sourcecode.swift; path = ShiftView.swift; sourceTree = "<group>"; };
		103168682750F14E0009070C /* Salmonia3.entitlements */ = {isa = PBXFileReference; lastKnownFileType = text.plist.entitlements; path = Salmonia3.entitlements; sourceTree = "<group>"; };
		1033700527DF62600090C6E8 /* SalmonStats+New.swift */ = {isa = PBXFileReference; lastKnownFileType = sourcecode.swift; path = "SalmonStats+New.swift"; sourceTree = "<group>"; };
		1041BC06277DAB36008B27F1 /* ResultPlayer.swift */ = {isa = PBXFileReference; lastKnownFileType = sourcecode.swift; path = ResultPlayer.swift; sourceTree = "<group>"; };
		1041BC08277DAFFE008B27F1 /* ResultWave.swift */ = {isa = PBXFileReference; lastKnownFileType = sourcecode.swift; path = ResultWave.swift; sourceTree = "<group>"; };
		1041BC0A277DB9C0008B27F1 /* ResultEgg.swift */ = {isa = PBXFileReference; lastKnownFileType = sourcecode.swift; path = ResultEgg.swift; sourceTree = "<group>"; };
		1041BC0C277DBCD5008B27F1 /* ResultStatus.swift */ = {isa = PBXFileReference; lastKnownFileType = sourcecode.swift; path = ResultStatus.swift; sourceTree = "<group>"; };
		1041BC0E277DC695008B27F1 /* ResultWeapon.swift */ = {isa = PBXFileReference; lastKnownFileType = sourcecode.swift; path = ResultWeapon.swift; sourceTree = "<group>"; };
		104BCEC227D117C400507A50 /* RankingCollection.swift */ = {isa = PBXFileReference; lastKnownFileType = sourcecode.swift; path = RankingCollection.swift; sourceTree = "<group>"; };
		104BCEC427D117DC00507A50 /* RankingView.swift */ = {isa = PBXFileReference; lastKnownFileType = sourcecode.swift; path = RankingView.swift; sourceTree = "<group>"; };
		105E868527E4B3BB0015A4F2 /* FSCoopResult.swift */ = {isa = PBXFileReference; lastKnownFileType = sourcecode.swift; path = FSCoopResult.swift; sourceTree = "<group>"; };
		105E868727E4B42D0015A4F2 /* FSCoopPlayer.swift */ = {isa = PBXFileReference; lastKnownFileType = sourcecode.swift; path = FSCoopPlayer.swift; sourceTree = "<group>"; };
		105E868927E4B4920015A4F2 /* FSCoopWave.swift */ = {isa = PBXFileReference; lastKnownFileType = sourcecode.swift; path = FSCoopWave.swift; sourceTree = "<group>"; };
		10635093274E2B1F00529930 /* RealmCoopShift.swift */ = {isa = PBXFileReference; lastKnownFileType = sourcecode.swift; path = RealmCoopShift.swift; sourceTree = "<group>"; };
		10635095274E2E4D00529930 /* ShiftCollectionView.swift */ = {isa = PBXFileReference; lastKnownFileType = sourcecode.swift; path = ShiftCollectionView.swift; sourceTree = "<group>"; };
		106B7F8E27D3231800E6B528 /* RankId.swift */ = {isa = PBXFileReference; lastKnownFileType = sourcecode.swift; path = RankId.swift; sourceTree = "<group>"; };
		107B687627B6CE9D00238B9D /* AppService+SplatNet2SessionDelegate.swift */ = {isa = PBXFileReference; lastKnownFileType = sourcecode.swift; path = "AppService+SplatNet2SessionDelegate.swift"; sourceTree = "<group>"; };
		107B687827B6FAD900238B9D /* CircleProgressView.swift */ = {isa = PBXFileReference; lastKnownFileType = sourcecode.swift; path = CircleProgressView.swift; sourceTree = "<group>"; };
		107B687A27B7362000238B9D /* AppService+Network.swift */ = {isa = PBXFileReference; lastKnownFileType = sourcecode.swift; path = "AppService+Network.swift"; sourceTree = "<group>"; };
		10805B2C27E7CBDD001A8B68 /* SwiftyUI */ = {isa = PBXFileReference; lastKnownFileType = wrapper; name = SwiftyUI; path = ../SwiftyUI; sourceTree = "<group>"; };
		1082F77A27D072A000044581 /* ResultShiftView.swift */ = {isa = PBXFileReference; lastKnownFileType = sourcecode.swift; path = ResultShiftView.swift; sourceTree = "<group>"; };
		1084DA1F27E7B0700082397A /* SplatNet2 */ = {isa = PBXFileReference; lastKnownFileType = wrapper; name = SplatNet2; path = ../SplatNet2; sourceTree = "<group>"; };
		109A255027D44EC700674AA5 /* RankShiftStats.swift */ = {isa = PBXFileReference; lastKnownFileType = sourcecode.swift; path = RankShiftStats.swift; sourceTree = "<group>"; };
		109B545A27CB8F8300FACC1A /* WaveCollectionView.swift */ = {isa = PBXFileReference; lastKnownFileType = sourcecode.swift; path = WaveCollectionView.swift; sourceTree = "<group>"; };
		109B545C27CB90DB00FACC1A /* WaveView.swift */ = {isa = PBXFileReference; lastKnownFileType = sourcecode.swift; path = WaveView.swift; sourceTree = "<group>"; };
		109B545E27CD60E800FACC1A /* SettingView+Support.swift */ = {isa = PBXFileReference; lastKnownFileType = sourcecode.swift; path = "SettingView+Support.swift"; sourceTree = "<group>"; };
		109B546027CD64B000FACC1A /* SupportView.swift */ = {isa = PBXFileReference; lastKnownFileType = sourcecode.swift; path = SupportView.swift; sourceTree = "<group>"; };
		109B546227CD688100FACC1A /* Configuration.storekit */ = {isa = PBXFileReference; lastKnownFileType = text; path = Configuration.storekit; sourceTree = "<group>"; };
		109B546727CD6C2300FACC1A /* AppService+StoreKit.swift */ = {isa = PBXFileReference; lastKnownFileType = sourcecode.swift; path = "AppService+StoreKit.swift"; sourceTree = "<group>"; };
		109B546927CD705100FACC1A /* SettingView+Debug.swift */ = {isa = PBXFileReference; lastKnownFileType = sourcecode.swift; path = "SettingView+Debug.swift"; sourceTree = "<group>"; };
		109B546B27CDC04400FACC1A /* StatsWeapon.swift */ = {isa = PBXFileReference; lastKnownFileType = sourcecode.swift; path = StatsWeapon.swift; sourceTree = "<group>"; };
		109F97E5272490C600AB1FA3 /* LoggingThread.swift */ = {isa = PBXFileReference; lastKnownFileType = sourcecode.swift; path = LoggingThread.swift; sourceTree = "<group>"; };
		109F97E7272490CE00AB1FA3 /* LoadingView.swift */ = {isa = PBXFileReference; lastKnownFileType = sourcecode.swift; path = LoadingView.swift; sourceTree = "<group>"; };
		109F97EA272491E500AB1FA3 /* ResultCollectionView.swift */ = {isa = PBXFileReference; lastKnownFileType = sourcecode.swift; path = ResultCollectionView.swift; sourceTree = "<group>"; };
		109F97EF2724A11900AB1FA3 /* GrowingButtonStyle.swift */ = {isa = PBXFileReference; lastKnownFileType = sourcecode.swift; path = GrowingButtonStyle.swift; sourceTree = "<group>"; };
		109F97F52724AD7800AB1FA3 /* ResultView.swift */ = {isa = PBXFileReference; lastKnownFileType = sourcecode.swift; path = ResultView.swift; sourceTree = "<group>"; };
		109F97F72724ADB600AB1FA3 /* ResultOverview.swift */ = {isa = PBXFileReference; lastKnownFileType = sourcecode.swift; path = ResultOverview.swift; sourceTree = "<group>"; };
		109F97F92724CF0C00AB1FA3 /* ResultType.swift */ = {isa = PBXFileReference; lastKnownFileType = sourcecode.swift; path = ResultType.swift; sourceTree = "<group>"; };
		109F97FB2724D44100AB1FA3 /* Text.swift */ = {isa = PBXFileReference; lastKnownFileType = sourcecode.swift; path = Text.swift; sourceTree = "<group>"; };
		109F98042724EC9400AB1FA3 /* Rainbow.swift */ = {isa = PBXFileReference; lastKnownFileType = sourcecode.swift; path = Rainbow.swift; sourceTree = "<group>"; };
		10AAE04527CA764200E8E3D4 /* StatsCardHalf.swift */ = {isa = PBXFileReference; lastKnownFileType = sourcecode.swift; path = StatsCardHalf.swift; sourceTree = "<group>"; };
		10AAE04927CAC35600E8E3D4 /* StatsSpecial.swift */ = {isa = PBXFileReference; lastKnownFileType = sourcecode.swift; path = StatsSpecial.swift; sourceTree = "<group>"; };
		10AE389D27C99D170084D8E6 /* UserShiftStats.swift */ = {isa = PBXFileReference; lastKnownFileType = sourcecode.swift; path = UserShiftStats.swift; sourceTree = "<group>"; };
		10BA13F227201AF300348DD3 /* RealmCoopResult.swift */ = {isa = PBXFileReference; lastKnownFileType = sourcecode.swift; path = RealmCoopResult.swift; sourceTree = "<group>"; };
		10BA13F427201B1400348DD3 /* RealmCoopWave.swift */ = {isa = PBXFileReference; lastKnownFileType = sourcecode.swift; path = RealmCoopWave.swift; sourceTree = "<group>"; };
		10BA13F627201B4700348DD3 /* RealmCoopPlayer.swift */ = {isa = PBXFileReference; lastKnownFileType = sourcecode.swift; path = RealmCoopPlayer.swift; sourceTree = "<group>"; };
		10C000DB274CE3F400870DED /* Image.swift */ = {isa = PBXFileReference; lastKnownFileType = sourcecode.swift; path = Image.swift; sourceTree = "<group>"; };
		10C7C46B277ED8330015ECBB /* Localized.swift */ = {isa = PBXFileReference; fileEncoding = 4; lastKnownFileType = sourcecode.swift; path = Localized.swift; sourceTree = "<group>"; };
		10C7C46D277F00260015ECBB /* AppService+Realm.swift */ = {isa = PBXFileReference; lastKnownFileType = sourcecode.swift; path = "AppService+Realm.swift"; sourceTree = "<group>"; };
		10C7D68D27CF6CDA002C1F37 /* Firecode.swift */ = {isa = PBXFileReference; lastKnownFileType = sourcecode.swift; path = Firecode.swift; sourceTree = "<group>"; };
		10C7D69127CF6EDE002C1F37 /* AppService+Firestore.swift */ = {isa = PBXFileReference; lastKnownFileType = sourcecode.swift; path = "AppService+Firestore.swift"; sourceTree = "<group>"; };
		10C7D69327CF8DCD002C1F37 /* SettingView+Firebase.swift */ = {isa = PBXFileReference; lastKnownFileType = sourcecode.swift; path = "SettingView+Firebase.swift"; sourceTree = "<group>"; };
		10C7D69627CF92E1002C1F37 /* StatsType.swift */ = {isa = PBXFileReference; lastKnownFileType = sourcecode.swift; path = StatsType.swift; sourceTree = "<group>"; };
		10C7D69827CF92FC002C1F37 /* Comparison.swift */ = {isa = PBXFileReference; lastKnownFileType = sourcecode.swift; path = Comparison.swift; sourceTree = "<group>"; };
		10C7D69A27CF93E0002C1F37 /* Defeated.swift */ = {isa = PBXFileReference; lastKnownFileType = sourcecode.swift; path = Defeated.swift; sourceTree = "<group>"; };
		10C7D69C27CF93FF002C1F37 /* Overview.swift */ = {isa = PBXFileReference; lastKnownFileType = sourcecode.swift; path = Overview.swift; sourceTree = "<group>"; };
		10C7D69E27CF941D002C1F37 /* WeaponProb.swift */ = {isa = PBXFileReference; lastKnownFileType = sourcecode.swift; path = WeaponProb.swift; sourceTree = "<group>"; };
		10C7D6A027CF9431002C1F37 /* SpecialProb.swift */ = {isa = PBXFileReference; lastKnownFileType = sourcecode.swift; path = SpecialProb.swift; sourceTree = "<group>"; };
		10C7D6A227CF96C0002C1F37 /* UserShiftStats+Firebase.swift */ = {isa = PBXFileReference; lastKnownFileType = sourcecode.swift; path = "UserShiftStats+Firebase.swift"; sourceTree = "<group>"; };
		10E0C8A727CA6908002F4506 /* StatsCardSmall.swift */ = {isa = PBXFileReference; lastKnownFileType = sourcecode.swift; path = StatsCardSmall.swift; sourceTree = "<group>"; };
		10E74E7F27B6B8B700D0E962 /* SignInView.swift */ = {isa = PBXFileReference; lastKnownFileType = sourcecode.swift; path = SignInView.swift; sourceTree = "<group>"; };
		10E74E8127B6C42E00D0E962 /* AccountView.swift */ = {isa = PBXFileReference; lastKnownFileType = sourcecode.swift; path = AccountView.swift; sourceTree = "<group>"; };
		10F38E88277E1E9900CD945F /* en */ = {isa = PBXFileReference; lastKnownFileType = text.plist.strings; name = en; path = en.lproj/InfoPlist.strings; sourceTree = "<group>"; };
		10F38E8A277E1E9A00CD945F /* ja */ = {isa = PBXFileReference; lastKnownFileType = text.plist.strings; name = ja; path = ja.lproj/InfoPlist.strings; sourceTree = "<group>"; };
		10FDD4AE271EE36C00C9C178 /* AppService.swift */ = {isa = PBXFileReference; lastKnownFileType = sourcecode.swift; path = AppService.swift; sourceTree = "<group>"; };
/* End PBXFileReference section */

/* Begin PBXFrameworksBuildPhase section */
		101AED0A271E3109009556B2 /* Frameworks */ = {
			isa = PBXFrameworksBuildPhase;
			buildActionMask = 2147483647;
			files = (
				1032849427E7C6DF008964EB /* GoogleMobileAds in Frameworks */,
				1032849727E7C6FD008964EB /* StoreKit.framework in Frameworks */,
				1032849D27E7C7C1008964EB /* FirebaseAnalytics in Frameworks */,
				10805B2A27E7CB92001A8B68 /* RealmSwift in Frameworks */,
				103284AB27E7C89C008964EB /* Surge in Frameworks */,
				1032849A27E7C78F008964EB /* SwiftyStoreKit in Frameworks */,
				1032849227E7C6DA008964EB /* SplatNet2 in Frameworks */,
				103284A327E7C7C1008964EB /* FirebaseFirestore in Frameworks */,
				1032849F27E7C7C1008964EB /* FirebaseAuth in Frameworks */,
				103284A527E7C7C1008964EB /* FirebaseFirestoreSwift-Beta in Frameworks */,
				1032849027E7C6D7008964EB /* SalmonStats in Frameworks */,
				10805B3027E7CD77001A8B68 /* SwiftyChart in Frameworks */,
				10805B2E27E7CBE7001A8B68 /* SwiftyUI in Frameworks */,
				103284A127E7C7C1008964EB /* FirebaseAuthCombine-Community in Frameworks */,
			);
			runOnlyForDeploymentPostprocessing = 0;
		};
		101AED1A271E310B009556B2 /* Frameworks */ = {
			isa = PBXFrameworksBuildPhase;
			buildActionMask = 2147483647;
			files = (
			);
			runOnlyForDeploymentPostprocessing = 0;
		};
		101AED24271E310B009556B2 /* Frameworks */ = {
			isa = PBXFrameworksBuildPhase;
			buildActionMask = 2147483647;
			files = (
			);
			runOnlyForDeploymentPostprocessing = 0;
		};
/* End PBXFrameworksBuildPhase section */

/* Begin PBXGroup section */
		1005568A27C919D70094582D /* Parameters */ = {
			isa = PBXGroup;
			children = (
				100556CA27C91AED0094582D /* Drizzlers.swift */,
				100556CE27C91AED0094582D /* Fats.swift */,
				100556D727C91AED0094582D /* FirePower.swift */,
				100556BF27C91AEC0094582D /* Flexibility.swift */,
				100556C027C91AEC0094582D /* Goldieseeking.swift */,
				100556CD27C91AED0094582D /* Grillers.swift */,
				100556D027C91AED0094582D /* Handling.swift */,
				100556C127C91AEC0094582D /* Chargeable.swift */,
				100556C327C91AEC0094582D /* Penetrable.swift */,
				100556D327C91AED0094582D /* Mobility.swift */,
				100556C527C91AEC0094582D /* Mothership.swift */,
				100556CC27C91AED0094582D /* PaintabilityFloor.swift */,
				100556CF27C91AED0094582D /* PaintabilityWall.swift */,
				100556D227C91AED0094582D /* PowerInLosing.swift */,
				100556C227C91AEC0094582D /* PowerInWinning.swift */,
				100556D527C91AED0094582D /* Range.swift */,
				100556D127C91AED0094582D /* Rank.swift */,
				100556C827C91AEC0094582D /* Rush.swift */,
				100556CB27C91AED0094582D /* Scrappers.swift */,
				100556C427C91AEC0094582D /* Smalls.swift */,
				100556D427C91AED0094582D /* Stability.swift */,
				100556C927C91AED0094582D /* Steelheads.swift */,
				100556D827C91AED0094582D /* Stingers.swift */,
			);
			path = Parameters;
			sourceTree = "<group>";
		};
		100556FC27C98B2D0094582D /* Stats */ = {
			isa = PBXGroup;
			children = (
				100556FD27C98B3D0094582D /* StatsCard.swift */,
				10E0C8A727CA6908002F4506 /* StatsCardSmall.swift */,
				10AAE04527CA764200E8E3D4 /* StatsCardHalf.swift */,
				10AAE04927CAC35600E8E3D4 /* StatsSpecial.swift */,
				109B546B27CDC04400FACC1A /* StatsWeapon.swift */,
				1027057F27D4A34E00326B32 /* StatsWeaponDetail.swift */,
			);
			path = Stats;
			sourceTree = "<group>";
		};
		101141B0278476E50088DF4C /* ObservableObject */ = {
			isa = PBXGroup;
			children = (
				10C7D69527CF92D1002C1F37 /* Models */,
				101141B1278477060088DF4C /* UserStatsModel.swift */,
				10AE389D27C99D170084D8E6 /* UserShiftStats.swift */,
				10C7D6A227CF96C0002C1F37 /* UserShiftStats+Firebase.swift */,
				109A255027D44EC700674AA5 /* RankShiftStats.swift */,
				1027057D27D48E4200326B32 /* WeaponShiftStats.swift */,
			);
			path = ObservableObject;
			sourceTree = "<group>";
		};
		101AEB7E27E1CF3B004F42F9 /* Packages */ = {
			isa = PBXGroup;
			children = (
				1084DA1F27E7B0700082397A /* SplatNet2 */,
				10805B2C27E7CBDD001A8B68 /* SwiftyUI */,
			);
			name = Packages;
			sourceTree = "<group>";
		};
		101AED04271E3109009556B2 = {
			isa = PBXGroup;
			children = (
				109B546227CD688100FACC1A /* Configuration.storekit */,
				103168682750F14E0009070C /* Salmonia3.entitlements */,
				101AEB8727E20EDA004F42F9 /* GoogleService-Info.plist */,
				10F38E89277E1E9900CD945F /* InfoPlist.strings */,
				101AEB7E27E1CF3B004F42F9 /* Packages */,
				101AED0F271E3109009556B2 /* Salmonia3 */,
				101AED20271E310B009556B2 /* Salmonia3Tests */,
				101AED2A271E310B009556B2 /* Salmonia3UITests */,
				101AED0E271E3109009556B2 /* Products */,
				101AED4F271E34FA009556B2 /* Frameworks */,
			);
			sourceTree = "<group>";
		};
		101AED0E271E3109009556B2 /* Products */ = {
			isa = PBXGroup;
			children = (
				101AED0D271E3109009556B2 /* Salmonia3.app */,
				101AED1D271E310B009556B2 /* Salmonia3Tests.xctest */,
				101AED27271E310B009556B2 /* Salmonia3UITests.xctest */,
			);
			name = Products;
			sourceTree = "<group>";
		};
		101AED0F271E3109009556B2 /* Salmonia3 */ = {
			isa = PBXGroup;
			children = (
				101AED10271E3109009556B2 /* Salmonia3App.swift */,
				101AED12271E3109009556B2 /* ContentView.swift */,
				102AD2FD277CE92200C1E181 /* Components */,
				101AED3A271E3158009556B2 /* Views */,
				10C7D68C27CF6CAF002C1F37 /* Firestore */,
				101141B0278476E50088DF4C /* ObservableObject */,
				10C7C46A277ED8020015ECBB /* Extension */,
				10FDD4AD271EE35D00C9C178 /* Service */,
				101AED55271E356C009556B2 /* Enum */,
				101AED41271E3396009556B2 /* Assets */,
				10BA13F127201ADD00348DD3 /* Realm */,
				101AED14271E310B009556B2 /* Assets.xcassets */,
				101AED16271E310B009556B2 /* Preview Content */,
			);
			path = Salmonia3;
			sourceTree = "<group>";
		};
		101AED16271E310B009556B2 /* Preview Content */ = {
			isa = PBXGroup;
			children = (
				101AED17271E310B009556B2 /* Preview Assets.xcassets */,
			);
			path = "Preview Content";
			sourceTree = "<group>";
		};
		101AED20271E310B009556B2 /* Salmonia3Tests */ = {
			isa = PBXGroup;
			children = (
				101AED21271E310B009556B2 /* Salmonia3Tests.swift */,
			);
			path = Salmonia3Tests;
			sourceTree = "<group>";
		};
		101AED2A271E310B009556B2 /* Salmonia3UITests */ = {
			isa = PBXGroup;
			children = (
				101AED2B271E310B009556B2 /* Salmonia3UITests.swift */,
				101AED2D271E310B009556B2 /* Salmonia3UITestsLaunchTests.swift */,
			);
			path = Salmonia3UITests;
			sourceTree = "<group>";
		};
		101AED3A271E3158009556B2 /* Views */ = {
			isa = PBXGroup;
			children = (
				102AD2FE277CE94B00C1E181 /* User */,
				109F97E9272491D800AB1FA3 /* CollectionView */,
				109F97E4272490B000AB1FA3 /* Loading */,
				101AED58271E3933009556B2 /* Setting */,
				101AED3E271E322C009556B2 /* Login */,
			);
			path = Views;
			sourceTree = "<group>";
		};
		101AED3E271E322C009556B2 /* Login */ = {
			isa = PBXGroup;
			children = (
				107B687827B6FAD900238B9D /* CircleProgressView.swift */,
			);
			path = Login;
			sourceTree = "<group>";
		};
		101AED41271E3396009556B2 /* Assets */ = {
			isa = PBXGroup;
			children = (
				101AED46271E33EB009556B2 /* Fonts */,
			);
			path = Assets;
			sourceTree = "<group>";
		};
		101AED46271E33EB009556B2 /* Fonts */ = {
			isa = PBXGroup;
			children = (
				101AED48271E33EB009556B2 /* Splatfont1.ttf */,
				101AED49271E33EB009556B2 /* Splatfont2.ttf */,
			);
			path = Fonts;
			sourceTree = "<group>";
		};
		101AED4F271E34FA009556B2 /* Frameworks */ = {
			isa = PBXGroup;
			children = (
				101AEB8527E20E5B004F42F9 /* StoreKit.framework */,
			);
			name = Frameworks;
			sourceTree = "<group>";
		};
		101AED55271E356C009556B2 /* Enum */ = {
			isa = PBXGroup;
			children = (
				1005568A27C919D70094582D /* Parameters */,
				10BA13F827201C6900348DD3 /* Type */,
				101AED56271E367D009556B2 /* Color.swift */,
				101AED60271E3F2B009556B2 /* Icon.swift */,
				100556F827C948E90094582D /* ShiftDisplayMode.swift */,
				106B7F8E27D3231800E6B528 /* RankId.swift */,
				1027058427D6248700326B32 /* ShiftType.swift */,
			);
			path = Enum;
			sourceTree = "<group>";
		};
		101AED58271E3933009556B2 /* Setting */ = {
			isa = PBXGroup;
			children = (
				105F8B3E27C7B25300DD5B13 /* Appearance */,
				101AED59271E3946009556B2 /* SettingView.swift */,
				109B545E27CD60E800FACC1A /* SettingView+Support.swift */,
				109B546927CD705100FACC1A /* SettingView+Debug.swift */,
				109B546027CD64B000FACC1A /* SupportView.swift */,
			);
			path = Setting;
			sourceTree = "<group>";
		};
		1027058127D4ABDA00326B32 /* Weapon */ = {
			isa = PBXGroup;
			children = (
				1027057B27D48B5600326B32 /* WeaponCollectionView.swift */,
				1027058227D4ABF700326B32 /* WeaponOverview.swift */,
			);
			path = Weapon;
			sourceTree = "<group>";
		};
		102AD2FD277CE92200C1E181 /* Components */ = {
			isa = PBXGroup;
			children = (
				109F97EE2724A10700AB1FA3 /* ButtonStyle */,
				101AED3C271E3192009556B2 /* Wave.swift */,
				109F97FB2724D44100AB1FA3 /* Text.swift */,
				10C000DB274CE3F400870DED /* Image.swift */,
				102C9DE2277E0D8E004822C1 /* HSContent.swift */,
				109F98042724EC9400AB1FA3 /* Rainbow.swift */,
				10196D4327D30BA9009CD55E /* Triangle.swift */,
			);
			path = Components;
			sourceTree = "<group>";
		};
		102AD2FE277CE94B00C1E181 /* User */ = {
			isa = PBXGroup;
			children = (
				102AD2FF277CE95A00C1E181 /* UserView.swift */,
				10E74E7F27B6B8B700D0E962 /* SignInView.swift */,
				10E74E8127B6C42E00D0E962 /* AccountView.swift */,
			);
			path = User;
			sourceTree = "<group>";
		};
		104BCEC127D117B500507A50 /* Ranking */ = {
			isa = PBXGroup;
			children = (
				104BCEC227D117C400507A50 /* RankingCollection.swift */,
				104BCEC427D117DC00507A50 /* RankingView.swift */,
				10196D4127D2120B009CD55E /* StatsWave.swift */,
			);
			path = Ranking;
			sourceTree = "<group>";
		};
		105F8B3E27C7B25300DD5B13 /* Appearance */ = {
			isa = PBXGroup;
			children = (
				10162F8727C7B2CA00ACFD4D /* SettingView+Appearance.swift */,
				10162F8927C7B34D00ACFD4D /* SettingView_Application.swift */,
				10162F8B27C7B3EC00ACFD4D /* SettingView_SplatNet2.swift */,
				10162F8D27C7B4A100ACFD4D /* SettingView+SalmonStats.swift */,
				10C7D69327CF8DCD002C1F37 /* SettingView+Firebase.swift */,
			);
			path = Appearance;
			sourceTree = "<group>";
		};
		109B545927CB8F7300FACC1A /* Wave */ = {
			isa = PBXGroup;
			children = (
				109B545A27CB8F8300FACC1A /* WaveCollectionView.swift */,
				109B545C27CB90DB00FACC1A /* WaveView.swift */,
			);
			path = Wave;
			sourceTree = "<group>";
		};
		109F97E4272490B000AB1FA3 /* Loading */ = {
			isa = PBXGroup;
			children = (
				109F97E5272490C600AB1FA3 /* LoggingThread.swift */,
				109F97E7272490CE00AB1FA3 /* LoadingView.swift */,
			);
			path = Loading;
			sourceTree = "<group>";
		};
		109F97E9272491D800AB1FA3 /* CollectionView */ = {
			isa = PBXGroup;
			children = (
				1027058127D4ABDA00326B32 /* Weapon */,
				104BCEC127D117B500507A50 /* Ranking */,
				109B545927CB8F7300FACC1A /* Wave */,
				10C000DF2750E36900870DED /* Shift */,
				109F97F42724A7CB00AB1FA3 /* Result */,
			);
			path = CollectionView;
			sourceTree = "<group>";
		};
		109F97EE2724A10700AB1FA3 /* ButtonStyle */ = {
			isa = PBXGroup;
			children = (
				109F97EF2724A11900AB1FA3 /* GrowingButtonStyle.swift */,
			);
			path = ButtonStyle;
			sourceTree = "<group>";
		};
		109F97F42724A7CB00AB1FA3 /* Result */ = {
			isa = PBXGroup;
			children = (
				109F97EA272491E500AB1FA3 /* ResultCollectionView.swift */,
				1082F77A27D072A000044581 /* ResultShiftView.swift */,
				109F97F72724ADB600AB1FA3 /* ResultOverview.swift */,
				109F97F52724AD7800AB1FA3 /* ResultView.swift */,
				1041BC06277DAB36008B27F1 /* ResultPlayer.swift */,
				1041BC08277DAFFE008B27F1 /* ResultWave.swift */,
				1041BC0A277DB9C0008B27F1 /* ResultEgg.swift */,
				1041BC0C277DBCD5008B27F1 /* ResultStatus.swift */,
				1041BC0E277DC695008B27F1 /* ResultWeapon.swift */,
				102C9DDE277DFA49004822C1 /* ResultDefeat.swift */,
				102C9DE0277E002A004822C1 /* ResultStats.swift */,
			);
			path = Result;
			sourceTree = "<group>";
		};
		10BA13F127201ADD00348DD3 /* Realm */ = {
			isa = PBXGroup;
			children = (
				10BA13F227201AF300348DD3 /* RealmCoopResult.swift */,
				10BA13F427201B1400348DD3 /* RealmCoopWave.swift */,
				10BA13F627201B4700348DD3 /* RealmCoopPlayer.swift */,
				10635093274E2B1F00529930 /* RealmCoopShift.swift */,
			);
			path = Realm;
			sourceTree = "<group>";
		};
		10BA13F827201C6900348DD3 /* Type */ = {
			isa = PBXGroup;
			children = (
				109F97F92724CF0C00AB1FA3 /* ResultType.swift */,
			);
			path = Type;
			sourceTree = "<group>";
		};
		10C000DF2750E36900870DED /* Shift */ = {
			isa = PBXGroup;
			children = (
				100556FC27C98B2D0094582D /* Stats */,
				10635095274E2E4D00529930 /* ShiftCollectionView.swift */,
				103168662750E3D10009070C /* ShiftView.swift */,
				100556F627C948200094582D /* ShiftFilterButton.swift */,
				100556FA27C9888D0094582D /* ShiftStatsView.swift */,
			);
			path = Shift;
			sourceTree = "<group>";
		};
		10C7C46A277ED8020015ECBB /* Extension */ = {
			isa = PBXGroup;
			children = (
				10C7C46B277ED8330015ECBB /* Localized.swift */,
				1033700527DF62600090C6E8 /* SalmonStats+New.swift */,
			);
			path = Extension;
			sourceTree = "<group>";
		};
		10C7D68C27CF6CAF002C1F37 /* Firestore */ = {
			isa = PBXGroup;
			children = (
				10C7D68D27CF6CDA002C1F37 /* Firecode.swift */,
				105E868527E4B3BB0015A4F2 /* FSCoopResult.swift */,
				105E868727E4B42D0015A4F2 /* FSCoopPlayer.swift */,
				105E868927E4B4920015A4F2 /* FSCoopWave.swift */,
			);
			path = Firestore;
			sourceTree = "<group>";
		};
		10C7D69527CF92D1002C1F37 /* Models */ = {
			isa = PBXGroup;
			children = (
				10C7D69627CF92E1002C1F37 /* StatsType.swift */,
				10C7D69827CF92FC002C1F37 /* Comparison.swift */,
				10C7D69A27CF93E0002C1F37 /* Defeated.swift */,
				10C7D69C27CF93FF002C1F37 /* Overview.swift */,
				10C7D69E27CF941D002C1F37 /* WeaponProb.swift */,
				10C7D6A027CF9431002C1F37 /* SpecialProb.swift */,
			);
			path = Models;
			sourceTree = "<group>";
		};
		10FDD4AD271EE35D00C9C178 /* Service */ = {
			isa = PBXGroup;
			children = (
				10162F8F27C7BCEC00ACFD4D /* ProgressModel.swift */,
				10FDD4AE271EE36C00C9C178 /* AppService.swift */,
				10C7C46D277F00260015ECBB /* AppService+Realm.swift */,
				107B687627B6CE9D00238B9D /* AppService+SplatNet2SessionDelegate.swift */,
				107B687A27B7362000238B9D /* AppService+Network.swift */,
				109B546727CD6C2300FACC1A /* AppService+StoreKit.swift */,
				10C7D69127CF6EDE002C1F37 /* AppService+Firestore.swift */,
			);
			path = Service;
			sourceTree = "<group>";
		};
/* End PBXGroup section */

/* Begin PBXNativeTarget section */
		101AED0C271E3109009556B2 /* Salmonia3 */ = {
			isa = PBXNativeTarget;
			buildConfigurationList = 101AED31271E310B009556B2 /* Build configuration list for PBXNativeTarget "Salmonia3" */;
			buildPhases = (
				101AED09271E3109009556B2 /* Sources */,
				101AED0A271E3109009556B2 /* Frameworks */,
				101AED0B271E3109009556B2 /* Resources */,
			);
			buildRules = (
			);
			dependencies = (
			);
			name = Salmonia3;
			packageProductDependencies = (
				1032848F27E7C6D7008964EB /* SalmonStats */,
				1032849127E7C6DA008964EB /* SplatNet2 */,
				1032849327E7C6DF008964EB /* GoogleMobileAds */,
				1032849927E7C78F008964EB /* SwiftyStoreKit */,
				1032849C27E7C7C1008964EB /* FirebaseAnalytics */,
				1032849E27E7C7C1008964EB /* FirebaseAuth */,
				103284A027E7C7C1008964EB /* FirebaseAuthCombine-Community */,
				103284A227E7C7C1008964EB /* FirebaseFirestore */,
				103284A427E7C7C1008964EB /* FirebaseFirestoreSwift-Beta */,
				103284AA27E7C89C008964EB /* Surge */,
				10805B2927E7CB92001A8B68 /* RealmSwift */,
				10805B2D27E7CBE7001A8B68 /* SwiftyUI */,
				10805B2F27E7CD77001A8B68 /* SwiftyChart */,
			);
			productName = Salmonia3;
			productReference = 101AED0D271E3109009556B2 /* Salmonia3.app */;
			productType = "com.apple.product-type.application";
		};
		101AED1C271E310B009556B2 /* Salmonia3Tests */ = {
			isa = PBXNativeTarget;
			buildConfigurationList = 101AED34271E310B009556B2 /* Build configuration list for PBXNativeTarget "Salmonia3Tests" */;
			buildPhases = (
				101AED19271E310B009556B2 /* Sources */,
				101AED1A271E310B009556B2 /* Frameworks */,
				101AED1B271E310B009556B2 /* Resources */,
			);
			buildRules = (
			);
			dependencies = (
				101AED1F271E310B009556B2 /* PBXTargetDependency */,
			);
			name = Salmonia3Tests;
			productName = Salmonia3Tests;
			productReference = 101AED1D271E310B009556B2 /* Salmonia3Tests.xctest */;
			productType = "com.apple.product-type.bundle.unit-test";
		};
		101AED26271E310B009556B2 /* Salmonia3UITests */ = {
			isa = PBXNativeTarget;
			buildConfigurationList = 101AED37271E310B009556B2 /* Build configuration list for PBXNativeTarget "Salmonia3UITests" */;
			buildPhases = (
				101AED23271E310B009556B2 /* Sources */,
				101AED24271E310B009556B2 /* Frameworks */,
				101AED25271E310B009556B2 /* Resources */,
			);
			buildRules = (
			);
			dependencies = (
				101AED29271E310B009556B2 /* PBXTargetDependency */,
			);
			name = Salmonia3UITests;
			productName = Salmonia3UITests;
			productReference = 101AED27271E310B009556B2 /* Salmonia3UITests.xctest */;
			productType = "com.apple.product-type.bundle.ui-testing";
		};
/* End PBXNativeTarget section */

/* Begin PBXProject section */
		101AED05271E3109009556B2 /* Project object */ = {
			isa = PBXProject;
			attributes = {
				BuildIndependentTargetsInParallel = 1;
				LastSwiftUpdateCheck = 1300;
				LastUpgradeCheck = 1310;
				TargetAttributes = {
					101AED0C271E3109009556B2 = {
						CreatedOnToolsVersion = 13.0;
					};
					101AED1C271E310B009556B2 = {
						CreatedOnToolsVersion = 13.0;
						TestTargetID = 101AED0C271E3109009556B2;
					};
					101AED26271E310B009556B2 = {
						CreatedOnToolsVersion = 13.0;
						TestTargetID = 101AED0C271E3109009556B2;
					};
				};
			};
			buildConfigurationList = 101AED08271E3109009556B2 /* Build configuration list for PBXProject "Salmonia3" */;
			compatibilityVersion = "Xcode 13.0";
			developmentRegion = en;
			hasScannedForEncodings = 0;
			knownRegions = (
				en,
				ja,
				Base,
			);
			mainGroup = 101AED04271E3109009556B2;
			packageReferences = (
				107DB668272CF67900A5A6E5 /* XCRemoteSwiftPackageReference "GoogleMobileAds" */,
				101141AD2783545F0088DF4C /* XCRemoteSwiftPackageReference "SwiftyChart" */,
				1032849827E7C78F008964EB /* XCRemoteSwiftPackageReference "SwiftyStoreKit" */,
				1032849B27E7C7C1008964EB /* XCRemoteSwiftPackageReference "firebase-ios-sdk" */,
				103284A927E7C89C008964EB /* XCRemoteSwiftPackageReference "Surge" */,
				10805B2827E7CB03001A8B68 /* XCRemoteSwiftPackageReference "realm-swift" */,
			);
			productRefGroup = 101AED0E271E3109009556B2 /* Products */;
			projectDirPath = "";
			projectRoot = "";
			targets = (
				101AED0C271E3109009556B2 /* Salmonia3 */,
				101AED1C271E310B009556B2 /* Salmonia3Tests */,
				101AED26271E310B009556B2 /* Salmonia3UITests */,
			);
		};
/* End PBXProject section */

/* Begin PBXResourcesBuildPhase section */
		101AED0B271E3109009556B2 /* Resources */ = {
			isa = PBXResourcesBuildPhase;
			buildActionMask = 2147483647;
			files = (
				100E93D627E2143A00901682 /* GoogleService-Info.plist in Resources */,
				109B546327CD688600FACC1A /* Configuration.storekit in Resources */,
				101AED4B271E33EB009556B2 /* Splatfont1.ttf in Resources */,
				10F38E87277E1E9900CD945F /* InfoPlist.strings in Resources */,
				101AED4C271E33EB009556B2 /* Splatfont2.ttf in Resources */,
				101AED18271E310B009556B2 /* Preview Assets.xcassets in Resources */,
				101AED15271E310B009556B2 /* Assets.xcassets in Resources */,
			);
			runOnlyForDeploymentPostprocessing = 0;
		};
		101AED1B271E310B009556B2 /* Resources */ = {
			isa = PBXResourcesBuildPhase;
			buildActionMask = 2147483647;
			files = (
			);
			runOnlyForDeploymentPostprocessing = 0;
		};
		101AED25271E310B009556B2 /* Resources */ = {
			isa = PBXResourcesBuildPhase;
			buildActionMask = 2147483647;
			files = (
			);
			runOnlyForDeploymentPostprocessing = 0;
		};
/* End PBXResourcesBuildPhase section */

/* Begin PBXSourcesBuildPhase section */
		101AED09271E3109009556B2 /* Sources */ = {
			isa = PBXSourcesBuildPhase;
			buildActionMask = 2147483647;
			files = (
				10C7D69227CF6EDE002C1F37 /* AppService+Firestore.swift in Sources */,
				109B546C27CDC04400FACC1A /* StatsWeapon.swift in Sources */,
				10162F8E27C7B4A200ACFD4D /* SettingView+SalmonStats.swift in Sources */,
				10C7D69D27CF9400002C1F37 /* Overview.swift in Sources */,
				107B687B27B7362000238B9D /* AppService+Network.swift in Sources */,
				109F97F82724ADB600AB1FA3 /* ResultOverview.swift in Sources */,
				104BCEC527D117DC00507A50 /* RankingView.swift in Sources */,
				10E0C8A827CA6908002F4506 /* StatsCardSmall.swift in Sources */,
				10635094274E2B1F00529930 /* RealmCoopShift.swift in Sources */,
				10AE389E27C99D170084D8E6 /* UserShiftStats.swift in Sources */,
				102C9DE1277E002A004822C1 /* ResultStats.swift in Sources */,
				109F97FA2724CF0C00AB1FA3 /* ResultType.swift in Sources */,
				10C7D69F27CF941D002C1F37 /* WeaponProb.swift in Sources */,
				1082F77B27D072A000044581 /* ResultShiftView.swift in Sources */,
				102AD300277CE95A00C1E181 /* UserView.swift in Sources */,
				10C7D69927CF92FC002C1F37 /* Comparison.swift in Sources */,
				109B545B27CB8F8300FACC1A /* WaveCollectionView.swift in Sources */,
				1027058527D6248700326B32 /* ShiftType.swift in Sources */,
				10C7D6A327CF96C0002C1F37 /* UserShiftStats+Firebase.swift in Sources */,
				10C000DC274CE3F400870DED /* Image.swift in Sources */,
				101AED3D271E3192009556B2 /* Wave.swift in Sources */,
				10162F9027C7BCEC00ACFD4D /* ProgressModel.swift in Sources */,
				109B545F27CD60E800FACC1A /* SettingView+Support.swift in Sources */,
				10196D4427D30BAA009CD55E /* Triangle.swift in Sources */,
				100556F927C948E90094582D /* ShiftDisplayMode.swift in Sources */,
				109F97F62724AD7800AB1FA3 /* ResultView.swift in Sources */,
				10C7C46E277F00260015ECBB /* AppService+Realm.swift in Sources */,
				1041BC07277DAB36008B27F1 /* ResultPlayer.swift in Sources */,
				109A255127D44EC700674AA5 /* RankShiftStats.swift in Sources */,
				10162F8827C7B2CA00ACFD4D /* SettingView+Appearance.swift in Sources */,
				101AED13271E3109009556B2 /* ContentView.swift in Sources */,
				1027057E27D48E4200326B32 /* WeaponShiftStats.swift in Sources */,
				101141B2278477060088DF4C /* UserStatsModel.swift in Sources */,
				10E74E8027B6B8B700D0E962 /* SignInView.swift in Sources */,
				109B546127CD64B000FACC1A /* SupportView.swift in Sources */,
				103168672750E3D10009070C /* ShiftView.swift in Sources */,
				10C7D6A127CF9431002C1F37 /* SpecialProb.swift in Sources */,
				100556FB27C9888D0094582D /* ShiftStatsView.swift in Sources */,
				1027057C27D48B5600326B32 /* WeaponCollectionView.swift in Sources */,
				109B546A27CD705200FACC1A /* SettingView+Debug.swift in Sources */,
				1041BC0D277DBCD5008B27F1 /* ResultStatus.swift in Sources */,
				10BA13F727201B4700348DD3 /* RealmCoopPlayer.swift in Sources */,
				105E868827E4B42D0015A4F2 /* FSCoopPlayer.swift in Sources */,
				101AED5A271E3946009556B2 /* SettingView.swift in Sources */,
				10AAE04A27CAC35600E8E3D4 /* StatsSpecial.swift in Sources */,
				10162F8C27C7B3EC00ACFD4D /* SettingView_SplatNet2.swift in Sources */,
				10C7D69B27CF93E0002C1F37 /* Defeated.swift in Sources */,
				105E868A27E4B4920015A4F2 /* FSCoopWave.swift in Sources */,
				10E74E8227B6C42E00D0E962 /* AccountView.swift in Sources */,
				102C9DDF277DFA49004822C1 /* ResultDefeat.swift in Sources */,
				1041BC0B277DB9C0008B27F1 /* ResultEgg.swift in Sources */,
				101AED11271E3109009556B2 /* Salmonia3App.swift in Sources */,
				101AED57271E367D009556B2 /* Color.swift in Sources */,
				10FDD4AF271EE36C00C9C178 /* AppService.swift in Sources */,
				109F97FC2724D44100AB1FA3 /* Text.swift in Sources */,
				1027058027D4A34E00326B32 /* StatsWeaponDetail.swift in Sources */,
				102C9DE3277E0D8E004822C1 /* HSContent.swift in Sources */,
				109F97E6272490C600AB1FA3 /* LoggingThread.swift in Sources */,
				107B687727B6CE9D00238B9D /* AppService+SplatNet2SessionDelegate.swift in Sources */,
				104BCEC327D117C400507A50 /* RankingCollection.swift in Sources */,
				10C7D69727CF92E1002C1F37 /* StatsType.swift in Sources */,
				1041BC0F277DC695008B27F1 /* ResultWeapon.swift in Sources */,
				1027058327D4ABF700326B32 /* WeaponOverview.swift in Sources */,
				10BA13F327201AF300348DD3 /* RealmCoopResult.swift in Sources */,
				109F98052724EC9400AB1FA3 /* Rainbow.swift in Sources */,
				105E868627E4B3BB0015A4F2 /* FSCoopResult.swift in Sources */,
				101AED61271E3F2B009556B2 /* Icon.swift in Sources */,
				109F97EB272491E600AB1FA3 /* ResultCollectionView.swift in Sources */,
				109B545D27CB90DB00FACC1A /* WaveView.swift in Sources */,
				10162F8A27C7B34D00ACFD4D /* SettingView_Application.swift in Sources */,
				100556FE27C98B3D0094582D /* StatsCard.swift in Sources */,
				10635096274E2E4D00529930 /* ShiftCollectionView.swift in Sources */,
				10C7D69427CF8DCD002C1F37 /* SettingView+Firebase.swift in Sources */,
				10AAE04627CA764200E8E3D4 /* StatsCardHalf.swift in Sources */,
				109F97F02724A11900AB1FA3 /* GrowingButtonStyle.swift in Sources */,
				10BA13F527201B1400348DD3 /* RealmCoopWave.swift in Sources */,
				10C7D68E27CF6CDA002C1F37 /* Firecode.swift in Sources */,
				100556F727C948200094582D /* ShiftFilterButton.swift in Sources */,
				1041BC09277DAFFE008B27F1 /* ResultWave.swift in Sources */,
				109F97E8272490CE00AB1FA3 /* LoadingView.swift in Sources */,
				109B546827CD6C2300FACC1A /* AppService+StoreKit.swift in Sources */,
				10C7C46C277ED8330015ECBB /* Localized.swift in Sources */,
				107B687927B6FAD900238B9D /* CircleProgressView.swift in Sources */,
				10196D4227D2120B009CD55E /* StatsWave.swift in Sources */,
				106B7F8F27D3231900E6B528 /* RankId.swift in Sources */,
				1033700627DF62600090C6E8 /* SalmonStats+New.swift in Sources */,
			);
			runOnlyForDeploymentPostprocessing = 0;
		};
		101AED19271E310B009556B2 /* Sources */ = {
			isa = PBXSourcesBuildPhase;
			buildActionMask = 2147483647;
			files = (
				101AED22271E310B009556B2 /* Salmonia3Tests.swift in Sources */,
			);
			runOnlyForDeploymentPostprocessing = 0;
		};
		101AED23271E310B009556B2 /* Sources */ = {
			isa = PBXSourcesBuildPhase;
			buildActionMask = 2147483647;
			files = (
				101AED2E271E310B009556B2 /* Salmonia3UITestsLaunchTests.swift in Sources */,
				101AED2C271E310B009556B2 /* Salmonia3UITests.swift in Sources */,
			);
			runOnlyForDeploymentPostprocessing = 0;
		};
/* End PBXSourcesBuildPhase section */

/* Begin PBXTargetDependency section */
		101AED1F271E310B009556B2 /* PBXTargetDependency */ = {
			isa = PBXTargetDependency;
			target = 101AED0C271E3109009556B2 /* Salmonia3 */;
			targetProxy = 101AED1E271E310B009556B2 /* PBXContainerItemProxy */;
		};
		101AED29271E310B009556B2 /* PBXTargetDependency */ = {
			isa = PBXTargetDependency;
			target = 101AED0C271E3109009556B2 /* Salmonia3 */;
			targetProxy = 101AED28271E310B009556B2 /* PBXContainerItemProxy */;
		};
/* End PBXTargetDependency section */

/* Begin PBXVariantGroup section */
		10F38E89277E1E9900CD945F /* InfoPlist.strings */ = {
			isa = PBXVariantGroup;
			children = (
				10F38E88277E1E9900CD945F /* en */,
				10F38E8A277E1E9A00CD945F /* ja */,
			);
			name = InfoPlist.strings;
			sourceTree = "<group>";
		};
/* End PBXVariantGroup section */

/* Begin XCBuildConfiguration section */
		101AED2F271E310B009556B2 /* Debug */ = {
			isa = XCBuildConfiguration;
			buildSettings = {
				ALWAYS_SEARCH_USER_PATHS = NO;
				CLANG_ANALYZER_LOCALIZABILITY_NONLOCALIZED = YES;
				CLANG_ANALYZER_NONNULL = YES;
				CLANG_ANALYZER_NUMBER_OBJECT_CONVERSION = YES_AGGRESSIVE;
				CLANG_CXX_LANGUAGE_STANDARD = "gnu++17";
				CLANG_CXX_LIBRARY = "libc++";
				CLANG_ENABLE_MODULES = YES;
				CLANG_ENABLE_OBJC_ARC = YES;
				CLANG_ENABLE_OBJC_WEAK = YES;
				CLANG_WARN_BLOCK_CAPTURE_AUTORELEASING = YES;
				CLANG_WARN_BOOL_CONVERSION = YES;
				CLANG_WARN_COMMA = YES;
				CLANG_WARN_CONSTANT_CONVERSION = YES;
				CLANG_WARN_DEPRECATED_OBJC_IMPLEMENTATIONS = YES;
				CLANG_WARN_DIRECT_OBJC_ISA_USAGE = YES_ERROR;
				CLANG_WARN_DOCUMENTATION_COMMENTS = YES;
				CLANG_WARN_EMPTY_BODY = YES;
				CLANG_WARN_ENUM_CONVERSION = YES;
				CLANG_WARN_INFINITE_RECURSION = YES;
				CLANG_WARN_INT_CONVERSION = YES;
				CLANG_WARN_NON_LITERAL_NULL_CONVERSION = YES;
				CLANG_WARN_OBJC_IMPLICIT_RETAIN_SELF = YES;
				CLANG_WARN_OBJC_LITERAL_CONVERSION = YES;
				CLANG_WARN_OBJC_ROOT_CLASS = YES_ERROR;
				CLANG_WARN_QUOTED_INCLUDE_IN_FRAMEWORK_HEADER = YES;
				CLANG_WARN_RANGE_LOOP_ANALYSIS = YES;
				CLANG_WARN_STRICT_PROTOTYPES = YES;
				CLANG_WARN_SUSPICIOUS_MOVE = YES;
				CLANG_WARN_UNGUARDED_AVAILABILITY = YES_AGGRESSIVE;
				CLANG_WARN_UNREACHABLE_CODE = YES;
				CLANG_WARN__DUPLICATE_METHOD_MATCH = YES;
				COPY_PHASE_STRIP = NO;
				DEBUG_INFORMATION_FORMAT = dwarf;
				ENABLE_STRICT_OBJC_MSGSEND = YES;
				ENABLE_TESTABILITY = YES;
				GCC_C_LANGUAGE_STANDARD = gnu11;
				GCC_DYNAMIC_NO_PIC = NO;
				GCC_NO_COMMON_BLOCKS = YES;
				GCC_OPTIMIZATION_LEVEL = 0;
				GCC_PREPROCESSOR_DEFINITIONS = (
					"DEBUG=1",
					"$(inherited)",
				);
				GCC_WARN_64_TO_32_BIT_CONVERSION = YES;
				GCC_WARN_ABOUT_RETURN_TYPE = YES_ERROR;
				GCC_WARN_UNDECLARED_SELECTOR = YES;
				GCC_WARN_UNINITIALIZED_AUTOS = YES_AGGRESSIVE;
				GCC_WARN_UNUSED_FUNCTION = YES;
				GCC_WARN_UNUSED_VARIABLE = YES;
				IPHONEOS_DEPLOYMENT_TARGET = 15.0;
				MTL_ENABLE_DEBUG_INFO = INCLUDE_SOURCE;
				MTL_FAST_MATH = YES;
				ONLY_ACTIVE_ARCH = YES;
				OTHER_LDFLAGS = "";
				SDKROOT = iphoneos;
				SWIFT_ACTIVE_COMPILATION_CONDITIONS = DEBUG;
				SWIFT_EMIT_LOC_STRINGS = NO;
				SWIFT_OPTIMIZATION_LEVEL = "-Onone";
				SWIFT_VERSION = 5.0;
			};
			name = Debug;
		};
		101AED30271E310B009556B2 /* Release */ = {
			isa = XCBuildConfiguration;
			buildSettings = {
				ALWAYS_SEARCH_USER_PATHS = NO;
				CLANG_ANALYZER_LOCALIZABILITY_NONLOCALIZED = YES;
				CLANG_ANALYZER_NONNULL = YES;
				CLANG_ANALYZER_NUMBER_OBJECT_CONVERSION = YES_AGGRESSIVE;
				CLANG_CXX_LANGUAGE_STANDARD = "gnu++17";
				CLANG_CXX_LIBRARY = "libc++";
				CLANG_ENABLE_MODULES = YES;
				CLANG_ENABLE_OBJC_ARC = YES;
				CLANG_ENABLE_OBJC_WEAK = YES;
				CLANG_WARN_BLOCK_CAPTURE_AUTORELEASING = YES;
				CLANG_WARN_BOOL_CONVERSION = YES;
				CLANG_WARN_COMMA = YES;
				CLANG_WARN_CONSTANT_CONVERSION = YES;
				CLANG_WARN_DEPRECATED_OBJC_IMPLEMENTATIONS = YES;
				CLANG_WARN_DIRECT_OBJC_ISA_USAGE = YES_ERROR;
				CLANG_WARN_DOCUMENTATION_COMMENTS = YES;
				CLANG_WARN_EMPTY_BODY = YES;
				CLANG_WARN_ENUM_CONVERSION = YES;
				CLANG_WARN_INFINITE_RECURSION = YES;
				CLANG_WARN_INT_CONVERSION = YES;
				CLANG_WARN_NON_LITERAL_NULL_CONVERSION = YES;
				CLANG_WARN_OBJC_IMPLICIT_RETAIN_SELF = YES;
				CLANG_WARN_OBJC_LITERAL_CONVERSION = YES;
				CLANG_WARN_OBJC_ROOT_CLASS = YES_ERROR;
				CLANG_WARN_QUOTED_INCLUDE_IN_FRAMEWORK_HEADER = YES;
				CLANG_WARN_RANGE_LOOP_ANALYSIS = YES;
				CLANG_WARN_STRICT_PROTOTYPES = YES;
				CLANG_WARN_SUSPICIOUS_MOVE = YES;
				CLANG_WARN_UNGUARDED_AVAILABILITY = YES_AGGRESSIVE;
				CLANG_WARN_UNREACHABLE_CODE = YES;
				CLANG_WARN__DUPLICATE_METHOD_MATCH = YES;
				COPY_PHASE_STRIP = NO;
				DEBUG_INFORMATION_FORMAT = "dwarf-with-dsym";
				ENABLE_NS_ASSERTIONS = NO;
				ENABLE_STRICT_OBJC_MSGSEND = YES;
				GCC_C_LANGUAGE_STANDARD = gnu11;
				GCC_NO_COMMON_BLOCKS = YES;
				GCC_WARN_64_TO_32_BIT_CONVERSION = YES;
				GCC_WARN_ABOUT_RETURN_TYPE = YES_ERROR;
				GCC_WARN_UNDECLARED_SELECTOR = YES;
				GCC_WARN_UNINITIALIZED_AUTOS = YES_AGGRESSIVE;
				GCC_WARN_UNUSED_FUNCTION = YES;
				GCC_WARN_UNUSED_VARIABLE = YES;
				IPHONEOS_DEPLOYMENT_TARGET = 15.0;
				MTL_ENABLE_DEBUG_INFO = NO;
				MTL_FAST_MATH = YES;
				OTHER_LDFLAGS = "";
				SDKROOT = iphoneos;
				SWIFT_COMPILATION_MODE = wholemodule;
				SWIFT_EMIT_LOC_STRINGS = NO;
				SWIFT_OPTIMIZATION_LEVEL = "-O";
				SWIFT_VERSION = 5.0;
				VALIDATE_PRODUCT = YES;
			};
			name = Release;
		};
		101AED32271E310B009556B2 /* Debug */ = {
			isa = XCBuildConfiguration;
			buildSettings = {
				ASSETCATALOG_COMPILER_APPICON_NAME = AppIcon;
				ASSETCATALOG_COMPILER_GLOBAL_ACCENT_COLOR_NAME = AccentColor;
				CODE_SIGN_ENTITLEMENTS = Salmonia3/Salmonia3.entitlements;
				CODE_SIGN_STYLE = Automatic;
				CURRENT_PROJECT_VERSION = 20;
				DEVELOPMENT_ASSET_PATHS = "\"Salmonia3/Preview Content\"";
				DEVELOPMENT_TEAM = D9HU6JZF2Q;
				ENABLE_PREVIEWS = YES;
				GENERATE_INFOPLIST_FILE = YES;
				INFOPLIST_FILE = Salmonia3/Info.plist;
				INFOPLIST_KEY_NSUserTrackingUsageDescription = "This itentifier will be used to deliver persoalized ads to you.";
				INFOPLIST_KEY_UIApplicationSceneManifest_Generation = YES;
				INFOPLIST_KEY_UIApplicationSupportsIndirectInputEvents = YES;
				INFOPLIST_KEY_UILaunchScreen_Generation = YES;
				INFOPLIST_KEY_UISupportedInterfaceOrientations = UIInterfaceOrientationPortrait;
				INFOPLIST_KEY_UISupportedInterfaceOrientations_iPad = "UIInterfaceOrientationPortrait UIInterfaceOrientationPortraitUpsideDown UIInterfaceOrientationLandscapeLeft UIInterfaceOrientationLandscapeRight";
				INFOPLIST_KEY_UISupportedInterfaceOrientations_iPhone = "UIInterfaceOrientationPortrait UIInterfaceOrientationLandscapeLeft UIInterfaceOrientationLandscapeRight";
				IPHONEOS_DEPLOYMENT_TARGET = 15.0;
				LD_RUNPATH_SEARCH_PATHS = (
					"$(inherited)",
					"@executable_path/Frameworks",
				);
				MARKETING_VERSION = 2.0.0;
				OTHER_LDFLAGS = "";
				PRODUCT_BUNDLE_IDENTIFIER = work.tkgstrator.salmonia3;
				PRODUCT_NAME = "$(TARGET_NAME)";
				SWIFT_EMIT_LOC_STRINGS = YES;
				SWIFT_VERSION = 5.0;
				TARGETED_DEVICE_FAMILY = "1,2";
			};
			name = Debug;
		};
		101AED33271E310B009556B2 /* Release */ = {
			isa = XCBuildConfiguration;
			buildSettings = {
				ASSETCATALOG_COMPILER_APPICON_NAME = AppIcon;
				ASSETCATALOG_COMPILER_GLOBAL_ACCENT_COLOR_NAME = AccentColor;
				CODE_SIGN_ENTITLEMENTS = Salmonia3/Salmonia3.entitlements;
				CODE_SIGN_STYLE = Automatic;
				CURRENT_PROJECT_VERSION = 20;
				DEVELOPMENT_ASSET_PATHS = "\"Salmonia3/Preview Content\"";
				DEVELOPMENT_TEAM = D9HU6JZF2Q;
				ENABLE_PREVIEWS = YES;
				GENERATE_INFOPLIST_FILE = YES;
				INFOPLIST_FILE = Salmonia3/Info.plist;
				INFOPLIST_KEY_NSUserTrackingUsageDescription = "This itentifier will be used to deliver persoalized ads to you.";
				INFOPLIST_KEY_UIApplicationSceneManifest_Generation = YES;
				INFOPLIST_KEY_UIApplicationSupportsIndirectInputEvents = YES;
				INFOPLIST_KEY_UILaunchScreen_Generation = YES;
				INFOPLIST_KEY_UISupportedInterfaceOrientations = UIInterfaceOrientationPortrait;
				INFOPLIST_KEY_UISupportedInterfaceOrientations_iPad = "UIInterfaceOrientationPortrait UIInterfaceOrientationPortraitUpsideDown UIInterfaceOrientationLandscapeLeft UIInterfaceOrientationLandscapeRight";
				INFOPLIST_KEY_UISupportedInterfaceOrientations_iPhone = "UIInterfaceOrientationPortrait UIInterfaceOrientationLandscapeLeft UIInterfaceOrientationLandscapeRight";
				IPHONEOS_DEPLOYMENT_TARGET = 15.0;
				LD_RUNPATH_SEARCH_PATHS = (
					"$(inherited)",
					"@executable_path/Frameworks",
				);
				MARKETING_VERSION = 2.0.0;
				OTHER_LDFLAGS = "";
				PRODUCT_BUNDLE_IDENTIFIER = work.tkgstrator.salmonia3;
				PRODUCT_NAME = "$(TARGET_NAME)";
				SWIFT_EMIT_LOC_STRINGS = YES;
				SWIFT_VERSION = 5.0;
				TARGETED_DEVICE_FAMILY = "1,2";
			};
			name = Release;
		};
		101AED35271E310B009556B2 /* Debug */ = {
			isa = XCBuildConfiguration;
			buildSettings = {
				ALWAYS_EMBED_SWIFT_STANDARD_LIBRARIES = YES;
				BUNDLE_LOADER = "$(TEST_HOST)";
				CODE_SIGN_STYLE = Automatic;
				CURRENT_PROJECT_VERSION = 1;
				DEVELOPMENT_TEAM = D9HU6JZF2Q;
				GENERATE_INFOPLIST_FILE = YES;
				IPHONEOS_DEPLOYMENT_TARGET = 14.0;
				LD_RUNPATH_SEARCH_PATHS = (
					"$(inherited)",
					"@executable_path/Frameworks",
					"@loader_path/Frameworks",
				);
				MARKETING_VERSION = 1.0;
				PRODUCT_BUNDLE_IDENTIFIER = work.tkgstrator.Salmonia3Tests;
				PRODUCT_NAME = "$(TARGET_NAME)";
				SWIFT_EMIT_LOC_STRINGS = NO;
				SWIFT_VERSION = 5.0;
				TARGETED_DEVICE_FAMILY = "1,2";
				TEST_HOST = "$(BUILT_PRODUCTS_DIR)/Salmonia3.app/Salmonia3";
			};
			name = Debug;
		};
		101AED36271E310B009556B2 /* Release */ = {
			isa = XCBuildConfiguration;
			buildSettings = {
				ALWAYS_EMBED_SWIFT_STANDARD_LIBRARIES = YES;
				BUNDLE_LOADER = "$(TEST_HOST)";
				CODE_SIGN_STYLE = Automatic;
				CURRENT_PROJECT_VERSION = 1;
				DEVELOPMENT_TEAM = D9HU6JZF2Q;
				GENERATE_INFOPLIST_FILE = YES;
				IPHONEOS_DEPLOYMENT_TARGET = 14.0;
				LD_RUNPATH_SEARCH_PATHS = (
					"$(inherited)",
					"@executable_path/Frameworks",
					"@loader_path/Frameworks",
				);
				MARKETING_VERSION = 1.0;
				PRODUCT_BUNDLE_IDENTIFIER = work.tkgstrator.Salmonia3Tests;
				PRODUCT_NAME = "$(TARGET_NAME)";
				SWIFT_EMIT_LOC_STRINGS = NO;
				SWIFT_VERSION = 5.0;
				TARGETED_DEVICE_FAMILY = "1,2";
				TEST_HOST = "$(BUILT_PRODUCTS_DIR)/Salmonia3.app/Salmonia3";
			};
			name = Release;
		};
		101AED38271E310B009556B2 /* Debug */ = {
			isa = XCBuildConfiguration;
			buildSettings = {
				ALWAYS_EMBED_SWIFT_STANDARD_LIBRARIES = YES;
				CODE_SIGN_STYLE = Automatic;
				CURRENT_PROJECT_VERSION = 1;
				DEVELOPMENT_TEAM = D9HU6JZF2Q;
				GENERATE_INFOPLIST_FILE = YES;
				LD_RUNPATH_SEARCH_PATHS = (
					"$(inherited)",
					"@executable_path/Frameworks",
					"@loader_path/Frameworks",
				);
				MARKETING_VERSION = 1.0;
				PRODUCT_BUNDLE_IDENTIFIER = work.tkgstrator.Salmonia3UITests;
				PRODUCT_NAME = "$(TARGET_NAME)";
				SWIFT_EMIT_LOC_STRINGS = NO;
				SWIFT_VERSION = 5.0;
				TARGETED_DEVICE_FAMILY = "1,2";
				TEST_TARGET_NAME = Salmonia3;
			};
			name = Debug;
		};
		101AED39271E310B009556B2 /* Release */ = {
			isa = XCBuildConfiguration;
			buildSettings = {
				ALWAYS_EMBED_SWIFT_STANDARD_LIBRARIES = YES;
				CODE_SIGN_STYLE = Automatic;
				CURRENT_PROJECT_VERSION = 1;
				DEVELOPMENT_TEAM = D9HU6JZF2Q;
				GENERATE_INFOPLIST_FILE = YES;
				LD_RUNPATH_SEARCH_PATHS = (
					"$(inherited)",
					"@executable_path/Frameworks",
					"@loader_path/Frameworks",
				);
				MARKETING_VERSION = 1.0;
				PRODUCT_BUNDLE_IDENTIFIER = work.tkgstrator.Salmonia3UITests;
				PRODUCT_NAME = "$(TARGET_NAME)";
				SWIFT_EMIT_LOC_STRINGS = NO;
				SWIFT_VERSION = 5.0;
				TARGETED_DEVICE_FAMILY = "1,2";
				TEST_TARGET_NAME = Salmonia3;
			};
			name = Release;
		};
/* End XCBuildConfiguration section */

/* Begin XCConfigurationList section */
		101AED08271E3109009556B2 /* Build configuration list for PBXProject "Salmonia3" */ = {
			isa = XCConfigurationList;
			buildConfigurations = (
				101AED2F271E310B009556B2 /* Debug */,
				101AED30271E310B009556B2 /* Release */,
			);
			defaultConfigurationIsVisible = 0;
			defaultConfigurationName = Release;
		};
		101AED31271E310B009556B2 /* Build configuration list for PBXNativeTarget "Salmonia3" */ = {
			isa = XCConfigurationList;
			buildConfigurations = (
				101AED32271E310B009556B2 /* Debug */,
				101AED33271E310B009556B2 /* Release */,
			);
			defaultConfigurationIsVisible = 0;
			defaultConfigurationName = Release;
		};
		101AED34271E310B009556B2 /* Build configuration list for PBXNativeTarget "Salmonia3Tests" */ = {
			isa = XCConfigurationList;
			buildConfigurations = (
				101AED35271E310B009556B2 /* Debug */,
				101AED36271E310B009556B2 /* Release */,
			);
			defaultConfigurationIsVisible = 0;
			defaultConfigurationName = Release;
		};
		101AED37271E310B009556B2 /* Build configuration list for PBXNativeTarget "Salmonia3UITests" */ = {
			isa = XCConfigurationList;
			buildConfigurations = (
				101AED38271E310B009556B2 /* Debug */,
				101AED39271E310B009556B2 /* Release */,
			);
			defaultConfigurationIsVisible = 0;
			defaultConfigurationName = Release;
		};
/* End XCConfigurationList section */

/* Begin XCRemoteSwiftPackageReference section */
		101141AD2783545F0088DF4C /* XCRemoteSwiftPackageReference "SwiftyChart" */ = {
			isa = XCRemoteSwiftPackageReference;
			repositoryURL = "https://github.com/tkgstrator/SwiftyChart";
			requirement = {
				branch = master;
				kind = branch;
			};
		};
		1032849827E7C78F008964EB /* XCRemoteSwiftPackageReference "SwiftyStoreKit" */ = {
			isa = XCRemoteSwiftPackageReference;
			repositoryURL = "https://github.com/bizz84/SwiftyStoreKit";
			requirement = {
				kind = upToNextMajorVersion;
				minimumVersion = 0.16.4;
			};
		};
		1032849B27E7C7C1008964EB /* XCRemoteSwiftPackageReference "firebase-ios-sdk" */ = {
			isa = XCRemoteSwiftPackageReference;
			repositoryURL = "https://github.com/firebase/firebase-ios-sdk";
			requirement = {
				kind = upToNextMajorVersion;
				minimumVersion = 8.0.0;
			};
		};
		103284A927E7C89C008964EB /* XCRemoteSwiftPackageReference "Surge" */ = {
			isa = XCRemoteSwiftPackageReference;
			repositoryURL = "https://github.com/Jounce/Surge";
			requirement = {
				kind = exactVersion;
				version = 2.3.2;
			};
		};
		107DB668272CF67900A5A6E5 /* XCRemoteSwiftPackageReference "GoogleMobileAds" */ = {
			isa = XCRemoteSwiftPackageReference;
			repositoryURL = "https://github.com/quanghits/GoogleMobileAds";
			requirement = {
				kind = upToNextMajorVersion;
				minimumVersion = 9.0.0;
			};
		};
		10805B2827E7CB03001A8B68 /* XCRemoteSwiftPackageReference "realm-swift" */ = {
			isa = XCRemoteSwiftPackageReference;
			repositoryURL = "https://github.com/realm/realm-swift.git";
			requirement = {
				kind = exactVersion;
				version = 10.24.2;
			};
		};
/* End XCRemoteSwiftPackageReference section */

/* Begin XCSwiftPackageProductDependency section */
		1032848F27E7C6D7008964EB /* SalmonStats */ = {
			isa = XCSwiftPackageProductDependency;
			productName = SalmonStats;
		};
		1032849127E7C6DA008964EB /* SplatNet2 */ = {
			isa = XCSwiftPackageProductDependency;
			productName = SplatNet2;
		};
		1032849327E7C6DF008964EB /* GoogleMobileAds */ = {
			isa = XCSwiftPackageProductDependency;
			package = 107DB668272CF67900A5A6E5 /* XCRemoteSwiftPackageReference "GoogleMobileAds" */;
			productName = GoogleMobileAds;
		};
		1032849927E7C78F008964EB /* SwiftyStoreKit */ = {
			isa = XCSwiftPackageProductDependency;
			package = 1032849827E7C78F008964EB /* XCRemoteSwiftPackageReference "SwiftyStoreKit" */;
			productName = SwiftyStoreKit;
		};
		1032849C27E7C7C1008964EB /* FirebaseAnalytics */ = {
			isa = XCSwiftPackageProductDependency;
			package = 1032849B27E7C7C1008964EB /* XCRemoteSwiftPackageReference "firebase-ios-sdk" */;
			productName = FirebaseAnalytics;
		};
		1032849E27E7C7C1008964EB /* FirebaseAuth */ = {
			isa = XCSwiftPackageProductDependency;
			package = 1032849B27E7C7C1008964EB /* XCRemoteSwiftPackageReference "firebase-ios-sdk" */;
			productName = FirebaseAuth;
		};
		103284A027E7C7C1008964EB /* FirebaseAuthCombine-Community */ = {
			isa = XCSwiftPackageProductDependency;
			package = 1032849B27E7C7C1008964EB /* XCRemoteSwiftPackageReference "firebase-ios-sdk" */;
			productName = "FirebaseAuthCombine-Community";
		};
		103284A227E7C7C1008964EB /* FirebaseFirestore */ = {
			isa = XCSwiftPackageProductDependency;
			package = 1032849B27E7C7C1008964EB /* XCRemoteSwiftPackageReference "firebase-ios-sdk" */;
			productName = FirebaseFirestore;
		};
		103284A427E7C7C1008964EB /* FirebaseFirestoreSwift-Beta */ = {
			isa = XCSwiftPackageProductDependency;
			package = 1032849B27E7C7C1008964EB /* XCRemoteSwiftPackageReference "firebase-ios-sdk" */;
			productName = "FirebaseFirestoreSwift-Beta";
		};
		103284AA27E7C89C008964EB /* Surge */ = {
			isa = XCSwiftPackageProductDependency;
			package = 103284A927E7C89C008964EB /* XCRemoteSwiftPackageReference "Surge" */;
			productName = Surge;
		};
		10805B2927E7CB92001A8B68 /* RealmSwift */ = {
			isa = XCSwiftPackageProductDependency;
			package = 10805B2827E7CB03001A8B68 /* XCRemoteSwiftPackageReference "realm-swift" */;
			productName = RealmSwift;
		};
		10805B2D27E7CBE7001A8B68 /* SwiftyUI */ = {
			isa = XCSwiftPackageProductDependency;
			productName = SwiftyUI;
		};
		10805B2F27E7CD77001A8B68 /* SwiftyChart */ = {
			isa = XCSwiftPackageProductDependency;
			package = 101141AD2783545F0088DF4C /* XCRemoteSwiftPackageReference "SwiftyChart" */;
			productName = SwiftyChart;
		};
/* End XCSwiftPackageProductDependency section */
	};
	rootObject = 101AED05271E3109009556B2 /* Project object */;
}
