// !$*UTF8*$!
{
	archiveVersion = 1;
	classes = {
	};
	objectVersion = 52;
	objects = {

/* Begin PBXBuildFile section */
		101C77CD26496FA6005D603C /* CoopPlayerView.swift in Sources */ = {isa = PBXBuildFile; fileRef = 101C77CC26496FA6005D603C /* CoopPlayerView.swift */; };
		101C77D526497038005D603C /* CoopPlayerResultView.swift in Sources */ = {isa = PBXBuildFile; fileRef = 101C77D426497038005D603C /* CoopPlayerResultView.swift */; };
		101C77DA264C283C005D603C /* UsernameView.swift in Sources */ = {isa = PBXBuildFile; fileRef = 101C77D9264C283B005D603C /* UsernameView.swift */; };
		102465F125FDDABD004DC043 /* SettingView.swift in Sources */ = {isa = PBXBuildFile; fileRef = 102465F025FDDABD004DC043 /* SettingView.swift */; };
		1024660325FDE916004DC043 /* Localizable.strings in Resources */ = {isa = PBXBuildFile; fileRef = 1024660525FDE916004DC043 /* Localizable.strings */; };
		1024661125FDF411004DC043 /* String.swift in Sources */ = {isa = PBXBuildFile; fileRef = 1024661025FDF411004DC043 /* String.swift */; };
		1024661625FDFF0F004DC043 /* ImageResize.swift in Sources */ = {isa = PBXBuildFile; fileRef = 1024661525FDFF0F004DC043 /* ImageResize.swift */; };
		1024661B25FE0929004DC043 /* RealmCoopShift.swift in Sources */ = {isa = PBXBuildFile; fileRef = 1024661A25FE0929004DC043 /* RealmCoopShift.swift */; };
		1024662525FE4012004DC043 /* CoopShiftCollection.swift in Sources */ = {isa = PBXBuildFile; fileRef = 1024662425FE4012004DC043 /* CoopShiftCollection.swift */; };
		1024662A25FE50A0004DC043 /* Int.swift in Sources */ = {isa = PBXBuildFile; fileRef = 1024662925FE50A0004DC043 /* Int.swift */; };
		1024663E26009956004DC043 /* Grade.swift in Sources */ = {isa = PBXBuildFile; fileRef = 1024663D26009956004DC043 /* Grade.swift */; };
		1024664B2600D55E004DC043 /* StageType.swift in Sources */ = {isa = PBXBuildFile; fileRef = 1024664A2600D55E004DC043 /* StageType.swift */; };
		1028D37226418EFD0034C075 /* MBCircleProgressBar in Frameworks */ = {isa = PBXBuildFile; productRef = 1028D37126418EFD0034C075 /* MBCircleProgressBar */; };
		102C75DF2659BA5700AEE20F /* LoadingIndicator.swift in Sources */ = {isa = PBXBuildFile; fileRef = 102C75DE2659BA5700AEE20F /* LoadingIndicator.swift */; };
		102C75EB2659C5A600AEE20F /* SwiftyAPNGKit in Frameworks */ = {isa = PBXBuildFile; productRef = 102C75EA2659C5A600AEE20F /* SwiftyAPNGKit */; };
		102C760D265A50BC00AEE20F /* LoadingSnow.png in Resources */ = {isa = PBXBuildFile; fileRef = 102C760C265A50BC00AEE20F /* LoadingSnow.png */; };
		102C761D265A549400AEE20F /* LoadingSpin.png in Resources */ = {isa = PBXBuildFile; fileRef = 102C761C265A549400AEE20F /* LoadingSpin.png */; };
		102C762E265A718600AEE20F /* LoadingIka.png in Resources */ = {isa = PBXBuildFile; fileRef = 102C762D265A718600AEE20F /* LoadingIka.png */; };
		10317286262C32FB00CF8903 /* SalmonStats in Frameworks */ = {isa = PBXBuildFile; productRef = 10317285262C32FB00CF8903 /* SalmonStats */; };
		1031728E262C355500CF8903 /* ImportingView.swift in Sources */ = {isa = PBXBuildFile; fileRef = 1031728D262C355500CF8903 /* ImportingView.swift */; };
		10377F6525FCD63B00536A94 /* Font.swift in Sources */ = {isa = PBXBuildFile; fileRef = 10377F6425FCD63B00536A94 /* Font.swift */; };
		10377F7525FCD8CD00536A94 /* RobotoMono.ttf in Resources */ = {isa = PBXBuildFile; fileRef = 10377F6125FCD5C200536A94 /* RobotoMono.ttf */; };
		10377F7625FCD8CD00536A94 /* Splatfont1.ttf in Resources */ = {isa = PBXBuildFile; fileRef = 10377F6225FCD5C800536A94 /* Splatfont1.ttf */; };
		10377F7725FCD8CD00536A94 /* Splatfont2.ttf in Resources */ = {isa = PBXBuildFile; fileRef = 10377F6325FCD5CD00536A94 /* Splatfont2.ttf */; };
		10377F7C25FCD9E800536A94 /* RealmManager.swift in Sources */ = {isa = PBXBuildFile; fileRef = 10377F7B25FCD9E800536A94 /* RealmManager.swift */; };
		10377F8125FCDBE400536A94 /* RealmUserInfo.swift in Sources */ = {isa = PBXBuildFile; fileRef = 10377F8025FCDBE400536A94 /* RealmUserInfo.swift */; };
		10377F8625FD041900536A94 /* AppManager.swift in Sources */ = {isa = PBXBuildFile; fileRef = 10377F8525FD041900536A94 /* AppManager.swift */; };
		10377F9125FD09E800536A94 /* LoadingView.swift in Sources */ = {isa = PBXBuildFile; fileRef = 10377F9025FD09E800536A94 /* LoadingView.swift */; };
		10377F9925FD09FF00536A94 /* LoggingThread.swift in Sources */ = {isa = PBXBuildFile; fileRef = 10377F9825FD09FF00536A94 /* LoggingThread.swift */; };
		10377FA425FD10FE00536A94 /* Optional.swift in Sources */ = {isa = PBXBuildFile; fileRef = 10377FA325FD10FE00536A94 /* Optional.swift */; };
		10377FAD25FD166200536A94 /* CoopResultCollection.swift in Sources */ = {isa = PBXBuildFile; fileRef = 10377FAC25FD166200536A94 /* CoopResultCollection.swift */; };
		10448BDD26652E7B00FFB553 /* SRPower.swift in Sources */ = {isa = PBXBuildFile; fileRef = 10448BDC26652E7B00FFB553 /* SRPower.swift */; };
		104AA7DC2605E0C8007BDC24 /* GoogleMobileAds.swift in Sources */ = {isa = PBXBuildFile; fileRef = 104AA7DB2605E0C8007BDC24 /* GoogleMobileAds.swift */; };
		104BD608261C93630013CD27 /* KeyStorage.swift in Sources */ = {isa = PBXBuildFile; fileRef = 104BD607261C93630013CD27 /* KeyStorage.swift */; };
		104BD620261C98800013CD27 /* URLImage in Frameworks */ = {isa = PBXBuildFile; productRef = 104BD61F261C98800013CD27 /* URLImage */; };
		1052C2D026550E7800D3B9A9 /* DetailView.swift in Sources */ = {isa = PBXBuildFile; fileRef = 1052C2CF26550E7800D3B9A9 /* DetailView.swift */; };
		10567DD8264ECDD0002654D3 /* SplatNet2.swift in Sources */ = {isa = PBXBuildFile; fileRef = 10567DD7264ECDD0002654D3 /* SplatNet2.swift */; };
		1059416725FA49E500C32D21 /* Salmonia3App.swift in Sources */ = {isa = PBXBuildFile; fileRef = 1059416625FA49E500C32D21 /* Salmonia3App.swift */; };
		1059416925FA49E500C32D21 /* ContentView.swift in Sources */ = {isa = PBXBuildFile; fileRef = 1059416825FA49E500C32D21 /* ContentView.swift */; };
		1059416B25FA49E900C32D21 /* Assets.xcassets in Resources */ = {isa = PBXBuildFile; fileRef = 1059416A25FA49E900C32D21 /* Assets.xcassets */; };
		1059416E25FA49E900C32D21 /* Preview Assets.xcassets in Resources */ = {isa = PBXBuildFile; fileRef = 1059416D25FA49E900C32D21 /* Preview Assets.xcassets */; };
		1059417925FA49E900C32D21 /* Salmonia3Tests.swift in Sources */ = {isa = PBXBuildFile; fileRef = 1059417825FA49E900C32D21 /* Salmonia3Tests.swift */; };
		1059418425FA49E900C32D21 /* Salmonia3UITests.swift in Sources */ = {isa = PBXBuildFile; fileRef = 1059418325FA49E900C32D21 /* Salmonia3UITests.swift */; };
		1059419725FA4C0C00C32D21 /* Color.swift in Sources */ = {isa = PBXBuildFile; fileRef = 1059419625FA4C0C00C32D21 /* Color.swift */; };
		105941A025FA4E2500C32D21 /* LoginMenu.swift in Sources */ = {isa = PBXBuildFile; fileRef = 1059419F25FA4E2500C32D21 /* LoginMenu.swift */; };
		105941A825FA4F9500C32D21 /* SalmonLoginMenu.swift in Sources */ = {isa = PBXBuildFile; fileRef = 105941A725FA4F9500C32D21 /* SalmonLoginMenu.swift */; };
		105941AD25FA500500C32D21 /* TopMenu.swift in Sources */ = {isa = PBXBuildFile; fileRef = 105941AC25FA500500C32D21 /* TopMenu.swift */; };
		105941BE25FA525100C32D21 /* Background.swift in Sources */ = {isa = PBXBuildFile; fileRef = 105941BD25FA525100C32D21 /* Background.swift */; };
		10682EED264FEEE80035CC68 /* StatsWeaponView.swift in Sources */ = {isa = PBXBuildFile; fileRef = 10682EEC264FEEE80035CC68 /* StatsWeaponView.swift */; };
		10682EF3264FEF0A0035CC68 /* StatsWaveView.swift in Sources */ = {isa = PBXBuildFile; fileRef = 10682EF2264FEF0A0035CC68 /* StatsWaveView.swift */; };
		10682EFB264FEF2A0035CC68 /* StatsView.swift in Sources */ = {isa = PBXBuildFile; fileRef = 10682EFA264FEF2A0035CC68 /* StatsView.swift */; };
		10682F01265000590035CC68 /* WeaponType.swift in Sources */ = {isa = PBXBuildFile; fileRef = 10682F00265000590035CC68 /* WeaponType.swift */; };
		10682F092650026D0035CC68 /* SpecialType.swift in Sources */ = {isa = PBXBuildFile; fileRef = 10682F082650026D0035CC68 /* SpecialType.swift */; };
		10682F112650046D0035CC68 /* SalmonidType.swift in Sources */ = {isa = PBXBuildFile; fileRef = 10682F102650046D0035CC68 /* SalmonidType.swift */; };
		1079EAD22647E3540085008C /* CoopRecordView.swift in Sources */ = {isa = PBXBuildFile; fileRef = 1079EAD12647E3540085008C /* CoopRecordView.swift */; };
		107D8A2C260A0D83005DCC83 /* RealmCoopStats.swift in Sources */ = {isa = PBXBuildFile; fileRef = 107D8A2B260A0D83005DCC83 /* RealmCoopStats.swift */; };
		1083857C265922700099475F /* SwiftyBeaver in Frameworks */ = {isa = PBXBuildFile; productRef = 1083857B265922700099475F /* SwiftyBeaver */; };
		108C04082659847D008D2D8C /* GoogleService-Info.plist in Resources */ = {isa = PBXBuildFile; fileRef = 108C04072659847D008D2D8C /* GoogleService-Info.plist */; };
		1090C689263DF162000DD54C /* SplatNet2 in Frameworks */ = {isa = PBXBuildFile; productRef = 1090C688263DF162000DD54C /* SplatNet2 */; };
		109EF35E260CAB7F00076157 /* ProductView.swift in Sources */ = {isa = PBXBuildFile; fileRef = 109EF35D260CAB7F00076157 /* ProductView.swift */; };
		109EF375260CB01E00076157 /* ButtonStyle.swift in Sources */ = {isa = PBXBuildFile; fileRef = 109EF374260CB01E00076157 /* ButtonStyle.swift */; };
		10A08032262070A200BFDF59 /* CoopShiftStats.swift in Sources */ = {isa = PBXBuildFile; fileRef = 10A08031262070A200BFDF59 /* CoopShiftStats.swift */; };
		10AD114D2600EB18008C0E64 /* Error.swift in Sources */ = {isa = PBXBuildFile; fileRef = 10AD114C2600EB18008C0E64 /* Error.swift */; };
		10B07C5F260A1463008FDE1B /* CoopShiftStatsView.swift in Sources */ = {isa = PBXBuildFile; fileRef = 10B07C5E260A1463008FDE1B /* CoopShiftStatsView.swift */; };
		10B62CA32669CC1400916A64 /* CoopWaveCollection.swift in Sources */ = {isa = PBXBuildFile; fileRef = 10B62CA22669CC1400916A64 /* CoopWaveCollection.swift */; };
		10B62CAF2669D48E00916A64 /* Appearance.swift in Sources */ = {isa = PBXBuildFile; fileRef = 10B62CAE2669D48E00916A64 /* Appearance.swift */; };
		10BBBEA226049EF400DA79C9 /* CoopResultView.swift in Sources */ = {isa = PBXBuildFile; fileRef = 10BBBEA126049EF400DA79C9 /* CoopResultView.swift */; };
		10CF098E25FB97CB00D2EEB1 /* BetterSafariView in Frameworks */ = {isa = PBXBuildFile; productRef = 10CF098D25FB97CB00D2EEB1 /* BetterSafariView */; };
		10CF099425FB97F300D2EEB1 /* SwiftUIRefresh in Frameworks */ = {isa = PBXBuildFile; productRef = 10CF099325FB97F300D2EEB1 /* SwiftUIRefresh */; };
		10CF09A025FB984400D2EEB1 /* SwiftyStoreKit in Frameworks */ = {isa = PBXBuildFile; productRef = 10CF099F25FB984400D2EEB1 /* SwiftyStoreKit */; };
		10CF09B825FB9AC100D2EEB1 /* Realm in Frameworks */ = {isa = PBXBuildFile; productRef = 10CF09B725FB9AC100D2EEB1 /* Realm */; };
		10CF09BA25FB9AC100D2EEB1 /* RealmSwift in Frameworks */ = {isa = PBXBuildFile; productRef = 10CF09B925FB9AC100D2EEB1 /* RealmSwift */; };
		10CF09BF25FB9AEC00D2EEB1 /* SplitNavigationViewStyle.swift in Sources */ = {isa = PBXBuildFile; fileRef = 10CF09BE25FB9AEC00D2EEB1 /* SplitNavigationViewStyle.swift */; };
		10CF09F425FB9BE100D2EEB1 /* RealmCoopResult.swift in Sources */ = {isa = PBXBuildFile; fileRef = 10CF09F325FB9BE100D2EEB1 /* RealmCoopResult.swift */; };
		10CF09FB25FB9C6B00D2EEB1 /* CoreRealmCoop.swift in Sources */ = {isa = PBXBuildFile; fileRef = 10CF09FA25FB9C6B00D2EEB1 /* CoreRealmCoop.swift */; };
		10CF0A0025FBA5BC00D2EEB1 /* RealmPlayerResult.swift in Sources */ = {isa = PBXBuildFile; fileRef = 10CF09FF25FBA5BC00D2EEB1 /* RealmPlayerResult.swift */; };
		10CF0A0525FBA6BF00D2EEB1 /* RealmCoopWave.swift in Sources */ = {isa = PBXBuildFile; fileRef = 10CF0A0425FBA6BF00D2EEB1 /* RealmCoopWave.swift */; };
		10D2E1552655548F00AE584E /* Text.swift in Sources */ = {isa = PBXBuildFile; fileRef = 10D2E1542655548F00AE584E /* Text.swift */; };
		10D2E15A265557B200AE584E /* View.swift in Sources */ = {isa = PBXBuildFile; fileRef = 10D2E159265557B200AE584E /* View.swift */; };
		10D2E1622655618B00AE584E /* LocalizableStrings.swift in Sources */ = {isa = PBXBuildFile; fileRef = 10D2E1612655618B00AE584E /* LocalizableStrings.swift */; };
		2E38FBBA890FA31FB3591447 /* Pods_Salmonia3Tests.framework in Frameworks */ = {isa = PBXBuildFile; fileRef = F4CFAB4D922D35088435EF26 /* Pods_Salmonia3Tests.framework */; };
		A8C5630EBE09FDEA7BF59B1C /* Pods_Salmonia3.framework in Frameworks */ = {isa = PBXBuildFile; fileRef = 7B6419A3A4A135F484294BF5 /* Pods_Salmonia3.framework */; };
/* End PBXBuildFile section */

/* Begin PBXContainerItemProxy section */
		1059417525FA49E900C32D21 /* PBXContainerItemProxy */ = {
			isa = PBXContainerItemProxy;
			containerPortal = 1059415B25FA49E500C32D21 /* Project object */;
			proxyType = 1;
			remoteGlobalIDString = 1059416225FA49E500C32D21;
			remoteInfo = Salmonia3;
		};
		1059418025FA49E900C32D21 /* PBXContainerItemProxy */ = {
			isa = PBXContainerItemProxy;
			containerPortal = 1059415B25FA49E500C32D21 /* Project object */;
			proxyType = 1;
			remoteGlobalIDString = 1059416225FA49E500C32D21;
			remoteInfo = Salmonia3;
		};
/* End PBXContainerItemProxy section */

/* Begin PBXFileReference section */
		100F564A262C308F00A1D1D0 /* SalmonStats */ = {isa = PBXFileReference; lastKnownFileType = folder; name = SalmonStats; path = ../SalmonStats; sourceTree = "<group>"; };
		101C77CC26496FA6005D603C /* CoopPlayerView.swift */ = {isa = PBXFileReference; lastKnownFileType = sourcecode.swift; path = CoopPlayerView.swift; sourceTree = "<group>"; };
		101C77D426497038005D603C /* CoopPlayerResultView.swift */ = {isa = PBXFileReference; lastKnownFileType = sourcecode.swift; path = CoopPlayerResultView.swift; sourceTree = "<group>"; };
		101C77D9264C283B005D603C /* UsernameView.swift */ = {isa = PBXFileReference; lastKnownFileType = sourcecode.swift; path = UsernameView.swift; sourceTree = "<group>"; };
		102465F025FDDABD004DC043 /* SettingView.swift */ = {isa = PBXFileReference; lastKnownFileType = sourcecode.swift; path = SettingView.swift; sourceTree = "<group>"; };
		1024660425FDE916004DC043 /* en */ = {isa = PBXFileReference; lastKnownFileType = text.plist.strings; name = en; path = en.lproj/Localizable.strings; sourceTree = "<group>"; };
		1024661025FDF411004DC043 /* String.swift */ = {isa = PBXFileReference; lastKnownFileType = sourcecode.swift; path = String.swift; sourceTree = "<group>"; };
		1024661525FDFF0F004DC043 /* ImageResize.swift */ = {isa = PBXFileReference; lastKnownFileType = sourcecode.swift; path = ImageResize.swift; sourceTree = "<group>"; };
		1024661A25FE0929004DC043 /* RealmCoopShift.swift */ = {isa = PBXFileReference; lastKnownFileType = sourcecode.swift; path = RealmCoopShift.swift; sourceTree = "<group>"; };
		1024662425FE4012004DC043 /* CoopShiftCollection.swift */ = {isa = PBXFileReference; lastKnownFileType = sourcecode.swift; path = CoopShiftCollection.swift; sourceTree = "<group>"; };
		1024662925FE50A0004DC043 /* Int.swift */ = {isa = PBXFileReference; lastKnownFileType = sourcecode.swift; path = Int.swift; sourceTree = "<group>"; };
		1024663D26009956004DC043 /* Grade.swift */ = {isa = PBXFileReference; lastKnownFileType = sourcecode.swift; path = Grade.swift; sourceTree = "<group>"; };
		102466462600CE27004DC043 /* ja */ = {isa = PBXFileReference; lastKnownFileType = text.plist.strings; name = ja; path = ja.lproj/Localizable.strings; sourceTree = "<group>"; };
		1024664A2600D55E004DC043 /* StageType.swift */ = {isa = PBXFileReference; lastKnownFileType = sourcecode.swift; path = StageType.swift; sourceTree = "<group>"; };
		1028D36D26418EF30034C075 /* MBCircleProgressBar */ = {isa = PBXFileReference; lastKnownFileType = folder; name = MBCircleProgressBar; path = ../MBCircleProgressBar; sourceTree = "<group>"; };
		102C75DE2659BA5700AEE20F /* LoadingIndicator.swift */ = {isa = PBXFileReference; lastKnownFileType = sourcecode.swift; path = LoadingIndicator.swift; sourceTree = "<group>"; };
		102C75E62659C59500AEE20F /* SwiftyAPNGKit */ = {isa = PBXFileReference; lastKnownFileType = folder; name = SwiftyAPNGKit; path = ../SwiftyAPNGKit; sourceTree = "<group>"; };
		102C760C265A50BC00AEE20F /* LoadingSnow.png */ = {isa = PBXFileReference; lastKnownFileType = image.png; path = LoadingSnow.png; sourceTree = "<group>"; };
		102C761C265A549400AEE20F /* LoadingSpin.png */ = {isa = PBXFileReference; lastKnownFileType = image.png; path = LoadingSpin.png; sourceTree = "<group>"; };
		102C762D265A718600AEE20F /* LoadingIka.png */ = {isa = PBXFileReference; lastKnownFileType = image.png; path = LoadingIka.png; sourceTree = "<group>"; };
		1031728D262C355500CF8903 /* ImportingView.swift */ = {isa = PBXFileReference; lastKnownFileType = sourcecode.swift; path = ImportingView.swift; sourceTree = "<group>"; };
		10377F6125FCD5C200536A94 /* RobotoMono.ttf */ = {isa = PBXFileReference; lastKnownFileType = file; path = RobotoMono.ttf; sourceTree = "<group>"; };
		10377F6225FCD5C800536A94 /* Splatfont1.ttf */ = {isa = PBXFileReference; lastKnownFileType = file; path = Splatfont1.ttf; sourceTree = "<group>"; };
		10377F6325FCD5CD00536A94 /* Splatfont2.ttf */ = {isa = PBXFileReference; lastKnownFileType = file; path = Splatfont2.ttf; sourceTree = "<group>"; };
		10377F6425FCD63B00536A94 /* Font.swift */ = {isa = PBXFileReference; lastKnownFileType = sourcecode.swift; path = Font.swift; sourceTree = "<group>"; };
		10377F7B25FCD9E800536A94 /* RealmManager.swift */ = {isa = PBXFileReference; lastKnownFileType = sourcecode.swift; path = RealmManager.swift; sourceTree = "<group>"; };
		10377F8025FCDBE400536A94 /* RealmUserInfo.swift */ = {isa = PBXFileReference; lastKnownFileType = sourcecode.swift; path = RealmUserInfo.swift; sourceTree = "<group>"; };
		10377F8525FD041900536A94 /* AppManager.swift */ = {isa = PBXFileReference; lastKnownFileType = sourcecode.swift; path = AppManager.swift; sourceTree = "<group>"; };
		10377F9025FD09E800536A94 /* LoadingView.swift */ = {isa = PBXFileReference; lastKnownFileType = sourcecode.swift; path = LoadingView.swift; sourceTree = "<group>"; };
		10377F9825FD09FF00536A94 /* LoggingThread.swift */ = {isa = PBXFileReference; lastKnownFileType = sourcecode.swift; path = LoggingThread.swift; sourceTree = "<group>"; };
		10377FA325FD10FE00536A94 /* Optional.swift */ = {isa = PBXFileReference; lastKnownFileType = sourcecode.swift; path = Optional.swift; sourceTree = "<group>"; };
		10377FAC25FD166200536A94 /* CoopResultCollection.swift */ = {isa = PBXFileReference; lastKnownFileType = sourcecode.swift; path = CoopResultCollection.swift; sourceTree = "<group>"; };
		10448BDC26652E7B00FFB553 /* SRPower.swift */ = {isa = PBXFileReference; lastKnownFileType = sourcecode.swift; path = SRPower.swift; sourceTree = "<group>"; };
		104AA7DB2605E0C8007BDC24 /* GoogleMobileAds.swift */ = {isa = PBXFileReference; lastKnownFileType = sourcecode.swift; path = GoogleMobileAds.swift; sourceTree = "<group>"; };
		104BD607261C93630013CD27 /* KeyStorage.swift */ = {isa = PBXFileReference; lastKnownFileType = sourcecode.swift; path = KeyStorage.swift; sourceTree = "<group>"; };
		1052C2CF26550E7800D3B9A9 /* DetailView.swift */ = {isa = PBXFileReference; lastKnownFileType = sourcecode.swift; path = DetailView.swift; sourceTree = "<group>"; };
		10567DD7264ECDD0002654D3 /* SplatNet2.swift */ = {isa = PBXFileReference; lastKnownFileType = sourcecode.swift; path = SplatNet2.swift; sourceTree = "<group>"; };
		1059416325FA49E500C32D21 /* Salmonia3.app */ = {isa = PBXFileReference; explicitFileType = wrapper.application; includeInIndex = 0; path = Salmonia3.app; sourceTree = BUILT_PRODUCTS_DIR; };
		1059416625FA49E500C32D21 /* Salmonia3App.swift */ = {isa = PBXFileReference; lastKnownFileType = sourcecode.swift; path = Salmonia3App.swift; sourceTree = "<group>"; };
		1059416825FA49E500C32D21 /* ContentView.swift */ = {isa = PBXFileReference; lastKnownFileType = sourcecode.swift; path = ContentView.swift; sourceTree = "<group>"; };
		1059416A25FA49E900C32D21 /* Assets.xcassets */ = {isa = PBXFileReference; lastKnownFileType = folder.assetcatalog; path = Assets.xcassets; sourceTree = "<group>"; };
		1059416D25FA49E900C32D21 /* Preview Assets.xcassets */ = {isa = PBXFileReference; lastKnownFileType = folder.assetcatalog; path = "Preview Assets.xcassets"; sourceTree = "<group>"; };
		1059416F25FA49E900C32D21 /* Info.plist */ = {isa = PBXFileReference; lastKnownFileType = text.plist.xml; path = Info.plist; sourceTree = "<group>"; };
		1059417425FA49E900C32D21 /* Salmonia3Tests.xctest */ = {isa = PBXFileReference; explicitFileType = wrapper.cfbundle; includeInIndex = 0; path = Salmonia3Tests.xctest; sourceTree = BUILT_PRODUCTS_DIR; };
		1059417825FA49E900C32D21 /* Salmonia3Tests.swift */ = {isa = PBXFileReference; lastKnownFileType = sourcecode.swift; path = Salmonia3Tests.swift; sourceTree = "<group>"; };
		1059417A25FA49E900C32D21 /* Info.plist */ = {isa = PBXFileReference; lastKnownFileType = text.plist.xml; path = Info.plist; sourceTree = "<group>"; };
		1059417F25FA49E900C32D21 /* Salmonia3UITests.xctest */ = {isa = PBXFileReference; explicitFileType = wrapper.cfbundle; includeInIndex = 0; path = Salmonia3UITests.xctest; sourceTree = BUILT_PRODUCTS_DIR; };
		1059418325FA49E900C32D21 /* Salmonia3UITests.swift */ = {isa = PBXFileReference; lastKnownFileType = sourcecode.swift; path = Salmonia3UITests.swift; sourceTree = "<group>"; };
		1059418525FA49E900C32D21 /* Info.plist */ = {isa = PBXFileReference; lastKnownFileType = text.plist.xml; path = Info.plist; sourceTree = "<group>"; };
		1059419625FA4C0C00C32D21 /* Color.swift */ = {isa = PBXFileReference; lastKnownFileType = sourcecode.swift; path = Color.swift; sourceTree = "<group>"; };
		1059419F25FA4E2500C32D21 /* LoginMenu.swift */ = {isa = PBXFileReference; lastKnownFileType = sourcecode.swift; path = LoginMenu.swift; sourceTree = "<group>"; };
		105941A725FA4F9500C32D21 /* SalmonLoginMenu.swift */ = {isa = PBXFileReference; lastKnownFileType = sourcecode.swift; path = SalmonLoginMenu.swift; sourceTree = "<group>"; };
		105941AC25FA500500C32D21 /* TopMenu.swift */ = {isa = PBXFileReference; lastKnownFileType = sourcecode.swift; path = TopMenu.swift; sourceTree = "<group>"; };
		105941BD25FA525100C32D21 /* Background.swift */ = {isa = PBXFileReference; lastKnownFileType = sourcecode.swift; path = Background.swift; sourceTree = "<group>"; };
		10682EEC264FEEE80035CC68 /* StatsWeaponView.swift */ = {isa = PBXFileReference; lastKnownFileType = sourcecode.swift; path = StatsWeaponView.swift; sourceTree = "<group>"; };
		10682EF2264FEF0A0035CC68 /* StatsWaveView.swift */ = {isa = PBXFileReference; lastKnownFileType = sourcecode.swift; path = StatsWaveView.swift; sourceTree = "<group>"; };
		10682EFA264FEF2A0035CC68 /* StatsView.swift */ = {isa = PBXFileReference; lastKnownFileType = sourcecode.swift; path = StatsView.swift; sourceTree = "<group>"; };
		10682F00265000590035CC68 /* WeaponType.swift */ = {isa = PBXFileReference; lastKnownFileType = sourcecode.swift; path = WeaponType.swift; sourceTree = "<group>"; };
		10682F082650026D0035CC68 /* SpecialType.swift */ = {isa = PBXFileReference; lastKnownFileType = sourcecode.swift; path = SpecialType.swift; sourceTree = "<group>"; };
		10682F102650046D0035CC68 /* SalmonidType.swift */ = {isa = PBXFileReference; lastKnownFileType = sourcecode.swift; path = SalmonidType.swift; sourceTree = "<group>"; };
		1079EAD12647E3540085008C /* CoopRecordView.swift */ = {isa = PBXFileReference; lastKnownFileType = sourcecode.swift; path = CoopRecordView.swift; sourceTree = "<group>"; };
		107D8A2B260A0D83005DCC83 /* RealmCoopStats.swift */ = {isa = PBXFileReference; lastKnownFileType = sourcecode.swift; path = RealmCoopStats.swift; sourceTree = "<group>"; };
		108C04072659847D008D2D8C /* GoogleService-Info.plist */ = {isa = PBXFileReference; fileEncoding = 4; lastKnownFileType = text.plist.xml; path = "GoogleService-Info.plist"; sourceTree = "<group>"; };
		1090C681263DF125000DD54C /* SplatNet2 */ = {isa = PBXFileReference; lastKnownFileType = folder; name = SplatNet2; path = ../SplatNet2; sourceTree = "<group>"; };
		1090C6A6263E902B000DD54C /* Salmonia3.entitlements */ = {isa = PBXFileReference; lastKnownFileType = text.plist.entitlements; path = Salmonia3.entitlements; sourceTree = "<group>"; };
		109EF35D260CAB7F00076157 /* ProductView.swift */ = {isa = PBXFileReference; lastKnownFileType = sourcecode.swift; path = ProductView.swift; sourceTree = "<group>"; };
		109EF374260CB01E00076157 /* ButtonStyle.swift */ = {isa = PBXFileReference; lastKnownFileType = sourcecode.swift; path = ButtonStyle.swift; sourceTree = "<group>"; };
		10A08031262070A200BFDF59 /* CoopShiftStats.swift */ = {isa = PBXFileReference; lastKnownFileType = sourcecode.swift; path = CoopShiftStats.swift; sourceTree = "<group>"; };
		10AD114C2600EB18008C0E64 /* Error.swift */ = {isa = PBXFileReference; lastKnownFileType = sourcecode.swift; path = Error.swift; sourceTree = "<group>"; };
		10B07C5E260A1463008FDE1B /* CoopShiftStatsView.swift */ = {isa = PBXFileReference; lastKnownFileType = sourcecode.swift; path = CoopShiftStatsView.swift; sourceTree = "<group>"; };
		10B62CA22669CC1400916A64 /* CoopWaveCollection.swift */ = {isa = PBXFileReference; lastKnownFileType = sourcecode.swift; path = CoopWaveCollection.swift; sourceTree = "<group>"; };
		10B62CAE2669D48E00916A64 /* Appearance.swift */ = {isa = PBXFileReference; lastKnownFileType = sourcecode.swift; path = Appearance.swift; sourceTree = "<group>"; };
		10BBBEA126049EF400DA79C9 /* CoopResultView.swift */ = {isa = PBXFileReference; lastKnownFileType = sourcecode.swift; path = CoopResultView.swift; sourceTree = "<group>"; };
		10CF09BE25FB9AEC00D2EEB1 /* SplitNavigationViewStyle.swift */ = {isa = PBXFileReference; lastKnownFileType = sourcecode.swift; path = SplitNavigationViewStyle.swift; sourceTree = "<group>"; };
		10CF09F325FB9BE100D2EEB1 /* RealmCoopResult.swift */ = {isa = PBXFileReference; lastKnownFileType = sourcecode.swift; path = RealmCoopResult.swift; sourceTree = "<group>"; };
		10CF09FA25FB9C6B00D2EEB1 /* CoreRealmCoop.swift */ = {isa = PBXFileReference; lastKnownFileType = sourcecode.swift; path = CoreRealmCoop.swift; sourceTree = "<group>"; };
		10CF09FF25FBA5BC00D2EEB1 /* RealmPlayerResult.swift */ = {isa = PBXFileReference; lastKnownFileType = sourcecode.swift; path = RealmPlayerResult.swift; sourceTree = "<group>"; };
		10CF0A0425FBA6BF00D2EEB1 /* RealmCoopWave.swift */ = {isa = PBXFileReference; lastKnownFileType = sourcecode.swift; path = RealmCoopWave.swift; sourceTree = "<group>"; };
		10D2E1542655548F00AE584E /* Text.swift */ = {isa = PBXFileReference; lastKnownFileType = sourcecode.swift; path = Text.swift; sourceTree = "<group>"; };
		10D2E159265557B200AE584E /* View.swift */ = {isa = PBXFileReference; lastKnownFileType = sourcecode.swift; path = View.swift; sourceTree = "<group>"; };
		10D2E1612655618B00AE584E /* LocalizableStrings.swift */ = {isa = PBXFileReference; fileEncoding = 4; lastKnownFileType = sourcecode.swift; path = LocalizableStrings.swift; sourceTree = "<group>"; };
		2F2E5792249C15DC27343CA1 /* Pods-Salmonia3Tests.debug.xcconfig */ = {isa = PBXFileReference; includeInIndex = 1; lastKnownFileType = text.xcconfig; name = "Pods-Salmonia3Tests.debug.xcconfig"; path = "Target Support Files/Pods-Salmonia3Tests/Pods-Salmonia3Tests.debug.xcconfig"; sourceTree = "<group>"; };
		40DFE28342F9F06B5E95E99C /* Pods-Salmonia3Tests.release.xcconfig */ = {isa = PBXFileReference; includeInIndex = 1; lastKnownFileType = text.xcconfig; name = "Pods-Salmonia3Tests.release.xcconfig"; path = "Target Support Files/Pods-Salmonia3Tests/Pods-Salmonia3Tests.release.xcconfig"; sourceTree = "<group>"; };
		56AB289C0D87612FB8D00999 /* Pods-Salmonia3.debug.xcconfig */ = {isa = PBXFileReference; includeInIndex = 1; lastKnownFileType = text.xcconfig; name = "Pods-Salmonia3.debug.xcconfig"; path = "Target Support Files/Pods-Salmonia3/Pods-Salmonia3.debug.xcconfig"; sourceTree = "<group>"; };
		7B6419A3A4A135F484294BF5 /* Pods_Salmonia3.framework */ = {isa = PBXFileReference; explicitFileType = wrapper.framework; includeInIndex = 0; path = Pods_Salmonia3.framework; sourceTree = BUILT_PRODUCTS_DIR; };
		CA0FB8B78274FB434279E074 /* Pods-Salmonia3.release.xcconfig */ = {isa = PBXFileReference; includeInIndex = 1; lastKnownFileType = text.xcconfig; name = "Pods-Salmonia3.release.xcconfig"; path = "Target Support Files/Pods-Salmonia3/Pods-Salmonia3.release.xcconfig"; sourceTree = "<group>"; };
		F4CFAB4D922D35088435EF26 /* Pods_Salmonia3Tests.framework */ = {isa = PBXFileReference; explicitFileType = wrapper.framework; includeInIndex = 0; path = Pods_Salmonia3Tests.framework; sourceTree = BUILT_PRODUCTS_DIR; };
/* End PBXFileReference section */

/* Begin PBXFrameworksBuildPhase section */
		1059416025FA49E500C32D21 /* Frameworks */ = {
			isa = PBXFrameworksBuildPhase;
			buildActionMask = 2147483647;
			files = (
				10CF09A025FB984400D2EEB1 /* SwiftyStoreKit in Frameworks */,
				1090C689263DF162000DD54C /* SplatNet2 in Frameworks */,
				10CF09BA25FB9AC100D2EEB1 /* RealmSwift in Frameworks */,
				10CF099425FB97F300D2EEB1 /* SwiftUIRefresh in Frameworks */,
				10CF09B825FB9AC100D2EEB1 /* Realm in Frameworks */,
				102C75EB2659C5A600AEE20F /* SwiftyAPNGKit in Frameworks */,
				10317286262C32FB00CF8903 /* SalmonStats in Frameworks */,
				1083857C265922700099475F /* SwiftyBeaver in Frameworks */,
				104BD620261C98800013CD27 /* URLImage in Frameworks */,
				10CF098E25FB97CB00D2EEB1 /* BetterSafariView in Frameworks */,
				1028D37226418EFD0034C075 /* MBCircleProgressBar in Frameworks */,
				A8C5630EBE09FDEA7BF59B1C /* Pods_Salmonia3.framework in Frameworks */,
			);
			runOnlyForDeploymentPostprocessing = 0;
		};
		1059417125FA49E900C32D21 /* Frameworks */ = {
			isa = PBXFrameworksBuildPhase;
			buildActionMask = 2147483647;
			files = (
				2E38FBBA890FA31FB3591447 /* Pods_Salmonia3Tests.framework in Frameworks */,
			);
			runOnlyForDeploymentPostprocessing = 0;
		};
		1059417C25FA49E900C32D21 /* Frameworks */ = {
			isa = PBXFrameworksBuildPhase;
			buildActionMask = 2147483647;
			files = (
			);
			runOnlyForDeploymentPostprocessing = 0;
		};
/* End PBXFrameworksBuildPhase section */

/* Begin PBXGroup section */
		101C77CA26496F64005D603C /* Result */ = {
			isa = PBXGroup;
			children = (
				10BBBEA126049EF400DA79C9 /* CoopResultView.swift */,
				10377FAC25FD166200536A94 /* CoopResultCollection.swift */,
				101C77CC26496FA6005D603C /* CoopPlayerView.swift */,
				101C77D426497038005D603C /* CoopPlayerResultView.swift */,
			);
			path = Result;
			sourceTree = "<group>";
		};
		101C77CB26496F6F005D603C /* Shift */ = {
			isa = PBXGroup;
			children = (
				10682EF1264FEEF00035CC68 /* StatsTab */,
				1024662425FE4012004DC043 /* CoopShiftCollection.swift */,
				10B07C5E260A1463008FDE1B /* CoopShiftStatsView.swift */,
			);
			path = Shift;
			sourceTree = "<group>";
		};
		102465EF25FDDAAA004DC043 /* SettingMenu */ = {
			isa = PBXGroup;
			children = (
				102465F025FDDABD004DC043 /* SettingView.swift */,
				1052C2CF26550E7800D3B9A9 /* DetailView.swift */,
				109EF35D260CAB7F00076157 /* ProductView.swift */,
			);
			path = SettingMenu;
			sourceTree = "<group>";
		};
		102C75D52659B9E500AEE20F /* Resources */ = {
			isa = PBXGroup;
			children = (
				102C762D265A718600AEE20F /* LoadingIka.png */,
				102C760C265A50BC00AEE20F /* LoadingSnow.png */,
				102C761C265A549400AEE20F /* LoadingSpin.png */,
			);
			path = Resources;
			sourceTree = "<group>";
		};
		10377F6025FCD5A400536A94 /* Fonts */ = {
			isa = PBXGroup;
			children = (
				10377F6125FCD5C200536A94 /* RobotoMono.ttf */,
				10377F6225FCD5C800536A94 /* Splatfont1.ttf */,
				10377F6325FCD5CD00536A94 /* Splatfont2.ttf */,
			);
			path = Fonts;
			sourceTree = "<group>";
		};
		10377F8F25FD09D200536A94 /* Loading */ = {
			isa = PBXGroup;
			children = (
				10377F9025FD09E800536A94 /* LoadingView.swift */,
				1031728D262C355500CF8903 /* ImportingView.swift */,
				101C77D9264C283B005D603C /* UsernameView.swift */,
				10377F9825FD09FF00536A94 /* LoggingThread.swift */,
				102C75DE2659BA5700AEE20F /* LoadingIndicator.swift */,
			);
			path = Loading;
			sourceTree = "<group>";
		};
		10377FA225FD10EF00536A94 /* Extension */ = {
			isa = PBXGroup;
			children = (
				10377FA325FD10FE00536A94 /* Optional.swift */,
				1024661025FDF411004DC043 /* String.swift */,
				1024662925FE50A0004DC043 /* Int.swift */,
				104BD607261C93630013CD27 /* KeyStorage.swift */,
				10D2E1542655548F00AE584E /* Text.swift */,
				10D2E159265557B200AE584E /* View.swift */,
			);
			path = Extension;
			sourceTree = "<group>";
		};
		10377FAB25FD165100536A94 /* Collection */ = {
			isa = PBXGroup;
			children = (
				10B62CA72669CC1C00916A64 /* Wave */,
				101C77CB26496F6F005D603C /* Shift */,
				101C77CA26496F64005D603C /* Result */,
				1079EAD12647E3540085008C /* CoopRecordView.swift */,
			);
			path = Collection;
			sourceTree = "<group>";
		};
		10448BDB26652E6700FFB553 /* SRPower */ = {
			isa = PBXGroup;
			children = (
				10448BDC26652E7B00FFB553 /* SRPower.swift */,
			);
			path = SRPower;
			sourceTree = "<group>";
		};
		104AA7DA2605E0A4007BDC24 /* UIKit */ = {
			isa = PBXGroup;
			children = (
				104AA7DB2605E0C8007BDC24 /* GoogleMobileAds.swift */,
			);
			path = UIKit;
			sourceTree = "<group>";
		};
		1059415A25FA49E500C32D21 = {
			isa = PBXGroup;
			children = (
				102C75E62659C59500AEE20F /* SwiftyAPNGKit */,
				1028D36D26418EF30034C075 /* MBCircleProgressBar */,
				1090C681263DF125000DD54C /* SplatNet2 */,
				100F564A262C308F00A1D1D0 /* SalmonStats */,
				1059416525FA49E500C32D21 /* Salmonia3 */,
				1059417725FA49E900C32D21 /* Salmonia3Tests */,
				1059418225FA49E900C32D21 /* Salmonia3UITests */,
				1059416425FA49E500C32D21 /* Products */,
				F26C9AF62F71E5A45BADB2BA /* Pods */,
				CC3D58FA9034E515205807EE /* Frameworks */,
			);
			sourceTree = "<group>";
		};
		1059416425FA49E500C32D21 /* Products */ = {
			isa = PBXGroup;
			children = (
				1059416325FA49E500C32D21 /* Salmonia3.app */,
				1059417425FA49E900C32D21 /* Salmonia3Tests.xctest */,
				1059417F25FA49E900C32D21 /* Salmonia3UITests.xctest */,
			);
			name = Products;
			sourceTree = "<group>";
		};
		1059416525FA49E500C32D21 /* Salmonia3 */ = {
			isa = PBXGroup;
			children = (
				1090C6A6263E902B000DD54C /* Salmonia3.entitlements */,
				1059416625FA49E500C32D21 /* Salmonia3App.swift */,
				1059416825FA49E500C32D21 /* ContentView.swift */,
				108C04072659847D008D2D8C /* GoogleService-Info.plist */,
				107F9B3A2614A8CA001581C7 /* MenuView */,
				10CF09F825FB9BEE00D2EEB1 /* Realm */,
				10CF09F925FB9C4900D2EEB1 /* ObservableObject */,
				10682EFF265000400035CC68 /* Enum */,
				104AA7DA2605E0A4007BDC24 /* UIKit */,
				10377FA225FD10EF00536A94 /* Extension */,
				1059419525FA4BF600C32D21 /* Assets */,
				102C75D52659B9E500AEE20F /* Resources */,
				1059416F25FA49E900C32D21 /* Info.plist */,
				1059416A25FA49E900C32D21 /* Assets.xcassets */,
				10D2E1612655618B00AE584E /* LocalizableStrings.swift */,
				1024660525FDE916004DC043 /* Localizable.strings */,
				1059416C25FA49E900C32D21 /* Preview Content */,
			);
			path = Salmonia3;
			sourceTree = "<group>";
		};
		1059416C25FA49E900C32D21 /* Preview Content */ = {
			isa = PBXGroup;
			children = (
				1059416D25FA49E900C32D21 /* Preview Assets.xcassets */,
			);
			path = "Preview Content";
			sourceTree = "<group>";
		};
		1059417725FA49E900C32D21 /* Salmonia3Tests */ = {
			isa = PBXGroup;
			children = (
				1059417825FA49E900C32D21 /* Salmonia3Tests.swift */,
				1059417A25FA49E900C32D21 /* Info.plist */,
			);
			path = Salmonia3Tests;
			sourceTree = "<group>";
		};
		1059418225FA49E900C32D21 /* Salmonia3UITests */ = {
			isa = PBXGroup;
			children = (
				1059418325FA49E900C32D21 /* Salmonia3UITests.swift */,
				1059418525FA49E900C32D21 /* Info.plist */,
			);
			path = Salmonia3UITests;
			sourceTree = "<group>";
		};
		1059419425FA4BE900C32D21 /* Color */ = {
			isa = PBXGroup;
			children = (
				1059419625FA4C0C00C32D21 /* Color.swift */,
			);
			path = Color;
			sourceTree = "<group>";
		};
		1059419525FA4BF600C32D21 /* Assets */ = {
			isa = PBXGroup;
			children = (
				10377F6025FCD5A400536A94 /* Fonts */,
				105941B125FA519A00C32D21 /* ViewModifier */,
				1059419425FA4BE900C32D21 /* Color */,
			);
			path = Assets;
			sourceTree = "<group>";
		};
		1059419E25FA4DDE00C32D21 /* LoginMenu */ = {
			isa = PBXGroup;
			children = (
				1059419F25FA4E2500C32D21 /* LoginMenu.swift */,
				105941A725FA4F9500C32D21 /* SalmonLoginMenu.swift */,
				105941AC25FA500500C32D21 /* TopMenu.swift */,
			);
			path = LoginMenu;
			sourceTree = "<group>";
		};
		105941B125FA519A00C32D21 /* ViewModifier */ = {
			isa = PBXGroup;
			children = (
				105941BD25FA525100C32D21 /* Background.swift */,
				10CF09BE25FB9AEC00D2EEB1 /* SplitNavigationViewStyle.swift */,
				10377F6425FCD63B00536A94 /* Font.swift */,
				1024661525FDFF0F004DC043 /* ImageResize.swift */,
				109EF374260CB01E00076157 /* ButtonStyle.swift */,
			);
			path = ViewModifier;
			sourceTree = "<group>";
		};
		10682EF1264FEEF00035CC68 /* StatsTab */ = {
			isa = PBXGroup;
			children = (
				10682EEC264FEEE80035CC68 /* StatsWeaponView.swift */,
				10682EF2264FEF0A0035CC68 /* StatsWaveView.swift */,
				10682EFA264FEF2A0035CC68 /* StatsView.swift */,
			);
			path = StatsTab;
			sourceTree = "<group>";
		};
		10682EFF265000400035CC68 /* Enum */ = {
			isa = PBXGroup;
			children = (
				1024663D26009956004DC043 /* Grade.swift */,
				1024664A2600D55E004DC043 /* StageType.swift */,
				10AD114C2600EB18008C0E64 /* Error.swift */,
				10567DD7264ECDD0002654D3 /* SplatNet2.swift */,
				10682F00265000590035CC68 /* WeaponType.swift */,
				10682F082650026D0035CC68 /* SpecialType.swift */,
				10682F102650046D0035CC68 /* SalmonidType.swift */,
				10B62CAE2669D48E00916A64 /* Appearance.swift */,
			);
			path = Enum;
			sourceTree = "<group>";
		};
		107F9B3A2614A8CA001581C7 /* MenuView */ = {
			isa = PBXGroup;
			children = (
				10377FAB25FD165100536A94 /* Collection */,
				1059419E25FA4DDE00C32D21 /* LoginMenu */,
				102465EF25FDDAAA004DC043 /* SettingMenu */,
				10377F8F25FD09D200536A94 /* Loading */,
			);
			path = MenuView;
			sourceTree = "<group>";
		};
		10A08036262070A700BFDF59 /* Result */ = {
			isa = PBXGroup;
			children = (
				10A08031262070A200BFDF59 /* CoopShiftStats.swift */,
			);
			path = Result;
			sourceTree = "<group>";
		};
		10B62CA72669CC1C00916A64 /* Wave */ = {
			isa = PBXGroup;
			children = (
				10B62CA22669CC1400916A64 /* CoopWaveCollection.swift */,
			);
			path = Wave;
			sourceTree = "<group>";
		};
		10CF09F825FB9BEE00D2EEB1 /* Realm */ = {
			isa = PBXGroup;
			children = (
				10448BDB26652E6700FFB553 /* SRPower */,
				10377F7B25FCD9E800536A94 /* RealmManager.swift */,
				107D8A2B260A0D83005DCC83 /* RealmCoopStats.swift */,
				10CF09F325FB9BE100D2EEB1 /* RealmCoopResult.swift */,
				1024661A25FE0929004DC043 /* RealmCoopShift.swift */,
				10CF09FF25FBA5BC00D2EEB1 /* RealmPlayerResult.swift */,
				10CF0A0425FBA6BF00D2EEB1 /* RealmCoopWave.swift */,
				10377F8025FCDBE400536A94 /* RealmUserInfo.swift */,
			);
			path = Realm;
			sourceTree = "<group>";
		};
		10CF09F925FB9C4900D2EEB1 /* ObservableObject */ = {
			isa = PBXGroup;
			children = (
				10CF09FA25FB9C6B00D2EEB1 /* CoreRealmCoop.swift */,
				10377F8525FD041900536A94 /* AppManager.swift */,
				10A08036262070A700BFDF59 /* Result */,
			);
			path = ObservableObject;
			sourceTree = "<group>";
		};
		CC3D58FA9034E515205807EE /* Frameworks */ = {
			isa = PBXGroup;
			children = (
				7B6419A3A4A135F484294BF5 /* Pods_Salmonia3.framework */,
				F4CFAB4D922D35088435EF26 /* Pods_Salmonia3Tests.framework */,
			);
			name = Frameworks;
			sourceTree = "<group>";
		};
		F26C9AF62F71E5A45BADB2BA /* Pods */ = {
			isa = PBXGroup;
			children = (
				56AB289C0D87612FB8D00999 /* Pods-Salmonia3.debug.xcconfig */,
				CA0FB8B78274FB434279E074 /* Pods-Salmonia3.release.xcconfig */,
				2F2E5792249C15DC27343CA1 /* Pods-Salmonia3Tests.debug.xcconfig */,
				40DFE28342F9F06B5E95E99C /* Pods-Salmonia3Tests.release.xcconfig */,
			);
			path = Pods;
			sourceTree = "<group>";
		};
/* End PBXGroup section */

/* Begin PBXNativeTarget section */
		1059416225FA49E500C32D21 /* Salmonia3 */ = {
			isa = PBXNativeTarget;
			buildConfigurationList = 1059418825FA49E900C32D21 /* Build configuration list for PBXNativeTarget "Salmonia3" */;
			buildPhases = (
				D7C2DF4B6924925625DD7D9F /* [CP] Check Pods Manifest.lock */,
				1059415F25FA49E500C32D21 /* Sources */,
				1059416025FA49E500C32D21 /* Frameworks */,
				1059416125FA49E500C32D21 /* Resources */,
				1AC99CC90BF85D86A9A4136F /* [CP] Embed Pods Frameworks */,
				48D606FF7FECA6B26B08AFFE /* [CP] Copy Pods Resources */,
			);
			buildRules = (
			);
			dependencies = (
			);
			name = Salmonia3;
			packageProductDependencies = (
				10CF098D25FB97CB00D2EEB1 /* BetterSafariView */,
				10CF099325FB97F300D2EEB1 /* SwiftUIRefresh */,
				10CF099F25FB984400D2EEB1 /* SwiftyStoreKit */,
				10CF09B725FB9AC100D2EEB1 /* Realm */,
				10CF09B925FB9AC100D2EEB1 /* RealmSwift */,
				104BD61F261C98800013CD27 /* URLImage */,
				10317285262C32FB00CF8903 /* SalmonStats */,
				1090C688263DF162000DD54C /* SplatNet2 */,
				1028D37126418EFD0034C075 /* MBCircleProgressBar */,
				1083857B265922700099475F /* SwiftyBeaver */,
				102C75EA2659C5A600AEE20F /* SwiftyAPNGKit */,
			);
			productName = Salmonia3;
			productReference = 1059416325FA49E500C32D21 /* Salmonia3.app */;
			productType = "com.apple.product-type.application";
		};
		1059417325FA49E900C32D21 /* Salmonia3Tests */ = {
			isa = PBXNativeTarget;
			buildConfigurationList = 1059418B25FA49E900C32D21 /* Build configuration list for PBXNativeTarget "Salmonia3Tests" */;
			buildPhases = (
				1FC1A00A1F80D4042A30983A /* [CP] Check Pods Manifest.lock */,
				1059417025FA49E900C32D21 /* Sources */,
				1059417125FA49E900C32D21 /* Frameworks */,
				1059417225FA49E900C32D21 /* Resources */,
				31EEF35EEE78608CE956C65C /* [CP] Embed Pods Frameworks */,
			);
			buildRules = (
			);
			dependencies = (
				1059417625FA49E900C32D21 /* PBXTargetDependency */,
			);
			name = Salmonia3Tests;
			productName = Salmonia3Tests;
			productReference = 1059417425FA49E900C32D21 /* Salmonia3Tests.xctest */;
			productType = "com.apple.product-type.bundle.unit-test";
		};
		1059417E25FA49E900C32D21 /* Salmonia3UITests */ = {
			isa = PBXNativeTarget;
			buildConfigurationList = 1059418E25FA49E900C32D21 /* Build configuration list for PBXNativeTarget "Salmonia3UITests" */;
			buildPhases = (
				1059417B25FA49E900C32D21 /* Sources */,
				1059417C25FA49E900C32D21 /* Frameworks */,
				1059417D25FA49E900C32D21 /* Resources */,
			);
			buildRules = (
			);
			dependencies = (
				1059418125FA49E900C32D21 /* PBXTargetDependency */,
			);
			name = Salmonia3UITests;
			productName = Salmonia3UITests;
			productReference = 1059417F25FA49E900C32D21 /* Salmonia3UITests.xctest */;
			productType = "com.apple.product-type.bundle.ui-testing";
		};
/* End PBXNativeTarget section */

/* Begin PBXProject section */
		1059415B25FA49E500C32D21 /* Project object */ = {
			isa = PBXProject;
			attributes = {
				LastSwiftUpdateCheck = 1240;
				LastUpgradeCheck = 1240;
				TargetAttributes = {
					1059416225FA49E500C32D21 = {
						CreatedOnToolsVersion = 12.4;
					};
					1059417325FA49E900C32D21 = {
						CreatedOnToolsVersion = 12.4;
						TestTargetID = 1059416225FA49E500C32D21;
					};
					1059417E25FA49E900C32D21 = {
						CreatedOnToolsVersion = 12.4;
						TestTargetID = 1059416225FA49E500C32D21;
					};
				};
			};
			buildConfigurationList = 1059415E25FA49E500C32D21 /* Build configuration list for PBXProject "Salmonia3" */;
			compatibilityVersion = "Xcode 9.3";
			developmentRegion = en;
			hasScannedForEncodings = 0;
			knownRegions = (
				en,
				Base,
				ja,
			);
			mainGroup = 1059415A25FA49E500C32D21;
			packageReferences = (
				10CF098C25FB97CB00D2EEB1 /* XCRemoteSwiftPackageReference "BetterSafariView" */,
				10CF099225FB97F300D2EEB1 /* XCRemoteSwiftPackageReference "SwiftUIRefresh" */,
				10CF099E25FB984400D2EEB1 /* XCRemoteSwiftPackageReference "SwiftyStoreKit" */,
				10CF09B625FB9AC100D2EEB1 /* XCRemoteSwiftPackageReference "realm-cocoa" */,
				104BD61E261C98800013CD27 /* XCRemoteSwiftPackageReference "url-image" */,
				1083857A265922700099475F /* XCRemoteSwiftPackageReference "SwiftyBeaver" */,
			);
			productRefGroup = 1059416425FA49E500C32D21 /* Products */;
			projectDirPath = "";
			projectRoot = "";
			targets = (
				1059416225FA49E500C32D21 /* Salmonia3 */,
				1059417325FA49E900C32D21 /* Salmonia3Tests */,
				1059417E25FA49E900C32D21 /* Salmonia3UITests */,
			);
		};
/* End PBXProject section */

/* Begin PBXResourcesBuildPhase section */
		1059416125FA49E500C32D21 /* Resources */ = {
			isa = PBXResourcesBuildPhase;
			buildActionMask = 2147483647;
			files = (
				102C761D265A549400AEE20F /* LoadingSpin.png in Resources */,
				10377F7525FCD8CD00536A94 /* RobotoMono.ttf in Resources */,
				10377F7625FCD8CD00536A94 /* Splatfont1.ttf in Resources */,
				102C760D265A50BC00AEE20F /* LoadingSnow.png in Resources */,
				1024660325FDE916004DC043 /* Localizable.strings in Resources */,
				10377F7725FCD8CD00536A94 /* Splatfont2.ttf in Resources */,
				1059416E25FA49E900C32D21 /* Preview Assets.xcassets in Resources */,
				1059416B25FA49E900C32D21 /* Assets.xcassets in Resources */,
				102C762E265A718600AEE20F /* LoadingIka.png in Resources */,
				108C04082659847D008D2D8C /* GoogleService-Info.plist in Resources */,
			);
			runOnlyForDeploymentPostprocessing = 0;
		};
		1059417225FA49E900C32D21 /* Resources */ = {
			isa = PBXResourcesBuildPhase;
			buildActionMask = 2147483647;
			files = (
			);
			runOnlyForDeploymentPostprocessing = 0;
		};
		1059417D25FA49E900C32D21 /* Resources */ = {
			isa = PBXResourcesBuildPhase;
			buildActionMask = 2147483647;
			files = (
			);
			runOnlyForDeploymentPostprocessing = 0;
		};
/* End PBXResourcesBuildPhase section */

/* Begin PBXShellScriptBuildPhase section */
		1AC99CC90BF85D86A9A4136F /* [CP] Embed Pods Frameworks */ = {
			isa = PBXShellScriptBuildPhase;
			buildActionMask = 2147483647;
			files = (
			);
			inputFileListPaths = (
				"${PODS_ROOT}/Target Support Files/Pods-Salmonia3/Pods-Salmonia3-frameworks-${CONFIGURATION}-input-files.xcfilelist",
			);
			name = "[CP] Embed Pods Frameworks";
			outputFileListPaths = (
				"${PODS_ROOT}/Target Support Files/Pods-Salmonia3/Pods-Salmonia3-frameworks-${CONFIGURATION}-output-files.xcfilelist",
			);
			runOnlyForDeploymentPostprocessing = 0;
			shellPath = /bin/sh;
			shellScript = "\"${PODS_ROOT}/Target Support Files/Pods-Salmonia3/Pods-Salmonia3-frameworks.sh\"\n";
			showEnvVarsInLog = 0;
		};
		1FC1A00A1F80D4042A30983A /* [CP] Check Pods Manifest.lock */ = {
			isa = PBXShellScriptBuildPhase;
			buildActionMask = 2147483647;
			files = (
			);
			inputFileListPaths = (
			);
			inputPaths = (
				"${PODS_PODFILE_DIR_PATH}/Podfile.lock",
				"${PODS_ROOT}/Manifest.lock",
			);
			name = "[CP] Check Pods Manifest.lock";
			outputFileListPaths = (
			);
			outputPaths = (
				"$(DERIVED_FILE_DIR)/Pods-Salmonia3Tests-checkManifestLockResult.txt",
			);
			runOnlyForDeploymentPostprocessing = 0;
			shellPath = /bin/sh;
			shellScript = "diff \"${PODS_PODFILE_DIR_PATH}/Podfile.lock\" \"${PODS_ROOT}/Manifest.lock\" > /dev/null\nif [ $? != 0 ] ; then\n    # print error to STDERR\n    echo \"error: The sandbox is not in sync with the Podfile.lock. Run 'pod install' or update your CocoaPods installation.\" >&2\n    exit 1\nfi\n# This output is used by Xcode 'outputs' to avoid re-running this script phase.\necho \"SUCCESS\" > \"${SCRIPT_OUTPUT_FILE_0}\"\n";
			showEnvVarsInLog = 0;
		};
		31EEF35EEE78608CE956C65C /* [CP] Embed Pods Frameworks */ = {
			isa = PBXShellScriptBuildPhase;
			buildActionMask = 2147483647;
			files = (
			);
			inputFileListPaths = (
				"${PODS_ROOT}/Target Support Files/Pods-Salmonia3Tests/Pods-Salmonia3Tests-frameworks-${CONFIGURATION}-input-files.xcfilelist",
			);
			name = "[CP] Embed Pods Frameworks";
			outputFileListPaths = (
				"${PODS_ROOT}/Target Support Files/Pods-Salmonia3Tests/Pods-Salmonia3Tests-frameworks-${CONFIGURATION}-output-files.xcfilelist",
			);
			runOnlyForDeploymentPostprocessing = 0;
			shellPath = /bin/sh;
			shellScript = "\"${PODS_ROOT}/Target Support Files/Pods-Salmonia3Tests/Pods-Salmonia3Tests-frameworks.sh\"\n";
			showEnvVarsInLog = 0;
		};
		48D606FF7FECA6B26B08AFFE /* [CP] Copy Pods Resources */ = {
			isa = PBXShellScriptBuildPhase;
			buildActionMask = 2147483647;
			files = (
			);
			inputFileListPaths = (
				"${PODS_ROOT}/Target Support Files/Pods-Salmonia3/Pods-Salmonia3-resources-${CONFIGURATION}-input-files.xcfilelist",
			);
			name = "[CP] Copy Pods Resources";
			outputFileListPaths = (
				"${PODS_ROOT}/Target Support Files/Pods-Salmonia3/Pods-Salmonia3-resources-${CONFIGURATION}-output-files.xcfilelist",
			);
			runOnlyForDeploymentPostprocessing = 0;
			shellPath = /bin/sh;
			shellScript = "\"${PODS_ROOT}/Target Support Files/Pods-Salmonia3/Pods-Salmonia3-resources.sh\"\n";
			showEnvVarsInLog = 0;
		};
		D7C2DF4B6924925625DD7D9F /* [CP] Check Pods Manifest.lock */ = {
			isa = PBXShellScriptBuildPhase;
			buildActionMask = 2147483647;
			files = (
			);
			inputFileListPaths = (
			);
			inputPaths = (
				"${PODS_PODFILE_DIR_PATH}/Podfile.lock",
				"${PODS_ROOT}/Manifest.lock",
			);
			name = "[CP] Check Pods Manifest.lock";
			outputFileListPaths = (
			);
			outputPaths = (
				"$(DERIVED_FILE_DIR)/Pods-Salmonia3-checkManifestLockResult.txt",
			);
			runOnlyForDeploymentPostprocessing = 0;
			shellPath = /bin/sh;
			shellScript = "diff \"${PODS_PODFILE_DIR_PATH}/Podfile.lock\" \"${PODS_ROOT}/Manifest.lock\" > /dev/null\nif [ $? != 0 ] ; then\n    # print error to STDERR\n    echo \"error: The sandbox is not in sync with the Podfile.lock. Run 'pod install' or update your CocoaPods installation.\" >&2\n    exit 1\nfi\n# This output is used by Xcode 'outputs' to avoid re-running this script phase.\necho \"SUCCESS\" > \"${SCRIPT_OUTPUT_FILE_0}\"\n";
			showEnvVarsInLog = 0;
		};
/* End PBXShellScriptBuildPhase section */

/* Begin PBXSourcesBuildPhase section */
		1059415F25FA49E500C32D21 /* Sources */ = {
			isa = PBXSourcesBuildPhase;
			buildActionMask = 2147483647;
			files = (
				109EF35E260CAB7F00076157 /* ProductView.swift in Sources */,
				105941A025FA4E2500C32D21 /* LoginMenu.swift in Sources */,
				1079EAD22647E3540085008C /* CoopRecordView.swift in Sources */,
				10377FA425FD10FE00536A94 /* Optional.swift in Sources */,
				1024661625FDFF0F004DC043 /* ImageResize.swift in Sources */,
				10B07C5F260A1463008FDE1B /* CoopShiftStatsView.swift in Sources */,
				1024662A25FE50A0004DC043 /* Int.swift in Sources */,
				10377F6525FCD63B00536A94 /* Font.swift in Sources */,
				105941BE25FA525100C32D21 /* Background.swift in Sources */,
				10D2E1552655548F00AE584E /* Text.swift in Sources */,
				10448BDD26652E7B00FFB553 /* SRPower.swift in Sources */,
				1024663E26009956004DC043 /* Grade.swift in Sources */,
				10682F01265000590035CC68 /* WeaponType.swift in Sources */,
				104BD608261C93630013CD27 /* KeyStorage.swift in Sources */,
				102465F125FDDABD004DC043 /* SettingView.swift in Sources */,
				10CF09F425FB9BE100D2EEB1 /* RealmCoopResult.swift in Sources */,
				1059416925FA49E500C32D21 /* ContentView.swift in Sources */,
				10682EF3264FEF0A0035CC68 /* StatsWaveView.swift in Sources */,
				104AA7DC2605E0C8007BDC24 /* GoogleMobileAds.swift in Sources */,
				10B62CA32669CC1400916A64 /* CoopWaveCollection.swift in Sources */,
				1052C2D026550E7800D3B9A9 /* DetailView.swift in Sources */,
				10377F9925FD09FF00536A94 /* LoggingThread.swift in Sources */,
				10CF09BF25FB9AEC00D2EEB1 /* SplitNavigationViewStyle.swift in Sources */,
				105941A825FA4F9500C32D21 /* SalmonLoginMenu.swift in Sources */,
				1059416725FA49E500C32D21 /* Salmonia3App.swift in Sources */,
				10BBBEA226049EF400DA79C9 /* CoopResultView.swift in Sources */,
				101C77D526497038005D603C /* CoopPlayerResultView.swift in Sources */,
				101C77DA264C283C005D603C /* UsernameView.swift in Sources */,
				10377F7C25FCD9E800536A94 /* RealmManager.swift in Sources */,
				1024661B25FE0929004DC043 /* RealmCoopShift.swift in Sources */,
				1024661125FDF411004DC043 /* String.swift in Sources */,
				10682EFB264FEF2A0035CC68 /* StatsView.swift in Sources */,
				10682F092650026D0035CC68 /* SpecialType.swift in Sources */,
				10CF0A0525FBA6BF00D2EEB1 /* RealmCoopWave.swift in Sources */,
				10B62CAF2669D48E00916A64 /* Appearance.swift in Sources */,
				10377F8625FD041900536A94 /* AppManager.swift in Sources */,
				10377F9125FD09E800536A94 /* LoadingView.swift in Sources */,
				102C75DF2659BA5700AEE20F /* LoadingIndicator.swift in Sources */,
				107D8A2C260A0D83005DCC83 /* RealmCoopStats.swift in Sources */,
				10CF09FB25FB9C6B00D2EEB1 /* CoreRealmCoop.swift in Sources */,
				1031728E262C355500CF8903 /* ImportingView.swift in Sources */,
				10D2E1622655618B00AE584E /* LocalizableStrings.swift in Sources */,
				10AD114D2600EB18008C0E64 /* Error.swift in Sources */,
				105941AD25FA500500C32D21 /* TopMenu.swift in Sources */,
				10D2E15A265557B200AE584E /* View.swift in Sources */,
				10567DD8264ECDD0002654D3 /* SplatNet2.swift in Sources */,
				10377F8125FCDBE400536A94 /* RealmUserInfo.swift in Sources */,
				10CF0A0025FBA5BC00D2EEB1 /* RealmPlayerResult.swift in Sources */,
				1024662525FE4012004DC043 /* CoopShiftCollection.swift in Sources */,
				101C77CD26496FA6005D603C /* CoopPlayerView.swift in Sources */,
				10682EED264FEEE80035CC68 /* StatsWeaponView.swift in Sources */,
				1059419725FA4C0C00C32D21 /* Color.swift in Sources */,
				109EF375260CB01E00076157 /* ButtonStyle.swift in Sources */,
				10682F112650046D0035CC68 /* SalmonidType.swift in Sources */,
				10A08032262070A200BFDF59 /* CoopShiftStats.swift in Sources */,
				10377FAD25FD166200536A94 /* CoopResultCollection.swift in Sources */,
				1024664B2600D55E004DC043 /* StageType.swift in Sources */,
			);
			runOnlyForDeploymentPostprocessing = 0;
		};
		1059417025FA49E900C32D21 /* Sources */ = {
			isa = PBXSourcesBuildPhase;
			buildActionMask = 2147483647;
			files = (
				1059417925FA49E900C32D21 /* Salmonia3Tests.swift in Sources */,
			);
			runOnlyForDeploymentPostprocessing = 0;
		};
		1059417B25FA49E900C32D21 /* Sources */ = {
			isa = PBXSourcesBuildPhase;
			buildActionMask = 2147483647;
			files = (
				1059418425FA49E900C32D21 /* Salmonia3UITests.swift in Sources */,
			);
			runOnlyForDeploymentPostprocessing = 0;
		};
/* End PBXSourcesBuildPhase section */

/* Begin PBXTargetDependency section */
		1059417625FA49E900C32D21 /* PBXTargetDependency */ = {
			isa = PBXTargetDependency;
			target = 1059416225FA49E500C32D21 /* Salmonia3 */;
			targetProxy = 1059417525FA49E900C32D21 /* PBXContainerItemProxy */;
		};
		1059418125FA49E900C32D21 /* PBXTargetDependency */ = {
			isa = PBXTargetDependency;
			target = 1059416225FA49E500C32D21 /* Salmonia3 */;
			targetProxy = 1059418025FA49E900C32D21 /* PBXContainerItemProxy */;
		};
/* End PBXTargetDependency section */

/* Begin PBXVariantGroup section */
		1024660525FDE916004DC043 /* Localizable.strings */ = {
			isa = PBXVariantGroup;
			children = (
				1024660425FDE916004DC043 /* en */,
				102466462600CE27004DC043 /* ja */,
			);
			name = Localizable.strings;
			sourceTree = "<group>";
		};
/* End PBXVariantGroup section */

/* Begin XCBuildConfiguration section */
		1059418625FA49E900C32D21 /* Debug */ = {
			isa = XCBuildConfiguration;
			buildSettings = {
				ALWAYS_SEARCH_USER_PATHS = NO;
				CLANG_ANALYZER_NONNULL = YES;
				CLANG_ANALYZER_NUMBER_OBJECT_CONVERSION = YES_AGGRESSIVE;
				CLANG_CXX_LANGUAGE_STANDARD = "gnu++14";
				CLANG_CXX_LIBRARY = "libc++";
				CLANG_ENABLE_MODULES = YES;
				CLANG_ENABLE_OBJC_ARC = YES;
				CLANG_ENABLE_OBJC_WEAK = YES;
				CLANG_WARN_BLOCK_CAPTURE_AUTORELEASING = YES;
				CLANG_WARN_BOOL_CONVERSION = YES;
				CLANG_WARN_COMMA = YES;
				CLANG_WARN_CONSTANT_CONVERSION = YES;
				CLANG_WARN_DEPRECATED_OBJC_IMPLEMENTATIONS = YES;
				CLANG_WARN_DIRECT_OBJC_ISA_USAGE = YES_ERROR;
				CLANG_WARN_DOCUMENTATION_COMMENTS = YES;
				CLANG_WARN_EMPTY_BODY = YES;
				CLANG_WARN_ENUM_CONVERSION = YES;
				CLANG_WARN_INFINITE_RECURSION = YES;
				CLANG_WARN_INT_CONVERSION = YES;
				CLANG_WARN_NON_LITERAL_NULL_CONVERSION = YES;
				CLANG_WARN_OBJC_IMPLICIT_RETAIN_SELF = YES;
				CLANG_WARN_OBJC_LITERAL_CONVERSION = YES;
				CLANG_WARN_OBJC_ROOT_CLASS = YES_ERROR;
				CLANG_WARN_QUOTED_INCLUDE_IN_FRAMEWORK_HEADER = YES;
				CLANG_WARN_RANGE_LOOP_ANALYSIS = YES;
				CLANG_WARN_STRICT_PROTOTYPES = YES;
				CLANG_WARN_SUSPICIOUS_MOVE = YES;
				CLANG_WARN_UNGUARDED_AVAILABILITY = YES_AGGRESSIVE;
				CLANG_WARN_UNREACHABLE_CODE = YES;
				CLANG_WARN__DUPLICATE_METHOD_MATCH = YES;
				COPY_PHASE_STRIP = NO;
				DEBUG_INFORMATION_FORMAT = dwarf;
				ENABLE_STRICT_OBJC_MSGSEND = YES;
				ENABLE_TESTABILITY = YES;
				GCC_C_LANGUAGE_STANDARD = gnu11;
				GCC_DYNAMIC_NO_PIC = NO;
				GCC_NO_COMMON_BLOCKS = YES;
				GCC_OPTIMIZATION_LEVEL = fast;
				GCC_PREPROCESSOR_DEFINITIONS = (
					"DEBUG=1",
					"$(inherited)",
				);
				GCC_WARN_64_TO_32_BIT_CONVERSION = YES;
				GCC_WARN_ABOUT_RETURN_TYPE = YES_ERROR;
				GCC_WARN_UNDECLARED_SELECTOR = YES;
				GCC_WARN_UNINITIALIZED_AUTOS = YES_AGGRESSIVE;
				GCC_WARN_UNUSED_FUNCTION = YES;
				GCC_WARN_UNUSED_VARIABLE = YES;
				IPHONEOS_DEPLOYMENT_TARGET = 14.4;
				MTL_ENABLE_DEBUG_INFO = INCLUDE_SOURCE;
				MTL_FAST_MATH = YES;
				ONLY_ACTIVE_ARCH = YES;
				SDKROOT = iphoneos;
				SWIFT_ACTIVE_COMPILATION_CONDITIONS = DEBUG;
				SWIFT_OPTIMIZATION_LEVEL = "-Onone";
			};
			name = Debug;
		};
		1059418725FA49E900C32D21 /* Release */ = {
			isa = XCBuildConfiguration;
			buildSettings = {
				ALWAYS_SEARCH_USER_PATHS = NO;
				CLANG_ANALYZER_NONNULL = YES;
				CLANG_ANALYZER_NUMBER_OBJECT_CONVERSION = YES_AGGRESSIVE;
				CLANG_CXX_LANGUAGE_STANDARD = "gnu++14";
				CLANG_CXX_LIBRARY = "libc++";
				CLANG_ENABLE_MODULES = YES;
				CLANG_ENABLE_OBJC_ARC = YES;
				CLANG_ENABLE_OBJC_WEAK = YES;
				CLANG_WARN_BLOCK_CAPTURE_AUTORELEASING = YES;
				CLANG_WARN_BOOL_CONVERSION = YES;
				CLANG_WARN_COMMA = YES;
				CLANG_WARN_CONSTANT_CONVERSION = YES;
				CLANG_WARN_DEPRECATED_OBJC_IMPLEMENTATIONS = YES;
				CLANG_WARN_DIRECT_OBJC_ISA_USAGE = YES_ERROR;
				CLANG_WARN_DOCUMENTATION_COMMENTS = YES;
				CLANG_WARN_EMPTY_BODY = YES;
				CLANG_WARN_ENUM_CONVERSION = YES;
				CLANG_WARN_INFINITE_RECURSION = YES;
				CLANG_WARN_INT_CONVERSION = YES;
				CLANG_WARN_NON_LITERAL_NULL_CONVERSION = YES;
				CLANG_WARN_OBJC_IMPLICIT_RETAIN_SELF = YES;
				CLANG_WARN_OBJC_LITERAL_CONVERSION = YES;
				CLANG_WARN_OBJC_ROOT_CLASS = YES_ERROR;
				CLANG_WARN_QUOTED_INCLUDE_IN_FRAMEWORK_HEADER = YES;
				CLANG_WARN_RANGE_LOOP_ANALYSIS = YES;
				CLANG_WARN_STRICT_PROTOTYPES = YES;
				CLANG_WARN_SUSPICIOUS_MOVE = YES;
				CLANG_WARN_UNGUARDED_AVAILABILITY = YES_AGGRESSIVE;
				CLANG_WARN_UNREACHABLE_CODE = YES;
				CLANG_WARN__DUPLICATE_METHOD_MATCH = YES;
				COPY_PHASE_STRIP = NO;
				DEBUG_INFORMATION_FORMAT = "dwarf-with-dsym";
				ENABLE_NS_ASSERTIONS = NO;
				ENABLE_STRICT_OBJC_MSGSEND = YES;
				GCC_C_LANGUAGE_STANDARD = gnu11;
				GCC_NO_COMMON_BLOCKS = YES;
				GCC_WARN_64_TO_32_BIT_CONVERSION = YES;
				GCC_WARN_ABOUT_RETURN_TYPE = YES_ERROR;
				GCC_WARN_UNDECLARED_SELECTOR = YES;
				GCC_WARN_UNINITIALIZED_AUTOS = YES_AGGRESSIVE;
				GCC_WARN_UNUSED_FUNCTION = YES;
				GCC_WARN_UNUSED_VARIABLE = YES;
				IPHONEOS_DEPLOYMENT_TARGET = 14.4;
				MTL_ENABLE_DEBUG_INFO = NO;
				MTL_FAST_MATH = YES;
				SDKROOT = iphoneos;
				SWIFT_COMPILATION_MODE = wholemodule;
				SWIFT_OPTIMIZATION_LEVEL = "-O";
				VALIDATE_PRODUCT = YES;
			};
			name = Release;
		};
		1059418925FA49E900C32D21 /* Debug */ = {
			isa = XCBuildConfiguration;
			baseConfigurationReference = 56AB289C0D87612FB8D00999 /* Pods-Salmonia3.debug.xcconfig */;
			buildSettings = {
				ASSETCATALOG_COMPILER_APPICON_NAME = AppIcon;
				ASSETCATALOG_COMPILER_GLOBAL_ACCENT_COLOR_NAME = AccentColor;
				CODE_SIGN_ENTITLEMENTS = Salmonia3/Salmonia3.entitlements;
				CODE_SIGN_STYLE = Automatic;
				CURRENT_PROJECT_VERSION = 3;
				DEVELOPMENT_ASSET_PATHS = "\"Salmonia3/Preview Content\"";
				DEVELOPMENT_TEAM = D9HU6JZF2Q;
				ENABLE_PREVIEWS = YES;
				INFOPLIST_FILE = Salmonia3/Info.plist;
				IPHONEOS_DEPLOYMENT_TARGET = 14.0;
				LD_RUNPATH_SEARCH_PATHS = (
					"$(inherited)",
					"@executable_path/Frameworks",
				);
				MARKETING_VERSION = 0.1.2;
				PRODUCT_BUNDLE_IDENTIFIER = work.tkgstrator.salmonia3;
				PRODUCT_NAME = "$(TARGET_NAME)";
				SWIFT_VERSION = 5.0;
				TARGETED_DEVICE_FAMILY = "1,2";
			};
			name = Debug;
		};
		1059418A25FA49E900C32D21 /* Release */ = {
			isa = XCBuildConfiguration;
			baseConfigurationReference = CA0FB8B78274FB434279E074 /* Pods-Salmonia3.release.xcconfig */;
			buildSettings = {
				ASSETCATALOG_COMPILER_APPICON_NAME = AppIcon;
				ASSETCATALOG_COMPILER_GLOBAL_ACCENT_COLOR_NAME = AccentColor;
				CODE_SIGN_ENTITLEMENTS = Salmonia3/Salmonia3.entitlements;
				CODE_SIGN_STYLE = Automatic;
				CURRENT_PROJECT_VERSION = 3;
				DEVELOPMENT_ASSET_PATHS = "\"Salmonia3/Preview Content\"";
				DEVELOPMENT_TEAM = D9HU6JZF2Q;
				ENABLE_PREVIEWS = YES;
				INFOPLIST_FILE = Salmonia3/Info.plist;
				IPHONEOS_DEPLOYMENT_TARGET = 14.0;
				LD_RUNPATH_SEARCH_PATHS = (
					"$(inherited)",
					"@executable_path/Frameworks",
				);
				MARKETING_VERSION = 0.1.2;
				PRODUCT_BUNDLE_IDENTIFIER = work.tkgstrator.salmonia3;
				PRODUCT_NAME = "$(TARGET_NAME)";
				SWIFT_VERSION = 5.0;
				TARGETED_DEVICE_FAMILY = "1,2";
			};
			name = Release;
		};
		1059418C25FA49E900C32D21 /* Debug */ = {
			isa = XCBuildConfiguration;
			baseConfigurationReference = 2F2E5792249C15DC27343CA1 /* Pods-Salmonia3Tests.debug.xcconfig */;
			buildSettings = {
				ALWAYS_EMBED_SWIFT_STANDARD_LIBRARIES = YES;
				BUNDLE_LOADER = "$(TEST_HOST)";
				CODE_SIGN_STYLE = Automatic;
				DEVELOPMENT_TEAM = D9HU6JZF2Q;
				INFOPLIST_FILE = Salmonia3Tests/Info.plist;
				IPHONEOS_DEPLOYMENT_TARGET = 14.0;
				LD_RUNPATH_SEARCH_PATHS = (
					"$(inherited)",
					"@executable_path/Frameworks",
					"@loader_path/Frameworks",
				);
				PRODUCT_BUNDLE_IDENTIFIER = work.tkgstrator.Salmonia3Tests;
				PRODUCT_NAME = "$(TARGET_NAME)";
				SWIFT_VERSION = 5.0;
				TARGETED_DEVICE_FAMILY = "1,2";
				TEST_HOST = "$(BUILT_PRODUCTS_DIR)/Salmonia3.app/Salmonia3";
			};
			name = Debug;
		};
		1059418D25FA49E900C32D21 /* Release */ = {
			isa = XCBuildConfiguration;
			baseConfigurationReference = 40DFE28342F9F06B5E95E99C /* Pods-Salmonia3Tests.release.xcconfig */;
			buildSettings = {
				ALWAYS_EMBED_SWIFT_STANDARD_LIBRARIES = YES;
				BUNDLE_LOADER = "$(TEST_HOST)";
				CODE_SIGN_STYLE = Automatic;
				DEVELOPMENT_TEAM = D9HU6JZF2Q;
				INFOPLIST_FILE = Salmonia3Tests/Info.plist;
				IPHONEOS_DEPLOYMENT_TARGET = 14.0;
				LD_RUNPATH_SEARCH_PATHS = (
					"$(inherited)",
					"@executable_path/Frameworks",
					"@loader_path/Frameworks",
				);
				PRODUCT_BUNDLE_IDENTIFIER = work.tkgstrator.Salmonia3Tests;
				PRODUCT_NAME = "$(TARGET_NAME)";
				SWIFT_VERSION = 5.0;
				TARGETED_DEVICE_FAMILY = "1,2";
				TEST_HOST = "$(BUILT_PRODUCTS_DIR)/Salmonia3.app/Salmonia3";
			};
			name = Release;
		};
		1059418F25FA49E900C32D21 /* Debug */ = {
			isa = XCBuildConfiguration;
			buildSettings = {
				ALWAYS_EMBED_SWIFT_STANDARD_LIBRARIES = YES;
				CODE_SIGN_STYLE = Automatic;
				DEVELOPMENT_TEAM = D9HU6JZF2Q;
				INFOPLIST_FILE = Salmonia3UITests/Info.plist;
				LD_RUNPATH_SEARCH_PATHS = (
					"$(inherited)",
					"@executable_path/Frameworks",
					"@loader_path/Frameworks",
				);
				PRODUCT_BUNDLE_IDENTIFIER = work.tkgstrator.Salmonia3UITests;
				PRODUCT_NAME = "$(TARGET_NAME)";
				SWIFT_VERSION = 5.0;
				TARGETED_DEVICE_FAMILY = "1,2";
				TEST_TARGET_NAME = Salmonia3;
			};
			name = Debug;
		};
		1059419025FA49E900C32D21 /* Release */ = {
			isa = XCBuildConfiguration;
			buildSettings = {
				ALWAYS_EMBED_SWIFT_STANDARD_LIBRARIES = YES;
				CODE_SIGN_STYLE = Automatic;
				DEVELOPMENT_TEAM = D9HU6JZF2Q;
				INFOPLIST_FILE = Salmonia3UITests/Info.plist;
				LD_RUNPATH_SEARCH_PATHS = (
					"$(inherited)",
					"@executable_path/Frameworks",
					"@loader_path/Frameworks",
				);
				PRODUCT_BUNDLE_IDENTIFIER = work.tkgstrator.Salmonia3UITests;
				PRODUCT_NAME = "$(TARGET_NAME)";
				SWIFT_VERSION = 5.0;
				TARGETED_DEVICE_FAMILY = "1,2";
				TEST_TARGET_NAME = Salmonia3;
			};
			name = Release;
		};
/* End XCBuildConfiguration section */

/* Begin XCConfigurationList section */
		1059415E25FA49E500C32D21 /* Build configuration list for PBXProject "Salmonia3" */ = {
			isa = XCConfigurationList;
			buildConfigurations = (
				1059418625FA49E900C32D21 /* Debug */,
				1059418725FA49E900C32D21 /* Release */,
			);
			defaultConfigurationIsVisible = 0;
			defaultConfigurationName = Release;
		};
		1059418825FA49E900C32D21 /* Build configuration list for PBXNativeTarget "Salmonia3" */ = {
			isa = XCConfigurationList;
			buildConfigurations = (
				1059418925FA49E900C32D21 /* Debug */,
				1059418A25FA49E900C32D21 /* Release */,
			);
			defaultConfigurationIsVisible = 0;
			defaultConfigurationName = Release;
		};
		1059418B25FA49E900C32D21 /* Build configuration list for PBXNativeTarget "Salmonia3Tests" */ = {
			isa = XCConfigurationList;
			buildConfigurations = (
				1059418C25FA49E900C32D21 /* Debug */,
				1059418D25FA49E900C32D21 /* Release */,
			);
			defaultConfigurationIsVisible = 0;
			defaultConfigurationName = Release;
		};
		1059418E25FA49E900C32D21 /* Build configuration list for PBXNativeTarget "Salmonia3UITests" */ = {
			isa = XCConfigurationList;
			buildConfigurations = (
				1059418F25FA49E900C32D21 /* Debug */,
				1059419025FA49E900C32D21 /* Release */,
			);
			defaultConfigurationIsVisible = 0;
			defaultConfigurationName = Release;
		};
/* End XCConfigurationList section */

/* Begin XCRemoteSwiftPackageReference section */
		104BD61E261C98800013CD27 /* XCRemoteSwiftPackageReference "url-image" */ = {
			isa = XCRemoteSwiftPackageReference;
			repositoryURL = "https://github.com/dmytro-anokhin/url-image";
			requirement = {
				kind = upToNextMajorVersion;
				minimumVersion = 2.2.3;
			};
		};
		1083857A265922700099475F /* XCRemoteSwiftPackageReference "SwiftyBeaver" */ = {
			isa = XCRemoteSwiftPackageReference;
			repositoryURL = "https://github.com/SwiftyBeaver/SwiftyBeaver";
			requirement = {
				kind = upToNextMajorVersion;
				minimumVersion = 1.9.5;
			};
		};
		10CF098C25FB97CB00D2EEB1 /* XCRemoteSwiftPackageReference "BetterSafariView" */ = {
			isa = XCRemoteSwiftPackageReference;
			repositoryURL = "https://github.com/stleamist/BetterSafariView.git";
			requirement = {
				kind = upToNextMajorVersion;
				minimumVersion = 2.3.1;
			};
		};
		10CF099225FB97F300D2EEB1 /* XCRemoteSwiftPackageReference "SwiftUIRefresh" */ = {
			isa = XCRemoteSwiftPackageReference;
			repositoryURL = "https://github.com/siteline/SwiftUIRefresh";
			requirement = {
				kind = upToNextMajorVersion;
				minimumVersion = 0.0.3;
			};
		};
		10CF099E25FB984400D2EEB1 /* XCRemoteSwiftPackageReference "SwiftyStoreKit" */ = {
			isa = XCRemoteSwiftPackageReference;
			repositoryURL = "https://github.com/bizz84/SwiftyStoreKit.git";
			requirement = {
				kind = upToNextMajorVersion;
				minimumVersion = 0.16.3;
			};
		};
		10CF09B625FB9AC100D2EEB1 /* XCRemoteSwiftPackageReference "realm-cocoa" */ = {
			isa = XCRemoteSwiftPackageReference;
			repositoryURL = "https://github.com/realm/realm-cocoa";
			requirement = {
				kind = upToNextMajorVersion;
				minimumVersion = 10.7.2;
			};
		};
/* End XCRemoteSwiftPackageReference section */

/* Begin XCSwiftPackageProductDependency section */
		1028D37126418EFD0034C075 /* MBCircleProgressBar */ = {
			isa = XCSwiftPackageProductDependency;
			productName = MBCircleProgressBar;
		};
		102C75EA2659C5A600AEE20F /* SwiftyAPNGKit */ = {
			isa = XCSwiftPackageProductDependency;
			productName = SwiftyAPNGKit;
		};
		10317285262C32FB00CF8903 /* SalmonStats */ = {
			isa = XCSwiftPackageProductDependency;
			productName = SalmonStats;
		};
		104BD61F261C98800013CD27 /* URLImage */ = {
			isa = XCSwiftPackageProductDependency;
			package = 104BD61E261C98800013CD27 /* XCRemoteSwiftPackageReference "url-image" */;
			productName = URLImage;
		};
		1083857B265922700099475F /* SwiftyBeaver */ = {
			isa = XCSwiftPackageProductDependency;
			package = 1083857A265922700099475F /* XCRemoteSwiftPackageReference "SwiftyBeaver" */;
			productName = SwiftyBeaver;
		};
		1090C688263DF162000DD54C /* SplatNet2 */ = {
			isa = XCSwiftPackageProductDependency;
			productName = SplatNet2;
		};
		10CF098D25FB97CB00D2EEB1 /* BetterSafariView */ = {
			isa = XCSwiftPackageProductDependency;
			package = 10CF098C25FB97CB00D2EEB1 /* XCRemoteSwiftPackageReference "BetterSafariView" */;
			productName = BetterSafariView;
		};
		10CF099325FB97F300D2EEB1 /* SwiftUIRefresh */ = {
			isa = XCSwiftPackageProductDependency;
			package = 10CF099225FB97F300D2EEB1 /* XCRemoteSwiftPackageReference "SwiftUIRefresh" */;
			productName = SwiftUIRefresh;
		};
		10CF099F25FB984400D2EEB1 /* SwiftyStoreKit */ = {
			isa = XCSwiftPackageProductDependency;
			package = 10CF099E25FB984400D2EEB1 /* XCRemoteSwiftPackageReference "SwiftyStoreKit" */;
			productName = SwiftyStoreKit;
		};
		10CF09B725FB9AC100D2EEB1 /* Realm */ = {
			isa = XCSwiftPackageProductDependency;
			package = 10CF09B625FB9AC100D2EEB1 /* XCRemoteSwiftPackageReference "realm-cocoa" */;
			productName = Realm;
		};
		10CF09B925FB9AC100D2EEB1 /* RealmSwift */ = {
			isa = XCSwiftPackageProductDependency;
			package = 10CF09B625FB9AC100D2EEB1 /* XCRemoteSwiftPackageReference "realm-cocoa" */;
			productName = RealmSwift;
		};
/* End XCSwiftPackageProductDependency section */
	};
	rootObject = 1059415B25FA49E500C32D21 /* Project object */;
}
